
Microsoft Visual Studio Solution File, Format Version 12.00
# Visual Studio Version 17
VisualStudioVersion = 17.7.34031.279
MinimumVisualStudioVersion = 10.0.40219.1
Project("{8BC9CEB8-8B4A-11D0-8D11-00A0C91BC942}") = "Bai003", "Bai003\Bai003.vcxproj", "{A3C80FAC-0FFD-4D00-A6E5-982CA304E7BC}"
EndProject
Project("{8BC9CEB8-8B4A-11D0-8D11-00A0C91BC942}") = "Bai008", "Bai008\Bai008.vcxproj", "{EEF3F1EE-9CB9-4CD4-83B2-E165DB96584B}"
EndProject
Project("{8BC9CEB8-8B4A-11D0-8D11-00A0C91BC942}") = "Bai013", "Bai013\Bai013.vcxproj", "{B66E5D63-7529-4930-ABEC-319E02020546}"
EndProject
Project("{8BC9CEB8-8B4A-11D0-8D11-00A0C91BC942}") = "Bai018", "Bai018\Bai018.vcxproj", "{04476360-8878-47D2-BDE0-FAB34D7AE8A2}"
EndProject
Project("{8BC9CEB8-8B4A-11D0-8D11-00A0C91BC942}") = "Bai023", "Bai023\Bai023.vcxproj", "{F9C57DB4-B726-4627-A7BF-B02085A74A94}"
EndProject
Project("{8BC9CEB8-8B4A-11D0-8D11-00A0C91BC942}") = "Bai028", "Bai028\Bai028.vcxproj", "{E9D212BE-A9BF-43C7-961D-68A828DC0910}"
EndProject
Project("{8BC9CEB8-8B4A-11D0-8D11-00A0C91BC942}") = "Bai033", "Bai033\Bai033.vcxproj", "{5B846CCC-1824-49A0-8A92-DE80CC2247F4}"
EndProject
Project("{8BC9CEB8-8B4A-11D0-8D11-00A0C91BC942}") = "Bai038", "Bai038\Bai038.vcxproj", "{35FA2406-9FB4-436A-B9FA-29AE5124D57D}"
EndProject
Project("{8BC9CEB8-8B4A-11D0-8D11-00A0C91BC942}") = "Bai043", "Bai043\Bai043.vcxproj", "{DD4416D8-E7E9-44BC-8C65-80EA4996E503}"
EndProject
Project("{8BC9CEB8-8B4A-11D0-8D11-00A0C91BC942}") = "Bai048", "Bai048\Bai048.vcxproj", "{32E7B48D-8EC0-4F33-A2DC-3086A1E0C149}"
EndProject
Project("{8BC9CEB8-8B4A-11D0-8D11-00A0C91BC942}") = "Bai053", "Bai053\Bai053.vcxproj", "{C47F88A7-15B5-4668-AA52-054C4690A4DA}"
EndProject
Project("{8BC9CEB8-8B4A-11D0-8D11-00A0C91BC942}") = "Bai058", "Bai058\Bai058.vcxproj", "{A19403F9-4AA1-4CAD-9B72-F7F44F313328}"
EndProject
Project("{8BC9CEB8-8B4A-11D0-8D11-00A0C91BC942}") = "Bai063", "Bai063\Bai063.vcxproj", "{74D22AE5-B6CE-44D8-9AE3-EA0B828FB6CD}"
EndProject
Project("{8BC9CEB8-8B4A-11D0-8D11-00A0C91BC942}") = "Bai068", "Bai068\Bai068.vcxproj", "{E37BB380-0467-4461-986B-41828DC94650}"
EndProject
Project("{8BC9CEB8-8B4A-11D0-8D11-00A0C91BC942}") = "Bai073", "Bai073\Bai073.vcxproj", "{E6674DE6-F200-4E7E-A64E-DE471364A7D0}"
EndProject
Project("{8BC9CEB8-8B4A-11D0-8D11-00A0C91BC942}") = "Bai078", "Bai078\Bai078.vcxproj", "{BB04C426-C5EF-41C4-AC4D-93DFBA581E6C}"
EndProject
Project("{8BC9CEB8-8B4A-11D0-8D11-00A0C91BC942}") = "Bai083", "Bai083\Bai083.vcxproj", "{A9928A5D-98EB-4811-B588-BED8CC0C2DB1}"
EndProject
Project("{8BC9CEB8-8B4A-11D0-8D11-00A0C91BC942}") = "Bai088", "Bai088\Bai088.vcxproj", "{E8EB045C-CC17-4AF9-B1F9-F7FB895C8A10}"
EndProject
Project("{8BC9CEB8-8B4A-11D0-8D11-00A0C91BC942}") = "Bai093", "Bai093\Bai093.vcxproj", "{E8907FAB-A771-452D-AE2F-FF4CF48F015C}"
EndProject
Project("{8BC9CEB8-8B4A-11D0-8D11-00A0C91BC942}") = "Bai098", "Bai098\Bai098.vcxproj", "{6D032B50-CD45-43A4-A407-1BF6FDCDA2B0}"
EndProject
Project("{8BC9CEB8-8B4A-11D0-8D11-00A0C91BC942}") = "Bai103", "Bai103\Bai103.vcxproj", "{C360F375-5D96-40AE-A396-7EA3202BDD5A}"
EndProject
Project("{8BC9CEB8-8B4A-11D0-8D11-00A0C91BC942}") = "Bai108", "Bai108\Bai108.vcxproj", "{7BF0A53E-EBE5-44EE-91A5-2BA79F420A69}"
EndProject
Project("{8BC9CEB8-8B4A-11D0-8D11-00A0C91BC942}") = "Bai113", "Bai113\Bai113.vcxproj", "{D3C38781-A782-455D-8705-55F8B4811E6E}"
EndProject
Project("{8BC9CEB8-8B4A-11D0-8D11-00A0C91BC942}") = "Bai118", "Bai118\Bai118.vcxproj", "{016AF1A9-83E4-4E9C-B2B8-027545C7AD54}"
EndProject
Project("{8BC9CEB8-8B4A-11D0-8D11-00A0C91BC942}") = "Bai123", "Bai123\Bai123.vcxproj", "{E5B27481-10F4-405F-8302-D1FB4DB38B73}"
EndProject
Project("{8BC9CEB8-8B4A-11D0-8D11-00A0C91BC942}") = "Bai128", "Bai128\Bai128.vcxproj", "{3D400F94-530C-426F-9FD7-6101F75F1BB7}"
EndProject
Project("{8BC9CEB8-8B4A-11D0-8D11-00A0C91BC942}") = "Bai133", "Bai133\Bai133.vcxproj", "{AA779843-6C89-430C-9FD8-9A6602E76035}"
EndProject
Project("{8BC9CEB8-8B4A-11D0-8D11-00A0C91BC942}") = "Bai138", "Bai138\Bai138.vcxproj", "{4A943D17-FD2C-4FA2-8648-6082F02C860F}"
EndProject
Project("{8BC9CEB8-8B4A-11D0-8D11-00A0C91BC942}") = "Bai143", "Bai143\Bai143.vcxproj", "{C2284FE2-97D3-4D81-A043-9B0801324475}"
EndProject
Project("{8BC9CEB8-8B4A-11D0-8D11-00A0C91BC942}") = "Bai148", "Bai148\Bai148.vcxproj", "{187AC861-8EDD-42E3-A2A6-B2D04B3A3055}"
EndProject
Project("{8BC9CEB8-8B4A-11D0-8D11-00A0C91BC942}") = "Bai153", "Bai153\Bai153.vcxproj", "{17C4F810-075C-4CFD-BF94-72EC28D73E61}"
EndProject
Project("{8BC9CEB8-8B4A-11D0-8D11-00A0C91BC942}") = "Bai158", "Bai158\Bai158.vcxproj", "{BD72ABD0-C5DC-4347-9359-4EF62E9E22CF}"
EndProject
Project("{8BC9CEB8-8B4A-11D0-8D11-00A0C91BC942}") = "Bai163", "Bai163\Bai163.vcxproj", "{4BC9366B-9C01-4D92-A651-5313D5D32C69}"
EndProject
Project("{8BC9CEB8-8B4A-11D0-8D11-00A0C91BC942}") = "Bai168", "Bai168\Bai168.vcxproj", "{3B5CE7B9-A321-4BDB-9F8A-A166E406598F}"
EndProject
Project("{8BC9CEB8-8B4A-11D0-8D11-00A0C91BC942}") = "Bai173", "Bai173\Bai173.vcxproj", "{2DD0D212-E736-40EE-9099-A049BD5FAF9C}"
EndProject
Project("{8BC9CEB8-8B4A-11D0-8D11-00A0C91BC942}") = "Bai178", "Bai178\Bai178.vcxproj", "{9826904A-765D-444A-A6D5-20B067542D29}"
EndProject
Project("{8BC9CEB8-8B4A-11D0-8D11-00A0C91BC942}") = "Bai183", "Bai183\Bai183.vcxproj", "{5A070EF9-AA4E-4B10-80B3-C0C56CCF3853}"
EndProject
Project("{8BC9CEB8-8B4A-11D0-8D11-00A0C91BC942}") = "Bai188", "Bai188\Bai188.vcxproj", "{BF1C81A3-303E-4DDD-B721-41F3E6A59AFA}"
EndProject
Project("{8BC9CEB8-8B4A-11D0-8D11-00A0C91BC942}") = "Bai193", "Bai193\Bai193.vcxproj", "{F00D5C8A-B803-462D-8F45-0D3983BA50EA}"
EndProject
Project("{8BC9CEB8-8B4A-11D0-8D11-00A0C91BC942}") = "Bai198", "Bai198\Bai198.vcxproj", "{29A0A371-3CF1-4C27-8DBD-40DAB5C296CE}"
EndProject
Project("{8BC9CEB8-8B4A-11D0-8D11-00A0C91BC942}") = "Bai203", "Bai203\Bai203.vcxproj", "{09F83284-12F8-4706-B4B0-1DCC47E59469}"
EndProject
Project("{8BC9CEB8-8B4A-11D0-8D11-00A0C91BC942}") = "Bai208", "Bai208\Bai208.vcxproj", "{E02124AF-179A-457F-BE38-5DCA57C28862}"
EndProject
Project("{8BC9CEB8-8B4A-11D0-8D11-00A0C91BC942}") = "Bai213", "Bai213\Bai213.vcxproj", "{4CBAA6A4-9C00-4E00-BEB2-C1457C5C6676}"
EndProject
Project("{8BC9CEB8-8B4A-11D0-8D11-00A0C91BC942}") = "Bai218", "Bai218\Bai218.vcxproj", "{75D03EEE-4F98-4416-8370-C02AB323AD9D}"
EndProject
Project("{8BC9CEB8-8B4A-11D0-8D11-00A0C91BC942}") = "Bai223", "Bai223\Bai223.vcxproj", "{B98A986C-6038-495C-AEF2-DA23D58515C1}"
EndProject
Project("{8BC9CEB8-8B4A-11D0-8D11-00A0C91BC942}") = "Bai228", "Bai228\Bai228.vcxproj", "{9F8F9B9E-DFA9-4ABB-81E0-747221A2B123}"
EndProject
Project("{8BC9CEB8-8B4A-11D0-8D11-00A0C91BC942}") = "Bai233", "Bai233\Bai233.vcxproj", "{A26CE005-CF35-4DBE-85F9-5E14F59B9A08}"
EndProject
Project("{8BC9CEB8-8B4A-11D0-8D11-00A0C91BC942}") = "Bai238", "Bai238\Bai238.vcxproj", "{FAE6C360-9A4A-4FD9-A113-AB4DF9297ED7}"
EndProject
Global
	GlobalSection(SolutionConfigurationPlatforms) = preSolution
		Debug|x64 = Debug|x64
		Debug|x86 = Debug|x86
		Release|x64 = Release|x64
		Release|x86 = Release|x86
	EndGlobalSection
	GlobalSection(ProjectConfigurationPlatforms) = postSolution
		{A3C80FAC-0FFD-4D00-A6E5-982CA304E7BC}.Debug|x64.ActiveCfg = Debug|x64
		{A3C80FAC-0FFD-4D00-A6E5-982CA304E7BC}.Debug|x64.Build.0 = Debug|x64
		{A3C80FAC-0FFD-4D00-A6E5-982CA304E7BC}.Debug|x86.ActiveCfg = Debug|Win32
		{A3C80FAC-0FFD-4D00-A6E5-982CA304E7BC}.Debug|x86.Build.0 = Debug|Win32
		{A3C80FAC-0FFD-4D00-A6E5-982CA304E7BC}.Release|x64.ActiveCfg = Release|x64
		{A3C80FAC-0FFD-4D00-A6E5-982CA304E7BC}.Release|x64.Build.0 = Release|x64
		{A3C80FAC-0FFD-4D00-A6E5-982CA304E7BC}.Release|x86.ActiveCfg = Release|Win32
		{A3C80FAC-0FFD-4D00-A6E5-982CA304E7BC}.Release|x86.Build.0 = Release|Win32
		{EEF3F1EE-9CB9-4CD4-83B2-E165DB96584B}.Debug|x64.ActiveCfg = Debug|x64
		{EEF3F1EE-9CB9-4CD4-83B2-E165DB96584B}.Debug|x64.Build.0 = Debug|x64
		{EEF3F1EE-9CB9-4CD4-83B2-E165DB96584B}.Debug|x86.ActiveCfg = Debug|Win32
		{EEF3F1EE-9CB9-4CD4-83B2-E165DB96584B}.Debug|x86.Build.0 = Debug|Win32
		{EEF3F1EE-9CB9-4CD4-83B2-E165DB96584B}.Release|x64.ActiveCfg = Release|x64
		{EEF3F1EE-9CB9-4CD4-83B2-E165DB96584B}.Release|x64.Build.0 = Release|x64
		{EEF3F1EE-9CB9-4CD4-83B2-E165DB96584B}.Release|x86.ActiveCfg = Release|Win32
		{EEF3F1EE-9CB9-4CD4-83B2-E165DB96584B}.Release|x86.Build.0 = Release|Win32
		{B66E5D63-7529-4930-ABEC-319E02020546}.Debug|x64.ActiveCfg = Debug|x64
		{B66E5D63-7529-4930-ABEC-319E02020546}.Debug|x64.Build.0 = Debug|x64
		{B66E5D63-7529-4930-ABEC-319E02020546}.Debug|x86.ActiveCfg = Debug|Win32
		{B66E5D63-7529-4930-ABEC-319E02020546}.Debug|x86.Build.0 = Debug|Win32
		{B66E5D63-7529-4930-ABEC-319E02020546}.Release|x64.ActiveCfg = Release|x64
		{B66E5D63-7529-4930-ABEC-319E02020546}.Release|x64.Build.0 = Release|x64
		{B66E5D63-7529-4930-ABEC-319E02020546}.Release|x86.ActiveCfg = Release|Win32
		{B66E5D63-7529-4930-ABEC-319E02020546}.Release|x86.Build.0 = Release|Win32
		{04476360-8878-47D2-BDE0-FAB34D7AE8A2}.Debug|x64.ActiveCfg = Debug|x64
		{04476360-8878-47D2-BDE0-FAB34D7AE8A2}.Debug|x64.Build.0 = Debug|x64
		{04476360-8878-47D2-BDE0-FAB34D7AE8A2}.Debug|x86.ActiveCfg = Debug|Win32
		{04476360-8878-47D2-BDE0-FAB34D7AE8A2}.Debug|x86.Build.0 = Debug|Win32
		{04476360-8878-47D2-BDE0-FAB34D7AE8A2}.Release|x64.ActiveCfg = Release|x64
		{04476360-8878-47D2-BDE0-FAB34D7AE8A2}.Release|x64.Build.0 = Release|x64
		{04476360-8878-47D2-BDE0-FAB34D7AE8A2}.Release|x86.ActiveCfg = Release|Win32
		{04476360-8878-47D2-BDE0-FAB34D7AE8A2}.Release|x86.Build.0 = Release|Win32
		{F9C57DB4-B726-4627-A7BF-B02085A74A94}.Debug|x64.ActiveCfg = Debug|x64
		{F9C57DB4-B726-4627-A7BF-B02085A74A94}.Debug|x64.Build.0 = Debug|x64
		{F9C57DB4-B726-4627-A7BF-B02085A74A94}.Debug|x86.ActiveCfg = Debug|Win32
		{F9C57DB4-B726-4627-A7BF-B02085A74A94}.Debug|x86.Build.0 = Debug|Win32
		{F9C57DB4-B726-4627-A7BF-B02085A74A94}.Release|x64.ActiveCfg = Release|x64
		{F9C57DB4-B726-4627-A7BF-B02085A74A94}.Release|x64.Build.0 = Release|x64
		{F9C57DB4-B726-4627-A7BF-B02085A74A94}.Release|x86.ActiveCfg = Release|Win32
		{F9C57DB4-B726-4627-A7BF-B02085A74A94}.Release|x86.Build.0 = Release|Win32
		{E9D212BE-A9BF-43C7-961D-68A828DC0910}.Debug|x64.ActiveCfg = Debug|x64
		{E9D212BE-A9BF-43C7-961D-68A828DC0910}.Debug|x64.Build.0 = Debug|x64
		{E9D212BE-A9BF-43C7-961D-68A828DC0910}.Debug|x86.ActiveCfg = Debug|Win32
		{E9D212BE-A9BF-43C7-961D-68A828DC0910}.Debug|x86.Build.0 = Debug|Win32
		{E9D212BE-A9BF-43C7-961D-68A828DC0910}.Release|x64.ActiveCfg = Release|x64
		{E9D212BE-A9BF-43C7-961D-68A828DC0910}.Release|x64.Build.0 = Release|x64
		{E9D212BE-A9BF-43C7-961D-68A828DC0910}.Release|x86.ActiveCfg = Release|Win32
		{E9D212BE-A9BF-43C7-961D-68A828DC0910}.Release|x86.Build.0 = Release|Win32
		{5B846CCC-1824-49A0-8A92-DE80CC2247F4}.Debug|x64.ActiveCfg = Debug|x64
		{5B846CCC-1824-49A0-8A92-DE80CC2247F4}.Debug|x64.Build.0 = Debug|x64
		{5B846CCC-1824-49A0-8A92-DE80CC2247F4}.Debug|x86.ActiveCfg = Debug|Win32
		{5B846CCC-1824-49A0-8A92-DE80CC2247F4}.Debug|x86.Build.0 = Debug|Win32
		{5B846CCC-1824-49A0-8A92-DE80CC2247F4}.Release|x64.ActiveCfg = Release|x64
		{5B846CCC-1824-49A0-8A92-DE80CC2247F4}.Release|x64.Build.0 = Release|x64
		{5B846CCC-1824-49A0-8A92-DE80CC2247F4}.Release|x86.ActiveCfg = Release|Win32
		{5B846CCC-1824-49A0-8A92-DE80CC2247F4}.Release|x86.Build.0 = Release|Win32
		{35FA2406-9FB4-436A-B9FA-29AE5124D57D}.Debug|x64.ActiveCfg = Debug|x64
		{35FA2406-9FB4-436A-B9FA-29AE5124D57D}.Debug|x64.Build.0 = Debug|x64
		{35FA2406-9FB4-436A-B9FA-29AE5124D57D}.Debug|x86.ActiveCfg = Debug|Win32
		{35FA2406-9FB4-436A-B9FA-29AE5124D57D}.Debug|x86.Build.0 = Debug|Win32
		{35FA2406-9FB4-436A-B9FA-29AE5124D57D}.Release|x64.ActiveCfg = Release|x64
		{35FA2406-9FB4-436A-B9FA-29AE5124D57D}.Release|x64.Build.0 = Release|x64
		{35FA2406-9FB4-436A-B9FA-29AE5124D57D}.Release|x86.ActiveCfg = Release|Win32
		{35FA2406-9FB4-436A-B9FA-29AE5124D57D}.Release|x86.Build.0 = Release|Win32
		{DD4416D8-E7E9-44BC-8C65-80EA4996E503}.Debug|x64.ActiveCfg = Debug|x64
		{DD4416D8-E7E9-44BC-8C65-80EA4996E503}.Debug|x64.Build.0 = Debug|x64
		{DD4416D8-E7E9-44BC-8C65-80EA4996E503}.Debug|x86.ActiveCfg = Debug|Win32
		{DD4416D8-E7E9-44BC-8C65-80EA4996E503}.Debug|x86.Build.0 = Debug|Win32
		{DD4416D8-E7E9-44BC-8C65-80EA4996E503}.Release|x64.ActiveCfg = Release|x64
		{DD4416D8-E7E9-44BC-8C65-80EA4996E503}.Release|x64.Build.0 = Release|x64
		{DD4416D8-E7E9-44BC-8C65-80EA4996E503}.Release|x86.ActiveCfg = Release|Win32
		{DD4416D8-E7E9-44BC-8C65-80EA4996E503}.Release|x86.Build.0 = Release|Win32
		{32E7B48D-8EC0-4F33-A2DC-3086A1E0C149}.Debug|x64.ActiveCfg = Debug|x64
		{32E7B48D-8EC0-4F33-A2DC-3086A1E0C149}.Debug|x64.Build.0 = Debug|x64
		{32E7B48D-8EC0-4F33-A2DC-3086A1E0C149}.Debug|x86.ActiveCfg = Debug|Win32
		{32E7B48D-8EC0-4F33-A2DC-3086A1E0C149}.Debug|x86.Build.0 = Debug|Win32
		{32E7B48D-8EC0-4F33-A2DC-3086A1E0C149}.Release|x64.ActiveCfg = Release|x64
		{32E7B48D-8EC0-4F33-A2DC-3086A1E0C149}.Release|x64.Build.0 = Release|x64
		{32E7B48D-8EC0-4F33-A2DC-3086A1E0C149}.Release|x86.ActiveCfg = Release|Win32
		{32E7B48D-8EC0-4F33-A2DC-3086A1E0C149}.Release|x86.Build.0 = Release|Win32
		{C47F88A7-15B5-4668-AA52-054C4690A4DA}.Debug|x64.ActiveCfg = Debug|x64
		{C47F88A7-15B5-4668-AA52-054C4690A4DA}.Debug|x64.Build.0 = Debug|x64
		{C47F88A7-15B5-4668-AA52-054C4690A4DA}.Debug|x86.ActiveCfg = Debug|Win32
		{C47F88A7-15B5-4668-AA52-054C4690A4DA}.Debug|x86.Build.0 = Debug|Win32
		{C47F88A7-15B5-4668-AA52-054C4690A4DA}.Release|x64.ActiveCfg = Release|x64
		{C47F88A7-15B5-4668-AA52-054C4690A4DA}.Release|x64.Build.0 = Release|x64
		{C47F88A7-15B5-4668-AA52-054C4690A4DA}.Release|x86.ActiveCfg = Release|Win32
		{C47F88A7-15B5-4668-AA52-054C4690A4DA}.Release|x86.Build.0 = Release|Win32
		{A19403F9-4AA1-4CAD-9B72-F7F44F313328}.Debug|x64.ActiveCfg = Debug|x64
		{A19403F9-4AA1-4CAD-9B72-F7F44F313328}.Debug|x64.Build.0 = Debug|x64
		{A19403F9-4AA1-4CAD-9B72-F7F44F313328}.Debug|x86.ActiveCfg = Debug|Win32
		{A19403F9-4AA1-4CAD-9B72-F7F44F313328}.Debug|x86.Build.0 = Debug|Win32
		{A19403F9-4AA1-4CAD-9B72-F7F44F313328}.Release|x64.ActiveCfg = Release|x64
		{A19403F9-4AA1-4CAD-9B72-F7F44F313328}.Release|x64.Build.0 = Release|x64
		{A19403F9-4AA1-4CAD-9B72-F7F44F313328}.Release|x86.ActiveCfg = Release|Win32
		{A19403F9-4AA1-4CAD-9B72-F7F44F313328}.Release|x86.Build.0 = Release|Win32
		{74D22AE5-B6CE-44D8-9AE3-EA0B828FB6CD}.Debug|x64.ActiveCfg = Debug|x64
		{74D22AE5-B6CE-44D8-9AE3-EA0B828FB6CD}.Debug|x64.Build.0 = Debug|x64
		{74D22AE5-B6CE-44D8-9AE3-EA0B828FB6CD}.Debug|x86.ActiveCfg = Debug|Win32
		{74D22AE5-B6CE-44D8-9AE3-EA0B828FB6CD}.Debug|x86.Build.0 = Debug|Win32
		{74D22AE5-B6CE-44D8-9AE3-EA0B828FB6CD}.Release|x64.ActiveCfg = Release|x64
		{74D22AE5-B6CE-44D8-9AE3-EA0B828FB6CD}.Release|x64.Build.0 = Release|x64
		{74D22AE5-B6CE-44D8-9AE3-EA0B828FB6CD}.Release|x86.ActiveCfg = Release|Win32
		{74D22AE5-B6CE-44D8-9AE3-EA0B828FB6CD}.Release|x86.Build.0 = Release|Win32
		{E37BB380-0467-4461-986B-41828DC94650}.Debug|x64.ActiveCfg = Debug|x64
		{E37BB380-0467-4461-986B-41828DC94650}.Debug|x64.Build.0 = Debug|x64
		{E37BB380-0467-4461-986B-41828DC94650}.Debug|x86.ActiveCfg = Debug|Win32
		{E37BB380-0467-4461-986B-41828DC94650}.Debug|x86.Build.0 = Debug|Win32
		{E37BB380-0467-4461-986B-41828DC94650}.Release|x64.ActiveCfg = Release|x64
		{E37BB380-0467-4461-986B-41828DC94650}.Release|x64.Build.0 = Release|x64
		{E37BB380-0467-4461-986B-41828DC94650}.Release|x86.ActiveCfg = Release|Win32
		{E37BB380-0467-4461-986B-41828DC94650}.Release|x86.Build.0 = Release|Win32
		{E6674DE6-F200-4E7E-A64E-DE471364A7D0}.Debug|x64.ActiveCfg = Debug|x64
		{E6674DE6-F200-4E7E-A64E-DE471364A7D0}.Debug|x64.Build.0 = Debug|x64
		{E6674DE6-F200-4E7E-A64E-DE471364A7D0}.Debug|x86.ActiveCfg = Debug|Win32
		{E6674DE6-F200-4E7E-A64E-DE471364A7D0}.Debug|x86.Build.0 = Debug|Win32
		{E6674DE6-F200-4E7E-A64E-DE471364A7D0}.Release|x64.ActiveCfg = Release|x64
		{E6674DE6-F200-4E7E-A64E-DE471364A7D0}.Release|x64.Build.0 = Release|x64
		{E6674DE6-F200-4E7E-A64E-DE471364A7D0}.Release|x86.ActiveCfg = Release|Win32
		{E6674DE6-F200-4E7E-A64E-DE471364A7D0}.Release|x86.Build.0 = Release|Win32
		{BB04C426-C5EF-41C4-AC4D-93DFBA581E6C}.Debug|x64.ActiveCfg = Debug|x64
		{BB04C426-C5EF-41C4-AC4D-93DFBA581E6C}.Debug|x64.Build.0 = Debug|x64
		{BB04C426-C5EF-41C4-AC4D-93DFBA581E6C}.Debug|x86.ActiveCfg = Debug|Win32
		{BB04C426-C5EF-41C4-AC4D-93DFBA581E6C}.Debug|x86.Build.0 = Debug|Win32
		{BB04C426-C5EF-41C4-AC4D-93DFBA581E6C}.Release|x64.ActiveCfg = Release|x64
		{BB04C426-C5EF-41C4-AC4D-93DFBA581E6C}.Release|x64.Build.0 = Release|x64
		{BB04C426-C5EF-41C4-AC4D-93DFBA581E6C}.Release|x86.ActiveCfg = Release|Win32
		{BB04C426-C5EF-41C4-AC4D-93DFBA581E6C}.Release|x86.Build.0 = Release|Win32
		{A9928A5D-98EB-4811-B588-BED8CC0C2DB1}.Debug|x64.ActiveCfg = Debug|x64
		{A9928A5D-98EB-4811-B588-BED8CC0C2DB1}.Debug|x64.Build.0 = Debug|x64
		{A9928A5D-98EB-4811-B588-BED8CC0C2DB1}.Debug|x86.ActiveCfg = Debug|Win32
		{A9928A5D-98EB-4811-B588-BED8CC0C2DB1}.Debug|x86.Build.0 = Debug|Win32
		{A9928A5D-98EB-4811-B588-BED8CC0C2DB1}.Release|x64.ActiveCfg = Release|x64
		{A9928A5D-98EB-4811-B588-BED8CC0C2DB1}.Release|x64.Build.0 = Release|x64
		{A9928A5D-98EB-4811-B588-BED8CC0C2DB1}.Release|x86.ActiveCfg = Release|Win32
		{A9928A5D-98EB-4811-B588-BED8CC0C2DB1}.Release|x86.Build.0 = Release|Win32
		{E8EB045C-CC17-4AF9-B1F9-F7FB895C8A10}.Debug|x64.ActiveCfg = Debug|x64
		{E8EB045C-CC17-4AF9-B1F9-F7FB895C8A10}.Debug|x64.Build.0 = Debug|x64
		{E8EB045C-CC17-4AF9-B1F9-F7FB895C8A10}.Debug|x86.ActiveCfg = Debug|Win32
		{E8EB045C-CC17-4AF9-B1F9-F7FB895C8A10}.Debug|x86.Build.0 = Debug|Win32
		{E8EB045C-CC17-4AF9-B1F9-F7FB895C8A10}.Release|x64.ActiveCfg = Release|x64
		{E8EB045C-CC17-4AF9-B1F9-F7FB895C8A10}.Release|x64.Build.0 = Release|x64
		{E8EB045C-CC17-4AF9-B1F9-F7FB895C8A10}.Release|x86.ActiveCfg = Release|Win32
		{E8EB045C-CC17-4AF9-B1F9-F7FB895C8A10}.Release|x86.Build.0 = Release|Win32
		{E8907FAB-A771-452D-AE2F-FF4CF48F015C}.Debug|x64.ActiveCfg = Debug|x64
		{E8907FAB-A771-452D-AE2F-FF4CF48F015C}.Debug|x64.Build.0 = Debug|x64
		{E8907FAB-A771-452D-AE2F-FF4CF48F015C}.Debug|x86.ActiveCfg = Debug|Win32
		{E8907FAB-A771-452D-AE2F-FF4CF48F015C}.Debug|x86.Build.0 = Debug|Win32
		{E8907FAB-A771-452D-AE2F-FF4CF48F015C}.Release|x64.ActiveCfg = Release|x64
		{E8907FAB-A771-452D-AE2F-FF4CF48F015C}.Release|x64.Build.0 = Release|x64
		{E8907FAB-A771-452D-AE2F-FF4CF48F015C}.Release|x86.ActiveCfg = Release|Win32
		{E8907FAB-A771-452D-AE2F-FF4CF48F015C}.Release|x86.Build.0 = Release|Win32
		{6D032B50-CD45-43A4-A407-1BF6FDCDA2B0}.Debug|x64.ActiveCfg = Debug|x64
		{6D032B50-CD45-43A4-A407-1BF6FDCDA2B0}.Debug|x64.Build.0 = Debug|x64
		{6D032B50-CD45-43A4-A407-1BF6FDCDA2B0}.Debug|x86.ActiveCfg = Debug|Win32
		{6D032B50-CD45-43A4-A407-1BF6FDCDA2B0}.Debug|x86.Build.0 = Debug|Win32
		{6D032B50-CD45-43A4-A407-1BF6FDCDA2B0}.Release|x64.ActiveCfg = Release|x64
		{6D032B50-CD45-43A4-A407-1BF6FDCDA2B0}.Release|x64.Build.0 = Release|x64
		{6D032B50-CD45-43A4-A407-1BF6FDCDA2B0}.Release|x86.ActiveCfg = Release|Win32
		{6D032B50-CD45-43A4-A407-1BF6FDCDA2B0}.Release|x86.Build.0 = Release|Win32
		{C360F375-5D96-40AE-A396-7EA3202BDD5A}.Debug|x64.ActiveCfg = Debug|x64
		{C360F375-5D96-40AE-A396-7EA3202BDD5A}.Debug|x64.Build.0 = Debug|x64
		{C360F375-5D96-40AE-A396-7EA3202BDD5A}.Debug|x86.ActiveCfg = Debug|Win32
		{C360F375-5D96-40AE-A396-7EA3202BDD5A}.Debug|x86.Build.0 = Debug|Win32
		{C360F375-5D96-40AE-A396-7EA3202BDD5A}.Release|x64.ActiveCfg = Release|x64
		{C360F375-5D96-40AE-A396-7EA3202BDD5A}.Release|x64.Build.0 = Release|x64
		{C360F375-5D96-40AE-A396-7EA3202BDD5A}.Release|x86.ActiveCfg = Release|Win32
		{C360F375-5D96-40AE-A396-7EA3202BDD5A}.Release|x86.Build.0 = Release|Win32
		{7BF0A53E-EBE5-44EE-91A5-2BA79F420A69}.Debug|x64.ActiveCfg = Debug|x64
		{7BF0A53E-EBE5-44EE-91A5-2BA79F420A69}.Debug|x64.Build.0 = Debug|x64
		{7BF0A53E-EBE5-44EE-91A5-2BA79F420A69}.Debug|x86.ActiveCfg = Debug|Win32
		{7BF0A53E-EBE5-44EE-91A5-2BA79F420A69}.Debug|x86.Build.0 = Debug|Win32
		{7BF0A53E-EBE5-44EE-91A5-2BA79F420A69}.Release|x64.ActiveCfg = Release|x64
		{7BF0A53E-EBE5-44EE-91A5-2BA79F420A69}.Release|x64.Build.0 = Release|x64
		{7BF0A53E-EBE5-44EE-91A5-2BA79F420A69}.Release|x86.ActiveCfg = Release|Win32
		{7BF0A53E-EBE5-44EE-91A5-2BA79F420A69}.Release|x86.Build.0 = Release|Win32
		{D3C38781-A782-455D-8705-55F8B4811E6E}.Debug|x64.ActiveCfg = Debug|x64
		{D3C38781-A782-455D-8705-55F8B4811E6E}.Debug|x64.Build.0 = Debug|x64
		{D3C38781-A782-455D-8705-55F8B4811E6E}.Debug|x86.ActiveCfg = Debug|Win32
		{D3C38781-A782-455D-8705-55F8B4811E6E}.Debug|x86.Build.0 = Debug|Win32
		{D3C38781-A782-455D-8705-55F8B4811E6E}.Release|x64.ActiveCfg = Release|x64
		{D3C38781-A782-455D-8705-55F8B4811E6E}.Release|x64.Build.0 = Release|x64
		{D3C38781-A782-455D-8705-55F8B4811E6E}.Release|x86.ActiveCfg = Release|Win32
		{D3C38781-A782-455D-8705-55F8B4811E6E}.Release|x86.Build.0 = Release|Win32
		{016AF1A9-83E4-4E9C-B2B8-027545C7AD54}.Debug|x64.ActiveCfg = Debug|x64
		{016AF1A9-83E4-4E9C-B2B8-027545C7AD54}.Debug|x64.Build.0 = Debug|x64
		{016AF1A9-83E4-4E9C-B2B8-027545C7AD54}.Debug|x86.ActiveCfg = Debug|Win32
		{016AF1A9-83E4-4E9C-B2B8-027545C7AD54}.Debug|x86.Build.0 = Debug|Win32
		{016AF1A9-83E4-4E9C-B2B8-027545C7AD54}.Release|x64.ActiveCfg = Release|x64
		{016AF1A9-83E4-4E9C-B2B8-027545C7AD54}.Release|x64.Build.0 = Release|x64
		{016AF1A9-83E4-4E9C-B2B8-027545C7AD54}.Release|x86.ActiveCfg = Release|Win32
		{016AF1A9-83E4-4E9C-B2B8-027545C7AD54}.Release|x86.Build.0 = Release|Win32
		{E5B27481-10F4-405F-8302-D1FB4DB38B73}.Debug|x64.ActiveCfg = Debug|x64
		{E5B27481-10F4-405F-8302-D1FB4DB38B73}.Debug|x64.Build.0 = Debug|x64
		{E5B27481-10F4-405F-8302-D1FB4DB38B73}.Debug|x86.ActiveCfg = Debug|Win32
		{E5B27481-10F4-405F-8302-D1FB4DB38B73}.Debug|x86.Build.0 = Debug|Win32
		{E5B27481-10F4-405F-8302-D1FB4DB38B73}.Release|x64.ActiveCfg = Release|x64
		{E5B27481-10F4-405F-8302-D1FB4DB38B73}.Release|x64.Build.0 = Release|x64
		{E5B27481-10F4-405F-8302-D1FB4DB38B73}.Release|x86.ActiveCfg = Release|Win32
		{E5B27481-10F4-405F-8302-D1FB4DB38B73}.Release|x86.Build.0 = Release|Win32
		{3D400F94-530C-426F-9FD7-6101F75F1BB7}.Debug|x64.ActiveCfg = Debug|x64
		{3D400F94-530C-426F-9FD7-6101F75F1BB7}.Debug|x64.Build.0 = Debug|x64
		{3D400F94-530C-426F-9FD7-6101F75F1BB7}.Debug|x86.ActiveCfg = Debug|Win32
		{3D400F94-530C-426F-9FD7-6101F75F1BB7}.Debug|x86.Build.0 = Debug|Win32
		{3D400F94-530C-426F-9FD7-6101F75F1BB7}.Release|x64.ActiveCfg = Release|x64
		{3D400F94-530C-426F-9FD7-6101F75F1BB7}.Release|x64.Build.0 = Release|x64
		{3D400F94-530C-426F-9FD7-6101F75F1BB7}.Release|x86.ActiveCfg = Release|Win32
		{3D400F94-530C-426F-9FD7-6101F75F1BB7}.Release|x86.Build.0 = Release|Win32
		{AA779843-6C89-430C-9FD8-9A6602E76035}.Debug|x64.ActiveCfg = Debug|x64
		{AA779843-6C89-430C-9FD8-9A6602E76035}.Debug|x64.Build.0 = Debug|x64
		{AA779843-6C89-430C-9FD8-9A6602E76035}.Debug|x86.ActiveCfg = Debug|Win32
		{AA779843-6C89-430C-9FD8-9A6602E76035}.Debug|x86.Build.0 = Debug|Win32
		{AA779843-6C89-430C-9FD8-9A6602E76035}.Release|x64.ActiveCfg = Release|x64
		{AA779843-6C89-430C-9FD8-9A6602E76035}.Release|x64.Build.0 = Release|x64
		{AA779843-6C89-430C-9FD8-9A6602E76035}.Release|x86.ActiveCfg = Release|Win32
		{AA779843-6C89-430C-9FD8-9A6602E76035}.Release|x86.Build.0 = Release|Win32
		{4A943D17-FD2C-4FA2-8648-6082F02C860F}.Debug|x64.ActiveCfg = Debug|x64
		{4A943D17-FD2C-4FA2-8648-6082F02C860F}.Debug|x64.Build.0 = Debug|x64
		{4A943D17-FD2C-4FA2-8648-6082F02C860F}.Debug|x86.ActiveCfg = Debug|Win32
		{4A943D17-FD2C-4FA2-8648-6082F02C860F}.Debug|x86.Build.0 = Debug|Win32
		{4A943D17-FD2C-4FA2-8648-6082F02C860F}.Release|x64.ActiveCfg = Release|x64
		{4A943D17-FD2C-4FA2-8648-6082F02C860F}.Release|x64.Build.0 = Release|x64
		{4A943D17-FD2C-4FA2-8648-6082F02C860F}.Release|x86.ActiveCfg = Release|Win32
		{4A943D17-FD2C-4FA2-8648-6082F02C860F}.Release|x86.Build.0 = Release|Win32
		{C2284FE2-97D3-4D81-A043-9B0801324475}.Debug|x64.ActiveCfg = Debug|x64
		{C2284FE2-97D3-4D81-A043-9B0801324475}.Debug|x64.Build.0 = Debug|x64
		{C2284FE2-97D3-4D81-A043-9B0801324475}.Debug|x86.ActiveCfg = Debug|Win32
		{C2284FE2-97D3-4D81-A043-9B0801324475}.Debug|x86.Build.0 = Debug|Win32
		{C2284FE2-97D3-4D81-A043-9B0801324475}.Release|x64.ActiveCfg = Release|x64
		{C2284FE2-97D3-4D81-A043-9B0801324475}.Release|x64.Build.0 = Release|x64
		{C2284FE2-97D3-4D81-A043-9B0801324475}.Release|x86.ActiveCfg = Release|Win32
		{C2284FE2-97D3-4D81-A043-9B0801324475}.Release|x86.Build.0 = Release|Win32
		{187AC861-8EDD-42E3-A2A6-B2D04B3A3055}.Debug|x64.ActiveCfg = Debug|x64
		{187AC861-8EDD-42E3-A2A6-B2D04B3A3055}.Debug|x64.Build.0 = Debug|x64
		{187AC861-8EDD-42E3-A2A6-B2D04B3A3055}.Debug|x86.ActiveCfg = Debug|Win32
		{187AC861-8EDD-42E3-A2A6-B2D04B3A3055}.Debug|x86.Build.0 = Debug|Win32
		{187AC861-8EDD-42E3-A2A6-B2D04B3A3055}.Release|x64.ActiveCfg = Release|x64
		{187AC861-8EDD-42E3-A2A6-B2D04B3A3055}.Release|x64.Build.0 = Release|x64
		{187AC861-8EDD-42E3-A2A6-B2D04B3A3055}.Release|x86.ActiveCfg = Release|Win32
		{187AC861-8EDD-42E3-A2A6-B2D04B3A3055}.Release|x86.Build.0 = Release|Win32
		{17C4F810-075C-4CFD-BF94-72EC28D73E61}.Debug|x64.ActiveCfg = Debug|x64
		{17C4F810-075C-4CFD-BF94-72EC28D73E61}.Debug|x64.Build.0 = Debug|x64
		{17C4F810-075C-4CFD-BF94-72EC28D73E61}.Debug|x86.ActiveCfg = Debug|Win32
		{17C4F810-075C-4CFD-BF94-72EC28D73E61}.Debug|x86.Build.0 = Debug|Win32
		{17C4F810-075C-4CFD-BF94-72EC28D73E61}.Release|x64.ActiveCfg = Release|x64
		{17C4F810-075C-4CFD-BF94-72EC28D73E61}.Release|x64.Build.0 = Release|x64
		{17C4F810-075C-4CFD-BF94-72EC28D73E61}.Release|x86.ActiveCfg = Release|Win32
		{17C4F810-075C-4CFD-BF94-72EC28D73E61}.Release|x86.Build.0 = Release|Win32
		{BD72ABD0-C5DC-4347-9359-4EF62E9E22CF}.Debug|x64.ActiveCfg = Debug|x64
		{BD72ABD0-C5DC-4347-9359-4EF62E9E22CF}.Debug|x64.Build.0 = Debug|x64
		{BD72ABD0-C5DC-4347-9359-4EF62E9E22CF}.Debug|x86.ActiveCfg = Debug|Win32
		{BD72ABD0-C5DC-4347-9359-4EF62E9E22CF}.Debug|x86.Build.0 = Debug|Win32
		{BD72ABD0-C5DC-4347-9359-4EF62E9E22CF}.Release|x64.ActiveCfg = Release|x64
		{BD72ABD0-C5DC-4347-9359-4EF62E9E22CF}.Release|x64.Build.0 = Release|x64
		{BD72ABD0-C5DC-4347-9359-4EF62E9E22CF}.Release|x86.ActiveCfg = Release|Win32
		{BD72ABD0-C5DC-4347-9359-4EF62E9E22CF}.Release|x86.Build.0 = Release|Win32
		{4BC9366B-9C01-4D92-A651-5313D5D32C69}.Debug|x64.ActiveCfg = Debug|x64
		{4BC9366B-9C01-4D92-A651-5313D5D32C69}.Debug|x64.Build.0 = Debug|x64
		{4BC9366B-9C01-4D92-A651-5313D5D32C69}.Debug|x86.ActiveCfg = Debug|Win32
		{4BC9366B-9C01-4D92-A651-5313D5D32C69}.Debug|x86.Build.0 = Debug|Win32
		{4BC9366B-9C01-4D92-A651-5313D5D32C69}.Release|x64.ActiveCfg = Release|x64
		{4BC9366B-9C01-4D92-A651-5313D5D32C69}.Release|x64.Build.0 = Release|x64
		{4BC9366B-9C01-4D92-A651-5313D5D32C69}.Release|x86.ActiveCfg = Release|Win32
		{4BC9366B-9C01-4D92-A651-5313D5D32C69}.Release|x86.Build.0 = Release|Win32
		{3B5CE7B9-A321-4BDB-9F8A-A166E406598F}.Debug|x64.ActiveCfg = Debug|x64
		{3B5CE7B9-A321-4BDB-9F8A-A166E406598F}.Debug|x64.Build.0 = Debug|x64
		{3B5CE7B9-A321-4BDB-9F8A-A166E406598F}.Debug|x86.ActiveCfg = Debug|Win32
		{3B5CE7B9-A321-4BDB-9F8A-A166E406598F}.Debug|x86.Build.0 = Debug|Win32
		{3B5CE7B9-A321-4BDB-9F8A-A166E406598F}.Release|x64.ActiveCfg = Release|x64
		{3B5CE7B9-A321-4BDB-9F8A-A166E406598F}.Release|x64.Build.0 = Release|x64
		{3B5CE7B9-A321-4BDB-9F8A-A166E406598F}.Release|x86.ActiveCfg = Release|Win32
		{3B5CE7B9-A321-4BDB-9F8A-A166E406598F}.Release|x86.Build.0 = Release|Win32
		{2DD0D212-E736-40EE-9099-A049BD5FAF9C}.Debug|x64.ActiveCfg = Debug|x64
		{2DD0D212-E736-40EE-9099-A049BD5FAF9C}.Debug|x64.Build.0 = Debug|x64
		{2DD0D212-E736-40EE-9099-A049BD5FAF9C}.Debug|x86.ActiveCfg = Debug|Win32
		{2DD0D212-E736-40EE-9099-A049BD5FAF9C}.Debug|x86.Build.0 = Debug|Win32
		{2DD0D212-E736-40EE-9099-A049BD5FAF9C}.Release|x64.ActiveCfg = Release|x64
		{2DD0D212-E736-40EE-9099-A049BD5FAF9C}.Release|x64.Build.0 = Release|x64
		{2DD0D212-E736-40EE-9099-A049BD5FAF9C}.Release|x86.ActiveCfg = Release|Win32
		{2DD0D212-E736-40EE-9099-A049BD5FAF9C}.Release|x86.Build.0 = Release|Win32
		{9826904A-765D-444A-A6D5-20B067542D29}.Debug|x64.ActiveCfg = Debug|x64
		{9826904A-765D-444A-A6D5-20B067542D29}.Debug|x64.Build.0 = Debug|x64
		{9826904A-765D-444A-A6D5-20B067542D29}.Debug|x86.ActiveCfg = Debug|Win32
		{9826904A-765D-444A-A6D5-20B067542D29}.Debug|x86.Build.0 = Debug|Win32
		{9826904A-765D-444A-A6D5-20B067542D29}.Release|x64.ActiveCfg = Release|x64
		{9826904A-765D-444A-A6D5-20B067542D29}.Release|x64.Build.0 = Release|x64
		{9826904A-765D-444A-A6D5-20B067542D29}.Release|x86.ActiveCfg = Release|Win32
		{9826904A-765D-444A-A6D5-20B067542D29}.Release|x86.Build.0 = Release|Win32
		{5A070EF9-AA4E-4B10-80B3-C0C56CCF3853}.Debug|x64.ActiveCfg = Debug|x64
		{5A070EF9-AA4E-4B10-80B3-C0C56CCF3853}.Debug|x64.Build.0 = Debug|x64
		{5A070EF9-AA4E-4B10-80B3-C0C56CCF3853}.Debug|x86.ActiveCfg = Debug|Win32
		{5A070EF9-AA4E-4B10-80B3-C0C56CCF3853}.Debug|x86.Build.0 = Debug|Win32
		{5A070EF9-AA4E-4B10-80B3-C0C56CCF3853}.Release|x64.ActiveCfg = Release|x64
		{5A070EF9-AA4E-4B10-80B3-C0C56CCF3853}.Release|x64.Build.0 = Release|x64
		{5A070EF9-AA4E-4B10-80B3-C0C56CCF3853}.Release|x86.ActiveCfg = Release|Win32
		{5A070EF9-AA4E-4B10-80B3-C0C56CCF3853}.Release|x86.Build.0 = Release|Win32
		{BF1C81A3-303E-4DDD-B721-41F3E6A59AFA}.Debug|x64.ActiveCfg = Debug|x64
		{BF1C81A3-303E-4DDD-B721-41F3E6A59AFA}.Debug|x64.Build.0 = Debug|x64
		{BF1C81A3-303E-4DDD-B721-41F3E6A59AFA}.Debug|x86.ActiveCfg = Debug|Win32
		{BF1C81A3-303E-4DDD-B721-41F3E6A59AFA}.Debug|x86.Build.0 = Debug|Win32
		{BF1C81A3-303E-4DDD-B721-41F3E6A59AFA}.Release|x64.ActiveCfg = Release|x64
		{BF1C81A3-303E-4DDD-B721-41F3E6A59AFA}.Release|x64.Build.0 = Release|x64
		{BF1C81A3-303E-4DDD-B721-41F3E6A59AFA}.Release|x86.ActiveCfg = Release|Win32
		{BF1C81A3-303E-4DDD-B721-41F3E6A59AFA}.Release|x86.Build.0 = Release|Win32
		{F00D5C8A-B803-462D-8F45-0D3983BA50EA}.Debug|x64.ActiveCfg = Debug|x64
		{F00D5C8A-B803-462D-8F45-0D3983BA50EA}.Debug|x64.Build.0 = Debug|x64
		{F00D5C8A-B803-462D-8F45-0D3983BA50EA}.Debug|x86.ActiveCfg = Debug|Win32
		{F00D5C8A-B803-462D-8F45-0D3983BA50EA}.Debug|x86.Build.0 = Debug|Win32
		{F00D5C8A-B803-462D-8F45-0D3983BA50EA}.Release|x64.ActiveCfg = Release|x64
		{F00D5C8A-B803-462D-8F45-0D3983BA50EA}.Release|x64.Build.0 = Release|x64
		{F00D5C8A-B803-462D-8F45-0D3983BA50EA}.Release|x86.ActiveCfg = Release|Win32
		{F00D5C8A-B803-462D-8F45-0D3983BA50EA}.Release|x86.Build.0 = Release|Win32
		{29A0A371-3CF1-4C27-8DBD-40DAB5C296CE}.Debug|x64.ActiveCfg = Debug|x64
		{29A0A371-3CF1-4C27-8DBD-40DAB5C296CE}.Debug|x64.Build.0 = Debug|x64
		{29A0A371-3CF1-4C27-8DBD-40DAB5C296CE}.Debug|x86.ActiveCfg = Debug|Win32
		{29A0A371-3CF1-4C27-8DBD-40DAB5C296CE}.Debug|x86.Build.0 = Debug|Win32
		{29A0A371-3CF1-4C27-8DBD-40DAB5C296CE}.Release|x64.ActiveCfg = Release|x64
		{29A0A371-3CF1-4C27-8DBD-40DAB5C296CE}.Release|x64.Build.0 = Release|x64
		{29A0A371-3CF1-4C27-8DBD-40DAB5C296CE}.Release|x86.ActiveCfg = Release|Win32
		{29A0A371-3CF1-4C27-8DBD-40DAB5C296CE}.Release|x86.Build.0 = Release|Win32
		{09F83284-12F8-4706-B4B0-1DCC47E59469}.Debug|x64.ActiveCfg = Debug|x64
		{09F83284-12F8-4706-B4B0-1DCC47E59469}.Debug|x64.Build.0 = Debug|x64
		{09F83284-12F8-4706-B4B0-1DCC47E59469}.Debug|x86.ActiveCfg = Debug|Win32
		{09F83284-12F8-4706-B4B0-1DCC47E59469}.Debug|x86.Build.0 = Debug|Win32
		{09F83284-12F8-4706-B4B0-1DCC47E59469}.Release|x64.ActiveCfg = Release|x64
		{09F83284-12F8-4706-B4B0-1DCC47E59469}.Release|x64.Build.0 = Release|x64
		{09F83284-12F8-4706-B4B0-1DCC47E59469}.Release|x86.ActiveCfg = Release|Win32
		{09F83284-12F8-4706-B4B0-1DCC47E59469}.Release|x86.Build.0 = Release|Win32
		{E02124AF-179A-457F-BE38-5DCA57C28862}.Debug|x64.ActiveCfg = Debug|x64
		{E02124AF-179A-457F-BE38-5DCA57C28862}.Debug|x64.Build.0 = Debug|x64
		{E02124AF-179A-457F-BE38-5DCA57C28862}.Debug|x86.ActiveCfg = Debug|Win32
		{E02124AF-179A-457F-BE38-5DCA57C28862}.Debug|x86.Build.0 = Debug|Win32
		{E02124AF-179A-457F-BE38-5DCA57C28862}.Release|x64.ActiveCfg = Release|x64
		{E02124AF-179A-457F-BE38-5DCA57C28862}.Release|x64.Build.0 = Release|x64
		{E02124AF-179A-457F-BE38-5DCA57C28862}.Release|x86.ActiveCfg = Release|Win32
		{E02124AF-179A-457F-BE38-5DCA57C28862}.Release|x86.Build.0 = Release|Win32
		{4CBAA6A4-9C00-4E00-BEB2-C1457C5C6676}.Debug|x64.ActiveCfg = Debug|x64
		{4CBAA6A4-9C00-4E00-BEB2-C1457C5C6676}.Debug|x64.Build.0 = Debug|x64
		{4CBAA6A4-9C00-4E00-BEB2-C1457C5C6676}.Debug|x86.ActiveCfg = Debug|Win32
		{4CBAA6A4-9C00-4E00-BEB2-C1457C5C6676}.Debug|x86.Build.0 = Debug|Win32
		{4CBAA6A4-9C00-4E00-BEB2-C1457C5C6676}.Release|x64.ActiveCfg = Release|x64
		{4CBAA6A4-9C00-4E00-BEB2-C1457C5C6676}.Release|x64.Build.0 = Release|x64
		{4CBAA6A4-9C00-4E00-BEB2-C1457C5C6676}.Release|x86.ActiveCfg = Release|Win32
		{4CBAA6A4-9C00-4E00-BEB2-C1457C5C6676}.Release|x86.Build.0 = Release|Win32
		{75D03EEE-4F98-4416-8370-C02AB323AD9D}.Debug|x64.ActiveCfg = Debug|x64
		{75D03EEE-4F98-4416-8370-C02AB323AD9D}.Debug|x64.Build.0 = Debug|x64
		{75D03EEE-4F98-4416-8370-C02AB323AD9D}.Debug|x86.ActiveCfg = Debug|Win32
		{75D03EEE-4F98-4416-8370-C02AB323AD9D}.Debug|x86.Build.0 = Debug|Win32
		{75D03EEE-4F98-4416-8370-C02AB323AD9D}.Release|x64.ActiveCfg = Release|x64
		{75D03EEE-4F98-4416-8370-C02AB323AD9D}.Release|x64.Build.0 = Release|x64
		{75D03EEE-4F98-4416-8370-C02AB323AD9D}.Release|x86.ActiveCfg = Release|Win32
		{75D03EEE-4F98-4416-8370-C02AB323AD9D}.Release|x86.Build.0 = Release|Win32
		{B98A986C-6038-495C-AEF2-DA23D58515C1}.Debug|x64.ActiveCfg = Debug|x64
		{B98A986C-6038-495C-AEF2-DA23D58515C1}.Debug|x64.Build.0 = Debug|x64
		{B98A986C-6038-495C-AEF2-DA23D58515C1}.Debug|x86.ActiveCfg = Debug|Win32
		{B98A986C-6038-495C-AEF2-DA23D58515C1}.Debug|x86.Build.0 = Debug|Win32
		{B98A986C-6038-495C-AEF2-DA23D58515C1}.Release|x64.ActiveCfg = Release|x64
		{B98A986C-6038-495C-AEF2-DA23D58515C1}.Release|x64.Build.0 = Release|x64
		{B98A986C-6038-495C-AEF2-DA23D58515C1}.Release|x86.ActiveCfg = Release|Win32
		{B98A986C-6038-495C-AEF2-DA23D58515C1}.Release|x86.Build.0 = Release|Win32
		{9F8F9B9E-DFA9-4ABB-81E0-747221A2B123}.Debug|x64.ActiveCfg = Debug|x64
		{9F8F9B9E-DFA9-4ABB-81E0-747221A2B123}.Debug|x64.Build.0 = Debug|x64
		{9F8F9B9E-DFA9-4ABB-81E0-747221A2B123}.Debug|x86.ActiveCfg = Debug|Win32
		{9F8F9B9E-DFA9-4ABB-81E0-747221A2B123}.Debug|x86.Build.0 = Debug|Win32
		{9F8F9B9E-DFA9-4ABB-81E0-747221A2B123}.Release|x64.ActiveCfg = Release|x64
		{9F8F9B9E-DFA9-4ABB-81E0-747221A2B123}.Release|x64.Build.0 = Release|x64
		{9F8F9B9E-DFA9-4ABB-81E0-747221A2B123}.Release|x86.ActiveCfg = Release|Win32
		{9F8F9B9E-DFA9-4ABB-81E0-747221A2B123}.Release|x86.Build.0 = Release|Win32
		{A26CE005-CF35-4DBE-85F9-5E14F59B9A08}.Debug|x64.ActiveCfg = Debug|x64
		{A26CE005-CF35-4DBE-85F9-5E14F59B9A08}.Debug|x64.Build.0 = Debug|x64
		{A26CE005-CF35-4DBE-85F9-5E14F59B9A08}.Debug|x86.ActiveCfg = Debug|Win32
		{A26CE005-CF35-4DBE-85F9-5E14F59B9A08}.Debug|x86.Build.0 = Debug|Win32
		{A26CE005-CF35-4DBE-85F9-5E14F59B9A08}.Release|x64.ActiveCfg = Release|x64
		{A26CE005-CF35-4DBE-85F9-5E14F59B9A08}.Release|x64.Build.0 = Release|x64
		{A26CE005-CF35-4DBE-85F9-5E14F59B9A08}.Release|x86.ActiveCfg = Release|Win32
		{A26CE005-CF35-4DBE-85F9-5E14F59B9A08}.Release|x86.Build.0 = Release|Win32
		{FAE6C360-9A4A-4FD9-A113-AB4DF9297ED7}.Debug|x64.ActiveCfg = Debug|x64
		{FAE6C360-9A4A-4FD9-A113-AB4DF9297ED7}.Debug|x64.Build.0 = Debug|x64
		{FAE6C360-9A4A-4FD9-A113-AB4DF9297ED7}.Debug|x86.ActiveCfg = Debug|Win32
		{FAE6C360-9A4A-4FD9-A113-AB4DF9297ED7}.Debug|x86.Build.0 = Debug|Win32
		{FAE6C360-9A4A-4FD9-A113-AB4DF9297ED7}.Release|x64.ActiveCfg = Release|x64
		{FAE6C360-9A4A-4FD9-A113-AB4DF9297ED7}.Release|x64.Build.0 = Release|x64
		{FAE6C360-9A4A-4FD9-A113-AB4DF9297ED7}.Release|x86.ActiveCfg = Release|Win32
		{FAE6C360-9A4A-4FD9-A113-AB4DF9297ED7}.Release|x86.Build.0 = Release|Win32
	EndGlobalSection
	GlobalSection(SolutionProperties) = preSolution
		HideSolutionNode = FALSE
	EndGlobalSection
	GlobalSection(ExtensibilityGlobals) = postSolution
		SolutionGuid = {E9183194-67BB-48BD-8D9F-4AAA889435B3}
	EndGlobalSection
EndGlobal
