
Microsoft Visual Studio Solution File, Format Version 12.00
# Visual Studio Version 17
VisualStudioVersion = 17.7.34221.43
MinimumVisualStudioVersion = 10.0.40219.1
Project("{8BC9CEB8-8B4A-11D0-8D11-00A0C91BC942}") = "Bai001", "Bai001\Bai001.vcxproj", "{C38808F7-A8B1-413D-9BF4-3B660F4806CB}"
EndProject
Project("{8BC9CEB8-8B4A-11D0-8D11-00A0C91BC942}") = "Bai006", "Bai006\Bai006.vcxproj", "{BDF53E12-2113-478D-A92A-486BCA356C4F}"
EndProject
Project("{8BC9CEB8-8B4A-11D0-8D11-00A0C91BC942}") = "Bai011", "Bai011\Bai011.vcxproj", "{7EFE06C4-55D4-452E-B20F-89F8A752CD20}"
EndProject
Project("{8BC9CEB8-8B4A-11D0-8D11-00A0C91BC942}") = "Bai016", "Bai016\Bai016.vcxproj", "{1CCBAA0A-5D7F-4F0A-ACE2-A82B0EBF14E5}"
EndProject
Project("{8BC9CEB8-8B4A-11D0-8D11-00A0C91BC942}") = "Bai002", "Bai002\Bai002.vcxproj", "{1DBB12F1-26EA-4B66-B7F8-2DC91A714921}"
EndProject
Project("{8BC9CEB8-8B4A-11D0-8D11-00A0C91BC942}") = "Bai007", "Bai007\Bai007.vcxproj", "{48801E67-CF89-47D7-A34C-8633C8C9E259}"
EndProject
Project("{8BC9CEB8-8B4A-11D0-8D11-00A0C91BC942}") = "Bai012", "Bai012\Bai012.vcxproj", "{F2054381-A980-40A1-8133-A1A94214BAD1}"
EndProject
Project("{8BC9CEB8-8B4A-11D0-8D11-00A0C91BC942}") = "Bai017", "Bai017\Bai017.vcxproj", "{72208904-74A2-493A-9F22-B430A43F989D}"
EndProject
Project("{8BC9CEB8-8B4A-11D0-8D11-00A0C91BC942}") = "Bai004", "Bai004\Bai004.vcxproj", "{30DD7F54-A339-4C36-A330-A30910F8D8F3}"
EndProject
Project("{8BC9CEB8-8B4A-11D0-8D11-00A0C91BC942}") = "Bai009", "Bai009\Bai009.vcxproj", "{6C9341F2-0E02-4CB1-842F-3BA9836F8E90}"
EndProject
Project("{8BC9CEB8-8B4A-11D0-8D11-00A0C91BC942}") = "Bai014", "Bai014\Bai014.vcxproj", "{9BA3EFAF-B581-44F0-B3D5-92B3BC1F0E60}"
EndProject
Project("{8BC9CEB8-8B4A-11D0-8D11-00A0C91BC942}") = "Bai019", "Bai019\Bai019.vcxproj", "{80E308C4-4EC9-48D4-B7FB-DF754B69C307}"
EndProject
Project("{8BC9CEB8-8B4A-11D0-8D11-00A0C91BC942}") = "Bai003", "Bai003\Bai003.vcxproj", "{644B4A16-D04B-4F39-AF0E-7F3221CD108A}"
EndProject
Project("{8BC9CEB8-8B4A-11D0-8D11-00A0C91BC942}") = "Bai008", "Bai008\Bai008.vcxproj", "{F1A1C2CF-010C-4EE2-AFE7-AC68519BAC50}"
EndProject
Project("{8BC9CEB8-8B4A-11D0-8D11-00A0C91BC942}") = "Bai013", "Bai013\Bai013.vcxproj", "{1EA88871-FD08-42F4-89CF-B077E2B9855F}"
EndProject
Project("{8BC9CEB8-8B4A-11D0-8D11-00A0C91BC942}") = "Bai018", "Bai018\Bai018.vcxproj", "{09FC5A2D-2C0E-42A5-9716-81AB84095221}"
EndProject
Project("{8BC9CEB8-8B4A-11D0-8D11-00A0C91BC942}") = "Bai005", "Bai005\Bai005.vcxproj", "{6CBB8234-9290-45E8-92C3-B09A22B4F0B6}"
EndProject
Project("{8BC9CEB8-8B4A-11D0-8D11-00A0C91BC942}") = "Bai010", "Bai010\Bai010.vcxproj", "{5DECC5AC-E6EC-485E-A000-9A1BE6AE4391}"
EndProject
Project("{8BC9CEB8-8B4A-11D0-8D11-00A0C91BC942}") = "Bai015", "Bai015\Bai015.vcxproj", "{1EBCA31D-F1DA-4A1A-953A-7D995FCC14C9}"
EndProject
Global
	GlobalSection(SolutionConfigurationPlatforms) = preSolution
		Debug|x64 = Debug|x64
		Debug|x86 = Debug|x86
		Release|x64 = Release|x64
		Release|x86 = Release|x86
	EndGlobalSection
	GlobalSection(ProjectConfigurationPlatforms) = postSolution
		{C38808F7-A8B1-413D-9BF4-3B660F4806CB}.Debug|x64.ActiveCfg = Debug|x64
		{C38808F7-A8B1-413D-9BF4-3B660F4806CB}.Debug|x64.Build.0 = Debug|x64
		{C38808F7-A8B1-413D-9BF4-3B660F4806CB}.Debug|x86.ActiveCfg = Debug|Win32
		{C38808F7-A8B1-413D-9BF4-3B660F4806CB}.Debug|x86.Build.0 = Debug|Win32
		{C38808F7-A8B1-413D-9BF4-3B660F4806CB}.Release|x64.ActiveCfg = Release|x64
		{C38808F7-A8B1-413D-9BF4-3B660F4806CB}.Release|x64.Build.0 = Release|x64
		{C38808F7-A8B1-413D-9BF4-3B660F4806CB}.Release|x86.ActiveCfg = Release|Win32
		{C38808F7-A8B1-413D-9BF4-3B660F4806CB}.Release|x86.Build.0 = Release|Win32
		{BDF53E12-2113-478D-A92A-486BCA356C4F}.Debug|x64.ActiveCfg = Debug|x64
		{BDF53E12-2113-478D-A92A-486BCA356C4F}.Debug|x64.Build.0 = Debug|x64
		{BDF53E12-2113-478D-A92A-486BCA356C4F}.Debug|x86.ActiveCfg = Debug|Win32
		{BDF53E12-2113-478D-A92A-486BCA356C4F}.Debug|x86.Build.0 = Debug|Win32
		{BDF53E12-2113-478D-A92A-486BCA356C4F}.Release|x64.ActiveCfg = Release|x64
		{BDF53E12-2113-478D-A92A-486BCA356C4F}.Release|x64.Build.0 = Release|x64
		{BDF53E12-2113-478D-A92A-486BCA356C4F}.Release|x86.ActiveCfg = Release|Win32
		{BDF53E12-2113-478D-A92A-486BCA356C4F}.Release|x86.Build.0 = Release|Win32
		{7EFE06C4-55D4-452E-B20F-89F8A752CD20}.Debug|x64.ActiveCfg = Debug|x64
		{7EFE06C4-55D4-452E-B20F-89F8A752CD20}.Debug|x64.Build.0 = Debug|x64
		{7EFE06C4-55D4-452E-B20F-89F8A752CD20}.Debug|x86.ActiveCfg = Debug|Win32
		{7EFE06C4-55D4-452E-B20F-89F8A752CD20}.Debug|x86.Build.0 = Debug|Win32
		{7EFE06C4-55D4-452E-B20F-89F8A752CD20}.Release|x64.ActiveCfg = Release|x64
		{7EFE06C4-55D4-452E-B20F-89F8A752CD20}.Release|x64.Build.0 = Release|x64
		{7EFE06C4-55D4-452E-B20F-89F8A752CD20}.Release|x86.ActiveCfg = Release|Win32
		{7EFE06C4-55D4-452E-B20F-89F8A752CD20}.Release|x86.Build.0 = Release|Win32
		{1CCBAA0A-5D7F-4F0A-ACE2-A82B0EBF14E5}.Debug|x64.ActiveCfg = Debug|x64
		{1CCBAA0A-5D7F-4F0A-ACE2-A82B0EBF14E5}.Debug|x64.Build.0 = Debug|x64
		{1CCBAA0A-5D7F-4F0A-ACE2-A82B0EBF14E5}.Debug|x86.ActiveCfg = Debug|Win32
		{1CCBAA0A-5D7F-4F0A-ACE2-A82B0EBF14E5}.Debug|x86.Build.0 = Debug|Win32
		{1CCBAA0A-5D7F-4F0A-ACE2-A82B0EBF14E5}.Release|x64.ActiveCfg = Release|x64
		{1CCBAA0A-5D7F-4F0A-ACE2-A82B0EBF14E5}.Release|x64.Build.0 = Release|x64
		{1CCBAA0A-5D7F-4F0A-ACE2-A82B0EBF14E5}.Release|x86.ActiveCfg = Release|Win32
		{1CCBAA0A-5D7F-4F0A-ACE2-A82B0EBF14E5}.Release|x86.Build.0 = Release|Win32
		{1DBB12F1-26EA-4B66-B7F8-2DC91A714921}.Debug|x64.ActiveCfg = Debug|x64
		{1DBB12F1-26EA-4B66-B7F8-2DC91A714921}.Debug|x64.Build.0 = Debug|x64
		{1DBB12F1-26EA-4B66-B7F8-2DC91A714921}.Debug|x86.ActiveCfg = Debug|Win32
		{1DBB12F1-26EA-4B66-B7F8-2DC91A714921}.Debug|x86.Build.0 = Debug|Win32
		{1DBB12F1-26EA-4B66-B7F8-2DC91A714921}.Release|x64.ActiveCfg = Release|x64
		{1DBB12F1-26EA-4B66-B7F8-2DC91A714921}.Release|x64.Build.0 = Release|x64
		{1DBB12F1-26EA-4B66-B7F8-2DC91A714921}.Release|x86.ActiveCfg = Release|Win32
		{1DBB12F1-26EA-4B66-B7F8-2DC91A714921}.Release|x86.Build.0 = Release|Win32
		{48801E67-CF89-47D7-A34C-8633C8C9E259}.Debug|x64.ActiveCfg = Debug|x64
		{48801E67-CF89-47D7-A34C-8633C8C9E259}.Debug|x64.Build.0 = Debug|x64
		{48801E67-CF89-47D7-A34C-8633C8C9E259}.Debug|x86.ActiveCfg = Debug|Win32
		{48801E67-CF89-47D7-A34C-8633C8C9E259}.Debug|x86.Build.0 = Debug|Win32
		{48801E67-CF89-47D7-A34C-8633C8C9E259}.Release|x64.ActiveCfg = Release|x64
		{48801E67-CF89-47D7-A34C-8633C8C9E259}.Release|x64.Build.0 = Release|x64
		{48801E67-CF89-47D7-A34C-8633C8C9E259}.Release|x86.ActiveCfg = Release|Win32
		{48801E67-CF89-47D7-A34C-8633C8C9E259}.Release|x86.Build.0 = Release|Win32
		{F2054381-A980-40A1-8133-A1A94214BAD1}.Debug|x64.ActiveCfg = Debug|x64
		{F2054381-A980-40A1-8133-A1A94214BAD1}.Debug|x64.Build.0 = Debug|x64
		{F2054381-A980-40A1-8133-A1A94214BAD1}.Debug|x86.ActiveCfg = Debug|Win32
		{F2054381-A980-40A1-8133-A1A94214BAD1}.Debug|x86.Build.0 = Debug|Win32
		{F2054381-A980-40A1-8133-A1A94214BAD1}.Release|x64.ActiveCfg = Release|x64
		{F2054381-A980-40A1-8133-A1A94214BAD1}.Release|x64.Build.0 = Release|x64
		{F2054381-A980-40A1-8133-A1A94214BAD1}.Release|x86.ActiveCfg = Release|Win32
		{F2054381-A980-40A1-8133-A1A94214BAD1}.Release|x86.Build.0 = Release|Win32
		{72208904-74A2-493A-9F22-B430A43F989D}.Debug|x64.ActiveCfg = Debug|x64
		{72208904-74A2-493A-9F22-B430A43F989D}.Debug|x64.Build.0 = Debug|x64
		{72208904-74A2-493A-9F22-B430A43F989D}.Debug|x86.ActiveCfg = Debug|Win32
		{72208904-74A2-493A-9F22-B430A43F989D}.Debug|x86.Build.0 = Debug|Win32
		{72208904-74A2-493A-9F22-B430A43F989D}.Release|x64.ActiveCfg = Release|x64
		{72208904-74A2-493A-9F22-B430A43F989D}.Release|x64.Build.0 = Release|x64
		{72208904-74A2-493A-9F22-B430A43F989D}.Release|x86.ActiveCfg = Release|Win32
		{72208904-74A2-493A-9F22-B430A43F989D}.Release|x86.Build.0 = Release|Win32
		{30DD7F54-A339-4C36-A330-A30910F8D8F3}.Debug|x64.ActiveCfg = Debug|x64
		{30DD7F54-A339-4C36-A330-A30910F8D8F3}.Debug|x64.Build.0 = Debug|x64
		{30DD7F54-A339-4C36-A330-A30910F8D8F3}.Debug|x86.ActiveCfg = Debug|Win32
		{30DD7F54-A339-4C36-A330-A30910F8D8F3}.Debug|x86.Build.0 = Debug|Win32
		{30DD7F54-A339-4C36-A330-A30910F8D8F3}.Release|x64.ActiveCfg = Release|x64
		{30DD7F54-A339-4C36-A330-A30910F8D8F3}.Release|x64.Build.0 = Release|x64
		{30DD7F54-A339-4C36-A330-A30910F8D8F3}.Release|x86.ActiveCfg = Release|Win32
		{30DD7F54-A339-4C36-A330-A30910F8D8F3}.Release|x86.Build.0 = Release|Win32
		{6C9341F2-0E02-4CB1-842F-3BA9836F8E90}.Debug|x64.ActiveCfg = Debug|x64
		{6C9341F2-0E02-4CB1-842F-3BA9836F8E90}.Debug|x64.Build.0 = Debug|x64
		{6C9341F2-0E02-4CB1-842F-3BA9836F8E90}.Debug|x86.ActiveCfg = Debug|Win32
		{6C9341F2-0E02-4CB1-842F-3BA9836F8E90}.Debug|x86.Build.0 = Debug|Win32
		{6C9341F2-0E02-4CB1-842F-3BA9836F8E90}.Release|x64.ActiveCfg = Release|x64
		{6C9341F2-0E02-4CB1-842F-3BA9836F8E90}.Release|x64.Build.0 = Release|x64
		{6C9341F2-0E02-4CB1-842F-3BA9836F8E90}.Release|x86.ActiveCfg = Release|Win32
		{6C9341F2-0E02-4CB1-842F-3BA9836F8E90}.Release|x86.Build.0 = Release|Win32
		{9BA3EFAF-B581-44F0-B3D5-92B3BC1F0E60}.Debug|x64.ActiveCfg = Debug|x64
		{9BA3EFAF-B581-44F0-B3D5-92B3BC1F0E60}.Debug|x64.Build.0 = Debug|x64
		{9BA3EFAF-B581-44F0-B3D5-92B3BC1F0E60}.Debug|x86.ActiveCfg = Debug|Win32
		{9BA3EFAF-B581-44F0-B3D5-92B3BC1F0E60}.Debug|x86.Build.0 = Debug|Win32
		{9BA3EFAF-B581-44F0-B3D5-92B3BC1F0E60}.Release|x64.ActiveCfg = Release|x64
		{9BA3EFAF-B581-44F0-B3D5-92B3BC1F0E60}.Release|x64.Build.0 = Release|x64
		{9BA3EFAF-B581-44F0-B3D5-92B3BC1F0E60}.Release|x86.ActiveCfg = Release|Win32
		{9BA3EFAF-B581-44F0-B3D5-92B3BC1F0E60}.Release|x86.Build.0 = Release|Win32
		{80E308C4-4EC9-48D4-B7FB-DF754B69C307}.Debug|x64.ActiveCfg = Debug|x64
		{80E308C4-4EC9-48D4-B7FB-DF754B69C307}.Debug|x64.Build.0 = Debug|x64
		{80E308C4-4EC9-48D4-B7FB-DF754B69C307}.Debug|x86.ActiveCfg = Debug|Win32
		{80E308C4-4EC9-48D4-B7FB-DF754B69C307}.Debug|x86.Build.0 = Debug|Win32
		{80E308C4-4EC9-48D4-B7FB-DF754B69C307}.Release|x64.ActiveCfg = Release|x64
		{80E308C4-4EC9-48D4-B7FB-DF754B69C307}.Release|x64.Build.0 = Release|x64
		{80E308C4-4EC9-48D4-B7FB-DF754B69C307}.Release|x86.ActiveCfg = Release|Win32
		{80E308C4-4EC9-48D4-B7FB-DF754B69C307}.Release|x86.Build.0 = Release|Win32
		{644B4A16-D04B-4F39-AF0E-7F3221CD108A}.Debug|x64.ActiveCfg = Debug|x64
		{644B4A16-D04B-4F39-AF0E-7F3221CD108A}.Debug|x64.Build.0 = Debug|x64
		{644B4A16-D04B-4F39-AF0E-7F3221CD108A}.Debug|x86.ActiveCfg = Debug|Win32
		{644B4A16-D04B-4F39-AF0E-7F3221CD108A}.Debug|x86.Build.0 = Debug|Win32
		{644B4A16-D04B-4F39-AF0E-7F3221CD108A}.Release|x64.ActiveCfg = Release|x64
		{644B4A16-D04B-4F39-AF0E-7F3221CD108A}.Release|x64.Build.0 = Release|x64
		{644B4A16-D04B-4F39-AF0E-7F3221CD108A}.Release|x86.ActiveCfg = Release|Win32
		{644B4A16-D04B-4F39-AF0E-7F3221CD108A}.Release|x86.Build.0 = Release|Win32
		{F1A1C2CF-010C-4EE2-AFE7-AC68519BAC50}.Debug|x64.ActiveCfg = Debug|x64
		{F1A1C2CF-010C-4EE2-AFE7-AC68519BAC50}.Debug|x64.Build.0 = Debug|x64
		{F1A1C2CF-010C-4EE2-AFE7-AC68519BAC50}.Debug|x86.ActiveCfg = Debug|Win32
		{F1A1C2CF-010C-4EE2-AFE7-AC68519BAC50}.Debug|x86.Build.0 = Debug|Win32
		{F1A1C2CF-010C-4EE2-AFE7-AC68519BAC50}.Release|x64.ActiveCfg = Release|x64
		{F1A1C2CF-010C-4EE2-AFE7-AC68519BAC50}.Release|x64.Build.0 = Release|x64
		{F1A1C2CF-010C-4EE2-AFE7-AC68519BAC50}.Release|x86.ActiveCfg = Release|Win32
		{F1A1C2CF-010C-4EE2-AFE7-AC68519BAC50}.Release|x86.Build.0 = Release|Win32
		{1EA88871-FD08-42F4-89CF-B077E2B9855F}.Debug|x64.ActiveCfg = Debug|x64
		{1EA88871-FD08-42F4-89CF-B077E2B9855F}.Debug|x64.Build.0 = Debug|x64
		{1EA88871-FD08-42F4-89CF-B077E2B9855F}.Debug|x86.ActiveCfg = Debug|Win32
		{1EA88871-FD08-42F4-89CF-B077E2B9855F}.Debug|x86.Build.0 = Debug|Win32
		{1EA88871-FD08-42F4-89CF-B077E2B9855F}.Release|x64.ActiveCfg = Release|x64
		{1EA88871-FD08-42F4-89CF-B077E2B9855F}.Release|x64.Build.0 = Release|x64
		{1EA88871-FD08-42F4-89CF-B077E2B9855F}.Release|x86.ActiveCfg = Release|Win32
		{1EA88871-FD08-42F4-89CF-B077E2B9855F}.Release|x86.Build.0 = Release|Win32
		{09FC5A2D-2C0E-42A5-9716-81AB84095221}.Debug|x64.ActiveCfg = Debug|x64
		{09FC5A2D-2C0E-42A5-9716-81AB84095221}.Debug|x64.Build.0 = Debug|x64
		{09FC5A2D-2C0E-42A5-9716-81AB84095221}.Debug|x86.ActiveCfg = Debug|Win32
		{09FC5A2D-2C0E-42A5-9716-81AB84095221}.Debug|x86.Build.0 = Debug|Win32
		{09FC5A2D-2C0E-42A5-9716-81AB84095221}.Release|x64.ActiveCfg = Release|x64
		{09FC5A2D-2C0E-42A5-9716-81AB84095221}.Release|x64.Build.0 = Release|x64
		{09FC5A2D-2C0E-42A5-9716-81AB84095221}.Release|x86.ActiveCfg = Release|Win32
		{09FC5A2D-2C0E-42A5-9716-81AB84095221}.Release|x86.Build.0 = Release|Win32
		{6CBB8234-9290-45E8-92C3-B09A22B4F0B6}.Debug|x64.ActiveCfg = Debug|x64
		{6CBB8234-9290-45E8-92C3-B09A22B4F0B6}.Debug|x64.Build.0 = Debug|x64
		{6CBB8234-9290-45E8-92C3-B09A22B4F0B6}.Debug|x86.ActiveCfg = Debug|Win32
		{6CBB8234-9290-45E8-92C3-B09A22B4F0B6}.Debug|x86.Build.0 = Debug|Win32
		{6CBB8234-9290-45E8-92C3-B09A22B4F0B6}.Release|x64.ActiveCfg = Release|x64
		{6CBB8234-9290-45E8-92C3-B09A22B4F0B6}.Release|x64.Build.0 = Release|x64
		{6CBB8234-9290-45E8-92C3-B09A22B4F0B6}.Release|x86.ActiveCfg = Release|Win32
		{6CBB8234-9290-45E8-92C3-B09A22B4F0B6}.Release|x86.Build.0 = Release|Win32
		{5DECC5AC-E6EC-485E-A000-9A1BE6AE4391}.Debug|x64.ActiveCfg = Debug|x64
		{5DECC5AC-E6EC-485E-A000-9A1BE6AE4391}.Debug|x64.Build.0 = Debug|x64
		{5DECC5AC-E6EC-485E-A000-9A1BE6AE4391}.Debug|x86.ActiveCfg = Debug|Win32
		{5DECC5AC-E6EC-485E-A000-9A1BE6AE4391}.Debug|x86.Build.0 = Debug|Win32
		{5DECC5AC-E6EC-485E-A000-9A1BE6AE4391}.Release|x64.ActiveCfg = Release|x64
		{5DECC5AC-E6EC-485E-A000-9A1BE6AE4391}.Release|x64.Build.0 = Release|x64
		{5DECC5AC-E6EC-485E-A000-9A1BE6AE4391}.Release|x86.ActiveCfg = Release|Win32
		{5DECC5AC-E6EC-485E-A000-9A1BE6AE4391}.Release|x86.Build.0 = Release|Win32
		{1EBCA31D-F1DA-4A1A-953A-7D995FCC14C9}.Debug|x64.ActiveCfg = Debug|x64
		{1EBCA31D-F1DA-4A1A-953A-7D995FCC14C9}.Debug|x64.Build.0 = Debug|x64
		{1EBCA31D-F1DA-4A1A-953A-7D995FCC14C9}.Debug|x86.ActiveCfg = Debug|Win32
		{1EBCA31D-F1DA-4A1A-953A-7D995FCC14C9}.Debug|x86.Build.0 = Debug|Win32
		{1EBCA31D-F1DA-4A1A-953A-7D995FCC14C9}.Release|x64.ActiveCfg = Release|x64
		{1EBCA31D-F1DA-4A1A-953A-7D995FCC14C9}.Release|x64.Build.0 = Release|x64
		{1EBCA31D-F1DA-4A1A-953A-7D995FCC14C9}.Release|x86.ActiveCfg = Release|Win32
		{1EBCA31D-F1DA-4A1A-953A-7D995FCC14C9}.Release|x86.Build.0 = Release|Win32
	EndGlobalSection
	GlobalSection(SolutionProperties) = preSolution
		HideSolutionNode = FALSE
	EndGlobalSection
	GlobalSection(ExtensibilityGlobals) = postSolution
		SolutionGuid = {385BD653-10B5-457B-B00D-AAB0203F22CE}
	EndGlobalSection
EndGlobal
