
Microsoft Visual Studio Solution File, Format Version 12.00
# Visual Studio Version 17
VisualStudioVersion = 17.7.34221.43
MinimumVisualStudioVersion = 10.0.40219.1
Project("{8BC9CEB8-8B4A-11D0-8D11-00A0C91BC942}") = "Bai005", "Bai005\Bai005.vcxproj", "{008F7A17-4BEF-407B-A2C2-43A5FBC69591}"
EndProject
Global
	GlobalSection(SolutionConfigurationPlatforms) = preSolution
		Debug|x64 = Debug|x64
		Debug|x86 = Debug|x86
		Release|x64 = Release|x64
		Release|x86 = Release|x86
	EndGlobalSection
	GlobalSection(ProjectConfigurationPlatforms) = postSolution
		{008F7A17-4BEF-407B-A2C2-43A5FBC69591}.Debug|x64.ActiveCfg = Debug|x64
		{008F7A17-4BEF-407B-A2C2-43A5FBC69591}.Debug|x64.Build.0 = Debug|x64
		{008F7A17-4BEF-407B-A2C2-43A5FBC69591}.Debug|x86.ActiveCfg = Debug|Win32
		{008F7A17-4BEF-407B-A2C2-43A5FBC69591}.Debug|x86.Build.0 = Debug|Win32
		{008F7A17-4BEF-407B-A2C2-43A5FBC69591}.Release|x64.ActiveCfg = Release|x64
		{008F7A17-4BEF-407B-A2C2-43A5FBC69591}.Release|x64.Build.0 = Release|x64
		{008F7A17-4BEF-407B-A2C2-43A5FBC69591}.Release|x86.ActiveCfg = Release|Win32
		{008F7A17-4BEF-407B-A2C2-43A5FBC69591}.Release|x86.Build.0 = Release|Win32
	EndGlobalSection
	GlobalSection(SolutionProperties) = preSolution
		HideSolutionNode = FALSE
	EndGlobalSection
	GlobalSection(ExtensibilityGlobals) = postSolution
		SolutionGuid = {ABB8F58E-88B4-4347-9ED3-2017CB754BBD}
	EndGlobalSection
EndGlobal
