
Microsoft Visual Studio Solution File, Format Version 12.00
# Visual Studio Version 17
VisualStudioVersion = 17.7.34221.43
MinimumVisualStudioVersion = 10.0.40219.1
Project("{8BC9CEB8-8B4A-11D0-8D11-00A0C91BC942}") = "Bai005", "Bai005\Bai005.vcxproj", "{008F7A17-4BEF-407B-A2C2-43A5FBC69591}"
EndProject
Project("{8BC9CEB8-8B4A-11D0-8D11-00A0C91BC942}") = "Bai010", "Bai010\Bai010.vcxproj", "{46A77BA1-A357-4EB6-887B-7A68B83A6431}"
EndProject
Project("{8BC9CEB8-8B4A-11D0-8D11-00A0C91BC942}") = "Bai015", "Bai015\Bai015.vcxproj", "{612C7A3A-72BD-44CA-8B0A-75CCE0496083}"
EndProject
Project("{8BC9CEB8-8B4A-11D0-8D11-00A0C91BC942}") = "Bai020", "Bai020\Bai020.vcxproj", "{877CD7A3-AA48-478D-A929-E9EDD9831CE0}"
EndProject
Project("{8BC9CEB8-8B4A-11D0-8D11-00A0C91BC942}") = "Bai025", "Bai025\Bai025.vcxproj", "{54E8CFFA-9AA0-45B2-86EB-4AAF7DCB793E}"
EndProject
Project("{8BC9CEB8-8B4A-11D0-8D11-00A0C91BC942}") = "Bai030", "Bai030\Bai030.vcxproj", "{984D2F3D-99F2-48F3-B156-9D7D4AFCDC6F}"
EndProject
Project("{8BC9CEB8-8B4A-11D0-8D11-00A0C91BC942}") = "Bai035", "Bai035\Bai035.vcxproj", "{C1936373-CB9E-400F-9709-C257D732FF9E}"
EndProject
Project("{8BC9CEB8-8B4A-11D0-8D11-00A0C91BC942}") = "Bai040", "Bai040\Bai040.vcxproj", "{39BD32AA-E350-4679-8876-7FA349254471}"
EndProject
Project("{8BC9CEB8-8B4A-11D0-8D11-00A0C91BC942}") = "Bai045", "Bai045\Bai045.vcxproj", "{7F35D247-10FA-4C63-866C-40966F6E00F8}"
EndProject
Project("{8BC9CEB8-8B4A-11D0-8D11-00A0C91BC942}") = "Bai050", "Bai050\Bai050.vcxproj", "{AC9DBFE1-4B78-455D-AC41-A36F808779E9}"
EndProject
Project("{8BC9CEB8-8B4A-11D0-8D11-00A0C91BC942}") = "Bai055", "Bai055\Bai055.vcxproj", "{FE3C6000-EF68-43CF-BEB0-EEDFFD77B152}"
EndProject
Project("{8BC9CEB8-8B4A-11D0-8D11-00A0C91BC942}") = "Bai060", "Bai060\Bai060.vcxproj", "{3898B92D-0F12-4F99-8C66-CACA6DB6CD83}"
EndProject
Project("{8BC9CEB8-8B4A-11D0-8D11-00A0C91BC942}") = "Bai065", "Bai065\Bai065.vcxproj", "{75E3C7C5-C01C-4532-8AD1-BE2D1E93A336}"
EndProject
Project("{8BC9CEB8-8B4A-11D0-8D11-00A0C91BC942}") = "Bai070", "Bai070\Bai070.vcxproj", "{20F245DC-4CDB-4239-BFB9-CCEF7C9583CD}"
EndProject
Project("{8BC9CEB8-8B4A-11D0-8D11-00A0C91BC942}") = "Bai075", "Bai075\Bai075.vcxproj", "{F75B0908-E41C-48DC-BD69-699880584B91}"
EndProject
Project("{8BC9CEB8-8B4A-11D0-8D11-00A0C91BC942}") = "Bai080", "Bai080\Bai080.vcxproj", "{DFBB781D-BF9A-45D1-99AD-E8A7D8F97D85}"
EndProject
Project("{8BC9CEB8-8B4A-11D0-8D11-00A0C91BC942}") = "Bai085", "Bai085\Bai085.vcxproj", "{4C74A715-898E-43BA-A8C2-8E4D4C949DCD}"
EndProject
Project("{8BC9CEB8-8B4A-11D0-8D11-00A0C91BC942}") = "Bai090", "Bai090\Bai090.vcxproj", "{3462DFA8-BF34-4173-8960-5498F0D6516E}"
EndProject
Project("{8BC9CEB8-8B4A-11D0-8D11-00A0C91BC942}") = "Bai095", "Bai095\Bai095.vcxproj", "{31C26A58-FA6D-4CBE-8432-B0D346ECB55D}"
EndProject
Project("{8BC9CEB8-8B4A-11D0-8D11-00A0C91BC942}") = "Bai100", "Bai100\Bai100.vcxproj", "{2B507413-2611-4989-820C-83E8C7D53826}"
EndProject
Project("{8BC9CEB8-8B4A-11D0-8D11-00A0C91BC942}") = "Bai105", "Bai105\Bai105.vcxproj", "{09694994-F81E-4D42-AB1C-AA4F8E3CD10D}"
EndProject
Project("{8BC9CEB8-8B4A-11D0-8D11-00A0C91BC942}") = "Bai110", "Bai110\Bai110.vcxproj", "{3EF368D0-0362-4535-8D5E-5588513EBCAC}"
EndProject
Project("{8BC9CEB8-8B4A-11D0-8D11-00A0C91BC942}") = "Bai115", "Bai115\Bai115.vcxproj", "{AC515BBD-E219-4DC4-8AA5-BF9996ABECB6}"
EndProject
Project("{8BC9CEB8-8B4A-11D0-8D11-00A0C91BC942}") = "Bai120", "Bai120\Bai120.vcxproj", "{6239148E-1E9A-4529-BBBE-A6B078BB754D}"
EndProject
Project("{8BC9CEB8-8B4A-11D0-8D11-00A0C91BC942}") = "Bai125", "Bai125\Bai125.vcxproj", "{3D484EE7-F5F8-44D4-9E93-A75851E3AE06}"
EndProject
Project("{8BC9CEB8-8B4A-11D0-8D11-00A0C91BC942}") = "Bai130", "Bai130\Bai130.vcxproj", "{4BDB5C78-76F8-451B-8835-8F767BC83BF1}"
EndProject
Project("{8BC9CEB8-8B4A-11D0-8D11-00A0C91BC942}") = "Bai135", "Bai135\Bai135.vcxproj", "{BED7F81D-5FE3-40E6-8C47-CD6EB450D65A}"
EndProject
Project("{8BC9CEB8-8B4A-11D0-8D11-00A0C91BC942}") = "Bai140", "Bai140\Bai140.vcxproj", "{84E5C148-8381-4588-825C-201CFFA0841C}"
EndProject
Project("{8BC9CEB8-8B4A-11D0-8D11-00A0C91BC942}") = "Bai145", "Bai145\Bai145.vcxproj", "{9E46E6F0-54E4-458A-A0FA-A3E98A4FB730}"
EndProject
Project("{8BC9CEB8-8B4A-11D0-8D11-00A0C91BC942}") = "Bai150", "Bai150\Bai150.vcxproj", "{2EF6873E-05E2-47C4-ACD9-6E27396A9469}"
EndProject
Project("{8BC9CEB8-8B4A-11D0-8D11-00A0C91BC942}") = "Bai155", "Bai155\Bai155.vcxproj", "{FC4B16D9-EA90-4499-BC8C-F1836FEA0A06}"
EndProject
Project("{8BC9CEB8-8B4A-11D0-8D11-00A0C91BC942}") = "Bai160", "Bai160\Bai160.vcxproj", "{0A1BD128-9852-49B5-AE53-633729B9CB78}"
EndProject
Project("{8BC9CEB8-8B4A-11D0-8D11-00A0C91BC942}") = "Bai165", "Bai165\Bai165.vcxproj", "{9D93A918-0ABB-4CC7-819A-764188A24CD4}"
EndProject
Project("{8BC9CEB8-8B4A-11D0-8D11-00A0C91BC942}") = "Bai170", "Bai170\Bai170.vcxproj", "{02EF40A9-B7F0-4FA5-A073-C50BE6DBB46E}"
EndProject
Project("{8BC9CEB8-8B4A-11D0-8D11-00A0C91BC942}") = "Bai175", "Bai175\Bai175.vcxproj", "{2052C565-0396-4E1F-BCD7-B82093B6F356}"
EndProject
Project("{8BC9CEB8-8B4A-11D0-8D11-00A0C91BC942}") = "Bai185", "Bai185\Bai185.vcxproj", "{C34F3055-7C18-49DB-AB1D-5EA10E9B36D4}"
EndProject
Project("{8BC9CEB8-8B4A-11D0-8D11-00A0C91BC942}") = "Bai190", "Bai190\Bai190.vcxproj", "{ABE51388-A64E-4C9E-BB3B-6BE559EAA2A0}"
EndProject
Project("{8BC9CEB8-8B4A-11D0-8D11-00A0C91BC942}") = "Bai195", "Bai195\Bai195.vcxproj", "{6FE27AFA-5967-417C-9082-4A7DF19C24B7}"
EndProject
Project("{8BC9CEB8-8B4A-11D0-8D11-00A0C91BC942}") = "Bai200", "Bai200\Bai200.vcxproj", "{4F4AA0FE-26FC-46F8-B1AF-39EC9332ACF2}"
EndProject
Project("{8BC9CEB8-8B4A-11D0-8D11-00A0C91BC942}") = "Bai210", "Bai210\Bai210.vcxproj", "{4E344A2F-0AAA-46F9-BDDA-B46F599E60A4}"
EndProject
Project("{8BC9CEB8-8B4A-11D0-8D11-00A0C91BC942}") = "Bai215", "Bai215\Bai215.vcxproj", "{8B7C4157-BC90-4F73-9432-FCD10B0FA8C0}"
EndProject
Project("{8BC9CEB8-8B4A-11D0-8D11-00A0C91BC942}") = "Bai220", "Bai220\Bai220.vcxproj", "{6BD32843-A571-4CC6-A7F5-F92BBCE539D4}"
EndProject
Project("{8BC9CEB8-8B4A-11D0-8D11-00A0C91BC942}") = "Bai225", "Bai225\Bai225.vcxproj", "{B4644857-81D8-41A8-8123-01AF07961B83}"
EndProject
Project("{8BC9CEB8-8B4A-11D0-8D11-00A0C91BC942}") = "Bai230", "Bai230\Bai230.vcxproj", "{9A1EC132-48F0-40C4-B098-0D32AC3E09D0}"
EndProject
Project("{8BC9CEB8-8B4A-11D0-8D11-00A0C91BC942}") = "Bai235", "Bai235\Bai235.vcxproj", "{42BD6A75-B49C-4B58-BE32-3F0F30F87343}"
EndProject
Global
	GlobalSection(SolutionConfigurationPlatforms) = preSolution
		Debug|x64 = Debug|x64
		Debug|x86 = Debug|x86
		Release|x64 = Release|x64
		Release|x86 = Release|x86
	EndGlobalSection
	GlobalSection(ProjectConfigurationPlatforms) = postSolution
		{008F7A17-4BEF-407B-A2C2-43A5FBC69591}.Debug|x64.ActiveCfg = Debug|x64
		{008F7A17-4BEF-407B-A2C2-43A5FBC69591}.Debug|x64.Build.0 = Debug|x64
		{008F7A17-4BEF-407B-A2C2-43A5FBC69591}.Debug|x86.ActiveCfg = Debug|Win32
		{008F7A17-4BEF-407B-A2C2-43A5FBC69591}.Debug|x86.Build.0 = Debug|Win32
		{008F7A17-4BEF-407B-A2C2-43A5FBC69591}.Release|x64.ActiveCfg = Release|x64
		{008F7A17-4BEF-407B-A2C2-43A5FBC69591}.Release|x64.Build.0 = Release|x64
		{008F7A17-4BEF-407B-A2C2-43A5FBC69591}.Release|x86.ActiveCfg = Release|Win32
		{008F7A17-4BEF-407B-A2C2-43A5FBC69591}.Release|x86.Build.0 = Release|Win32
		{46A77BA1-A357-4EB6-887B-7A68B83A6431}.Debug|x64.ActiveCfg = Debug|x64
		{46A77BA1-A357-4EB6-887B-7A68B83A6431}.Debug|x64.Build.0 = Debug|x64
		{46A77BA1-A357-4EB6-887B-7A68B83A6431}.Debug|x86.ActiveCfg = Debug|Win32
		{46A77BA1-A357-4EB6-887B-7A68B83A6431}.Debug|x86.Build.0 = Debug|Win32
		{46A77BA1-A357-4EB6-887B-7A68B83A6431}.Release|x64.ActiveCfg = Release|x64
		{46A77BA1-A357-4EB6-887B-7A68B83A6431}.Release|x64.Build.0 = Release|x64
		{46A77BA1-A357-4EB6-887B-7A68B83A6431}.Release|x86.ActiveCfg = Release|Win32
		{46A77BA1-A357-4EB6-887B-7A68B83A6431}.Release|x86.Build.0 = Release|Win32
		{612C7A3A-72BD-44CA-8B0A-75CCE0496083}.Debug|x64.ActiveCfg = Debug|x64
		{612C7A3A-72BD-44CA-8B0A-75CCE0496083}.Debug|x64.Build.0 = Debug|x64
		{612C7A3A-72BD-44CA-8B0A-75CCE0496083}.Debug|x86.ActiveCfg = Debug|Win32
		{612C7A3A-72BD-44CA-8B0A-75CCE0496083}.Debug|x86.Build.0 = Debug|Win32
		{612C7A3A-72BD-44CA-8B0A-75CCE0496083}.Release|x64.ActiveCfg = Release|x64
		{612C7A3A-72BD-44CA-8B0A-75CCE0496083}.Release|x64.Build.0 = Release|x64
		{612C7A3A-72BD-44CA-8B0A-75CCE0496083}.Release|x86.ActiveCfg = Release|Win32
		{612C7A3A-72BD-44CA-8B0A-75CCE0496083}.Release|x86.Build.0 = Release|Win32
		{877CD7A3-AA48-478D-A929-E9EDD9831CE0}.Debug|x64.ActiveCfg = Debug|x64
		{877CD7A3-AA48-478D-A929-E9EDD9831CE0}.Debug|x64.Build.0 = Debug|x64
		{877CD7A3-AA48-478D-A929-E9EDD9831CE0}.Debug|x86.ActiveCfg = Debug|Win32
		{877CD7A3-AA48-478D-A929-E9EDD9831CE0}.Debug|x86.Build.0 = Debug|Win32
		{877CD7A3-AA48-478D-A929-E9EDD9831CE0}.Release|x64.ActiveCfg = Release|x64
		{877CD7A3-AA48-478D-A929-E9EDD9831CE0}.Release|x64.Build.0 = Release|x64
		{877CD7A3-AA48-478D-A929-E9EDD9831CE0}.Release|x86.ActiveCfg = Release|Win32
		{877CD7A3-AA48-478D-A929-E9EDD9831CE0}.Release|x86.Build.0 = Release|Win32
		{54E8CFFA-9AA0-45B2-86EB-4AAF7DCB793E}.Debug|x64.ActiveCfg = Debug|x64
		{54E8CFFA-9AA0-45B2-86EB-4AAF7DCB793E}.Debug|x64.Build.0 = Debug|x64
		{54E8CFFA-9AA0-45B2-86EB-4AAF7DCB793E}.Debug|x86.ActiveCfg = Debug|Win32
		{54E8CFFA-9AA0-45B2-86EB-4AAF7DCB793E}.Debug|x86.Build.0 = Debug|Win32
		{54E8CFFA-9AA0-45B2-86EB-4AAF7DCB793E}.Release|x64.ActiveCfg = Release|x64
		{54E8CFFA-9AA0-45B2-86EB-4AAF7DCB793E}.Release|x64.Build.0 = Release|x64
		{54E8CFFA-9AA0-45B2-86EB-4AAF7DCB793E}.Release|x86.ActiveCfg = Release|Win32
		{54E8CFFA-9AA0-45B2-86EB-4AAF7DCB793E}.Release|x86.Build.0 = Release|Win32
		{984D2F3D-99F2-48F3-B156-9D7D4AFCDC6F}.Debug|x64.ActiveCfg = Debug|x64
		{984D2F3D-99F2-48F3-B156-9D7D4AFCDC6F}.Debug|x64.Build.0 = Debug|x64
		{984D2F3D-99F2-48F3-B156-9D7D4AFCDC6F}.Debug|x86.ActiveCfg = Debug|Win32
		{984D2F3D-99F2-48F3-B156-9D7D4AFCDC6F}.Debug|x86.Build.0 = Debug|Win32
		{984D2F3D-99F2-48F3-B156-9D7D4AFCDC6F}.Release|x64.ActiveCfg = Release|x64
		{984D2F3D-99F2-48F3-B156-9D7D4AFCDC6F}.Release|x64.Build.0 = Release|x64
		{984D2F3D-99F2-48F3-B156-9D7D4AFCDC6F}.Release|x86.ActiveCfg = Release|Win32
		{984D2F3D-99F2-48F3-B156-9D7D4AFCDC6F}.Release|x86.Build.0 = Release|Win32
		{C1936373-CB9E-400F-9709-C257D732FF9E}.Debug|x64.ActiveCfg = Debug|x64
		{C1936373-CB9E-400F-9709-C257D732FF9E}.Debug|x64.Build.0 = Debug|x64
		{C1936373-CB9E-400F-9709-C257D732FF9E}.Debug|x86.ActiveCfg = Debug|Win32
		{C1936373-CB9E-400F-9709-C257D732FF9E}.Debug|x86.Build.0 = Debug|Win32
		{C1936373-CB9E-400F-9709-C257D732FF9E}.Release|x64.ActiveCfg = Release|x64
		{C1936373-CB9E-400F-9709-C257D732FF9E}.Release|x64.Build.0 = Release|x64
		{C1936373-CB9E-400F-9709-C257D732FF9E}.Release|x86.ActiveCfg = Release|Win32
		{C1936373-CB9E-400F-9709-C257D732FF9E}.Release|x86.Build.0 = Release|Win32
		{39BD32AA-E350-4679-8876-7FA349254471}.Debug|x64.ActiveCfg = Debug|x64
		{39BD32AA-E350-4679-8876-7FA349254471}.Debug|x64.Build.0 = Debug|x64
		{39BD32AA-E350-4679-8876-7FA349254471}.Debug|x86.ActiveCfg = Debug|Win32
		{39BD32AA-E350-4679-8876-7FA349254471}.Debug|x86.Build.0 = Debug|Win32
		{39BD32AA-E350-4679-8876-7FA349254471}.Release|x64.ActiveCfg = Release|x64
		{39BD32AA-E350-4679-8876-7FA349254471}.Release|x64.Build.0 = Release|x64
		{39BD32AA-E350-4679-8876-7FA349254471}.Release|x86.ActiveCfg = Release|Win32
		{39BD32AA-E350-4679-8876-7FA349254471}.Release|x86.Build.0 = Release|Win32
		{7F35D247-10FA-4C63-866C-40966F6E00F8}.Debug|x64.ActiveCfg = Debug|x64
		{7F35D247-10FA-4C63-866C-40966F6E00F8}.Debug|x64.Build.0 = Debug|x64
		{7F35D247-10FA-4C63-866C-40966F6E00F8}.Debug|x86.ActiveCfg = Debug|Win32
		{7F35D247-10FA-4C63-866C-40966F6E00F8}.Debug|x86.Build.0 = Debug|Win32
		{7F35D247-10FA-4C63-866C-40966F6E00F8}.Release|x64.ActiveCfg = Release|x64
		{7F35D247-10FA-4C63-866C-40966F6E00F8}.Release|x64.Build.0 = Release|x64
		{7F35D247-10FA-4C63-866C-40966F6E00F8}.Release|x86.ActiveCfg = Release|Win32
		{7F35D247-10FA-4C63-866C-40966F6E00F8}.Release|x86.Build.0 = Release|Win32
		{AC9DBFE1-4B78-455D-AC41-A36F808779E9}.Debug|x64.ActiveCfg = Debug|x64
		{AC9DBFE1-4B78-455D-AC41-A36F808779E9}.Debug|x64.Build.0 = Debug|x64
		{AC9DBFE1-4B78-455D-AC41-A36F808779E9}.Debug|x86.ActiveCfg = Debug|Win32
		{AC9DBFE1-4B78-455D-AC41-A36F808779E9}.Debug|x86.Build.0 = Debug|Win32
		{AC9DBFE1-4B78-455D-AC41-A36F808779E9}.Release|x64.ActiveCfg = Release|x64
		{AC9DBFE1-4B78-455D-AC41-A36F808779E9}.Release|x64.Build.0 = Release|x64
		{AC9DBFE1-4B78-455D-AC41-A36F808779E9}.Release|x86.ActiveCfg = Release|Win32
		{AC9DBFE1-4B78-455D-AC41-A36F808779E9}.Release|x86.Build.0 = Release|Win32
		{FE3C6000-EF68-43CF-BEB0-EEDFFD77B152}.Debug|x64.ActiveCfg = Debug|x64
		{FE3C6000-EF68-43CF-BEB0-EEDFFD77B152}.Debug|x64.Build.0 = Debug|x64
		{FE3C6000-EF68-43CF-BEB0-EEDFFD77B152}.Debug|x86.ActiveCfg = Debug|Win32
		{FE3C6000-EF68-43CF-BEB0-EEDFFD77B152}.Debug|x86.Build.0 = Debug|Win32
		{FE3C6000-EF68-43CF-BEB0-EEDFFD77B152}.Release|x64.ActiveCfg = Release|x64
		{FE3C6000-EF68-43CF-BEB0-EEDFFD77B152}.Release|x64.Build.0 = Release|x64
		{FE3C6000-EF68-43CF-BEB0-EEDFFD77B152}.Release|x86.ActiveCfg = Release|Win32
		{FE3C6000-EF68-43CF-BEB0-EEDFFD77B152}.Release|x86.Build.0 = Release|Win32
		{3898B92D-0F12-4F99-8C66-CACA6DB6CD83}.Debug|x64.ActiveCfg = Debug|x64
		{3898B92D-0F12-4F99-8C66-CACA6DB6CD83}.Debug|x64.Build.0 = Debug|x64
		{3898B92D-0F12-4F99-8C66-CACA6DB6CD83}.Debug|x86.ActiveCfg = Debug|Win32
		{3898B92D-0F12-4F99-8C66-CACA6DB6CD83}.Debug|x86.Build.0 = Debug|Win32
		{3898B92D-0F12-4F99-8C66-CACA6DB6CD83}.Release|x64.ActiveCfg = Release|x64
		{3898B92D-0F12-4F99-8C66-CACA6DB6CD83}.Release|x64.Build.0 = Release|x64
		{3898B92D-0F12-4F99-8C66-CACA6DB6CD83}.Release|x86.ActiveCfg = Release|Win32
		{3898B92D-0F12-4F99-8C66-CACA6DB6CD83}.Release|x86.Build.0 = Release|Win32
		{75E3C7C5-C01C-4532-8AD1-BE2D1E93A336}.Debug|x64.ActiveCfg = Debug|x64
		{75E3C7C5-C01C-4532-8AD1-BE2D1E93A336}.Debug|x64.Build.0 = Debug|x64
		{75E3C7C5-C01C-4532-8AD1-BE2D1E93A336}.Debug|x86.ActiveCfg = Debug|Win32
		{75E3C7C5-C01C-4532-8AD1-BE2D1E93A336}.Debug|x86.Build.0 = Debug|Win32
		{75E3C7C5-C01C-4532-8AD1-BE2D1E93A336}.Release|x64.ActiveCfg = Release|x64
		{75E3C7C5-C01C-4532-8AD1-BE2D1E93A336}.Release|x64.Build.0 = Release|x64
		{75E3C7C5-C01C-4532-8AD1-BE2D1E93A336}.Release|x86.ActiveCfg = Release|Win32
		{75E3C7C5-C01C-4532-8AD1-BE2D1E93A336}.Release|x86.Build.0 = Release|Win32
		{20F245DC-4CDB-4239-BFB9-CCEF7C9583CD}.Debug|x64.ActiveCfg = Debug|x64
		{20F245DC-4CDB-4239-BFB9-CCEF7C9583CD}.Debug|x64.Build.0 = Debug|x64
		{20F245DC-4CDB-4239-BFB9-CCEF7C9583CD}.Debug|x86.ActiveCfg = Debug|Win32
		{20F245DC-4CDB-4239-BFB9-CCEF7C9583CD}.Debug|x86.Build.0 = Debug|Win32
		{20F245DC-4CDB-4239-BFB9-CCEF7C9583CD}.Release|x64.ActiveCfg = Release|x64
		{20F245DC-4CDB-4239-BFB9-CCEF7C9583CD}.Release|x64.Build.0 = Release|x64
		{20F245DC-4CDB-4239-BFB9-CCEF7C9583CD}.Release|x86.ActiveCfg = Release|Win32
		{20F245DC-4CDB-4239-BFB9-CCEF7C9583CD}.Release|x86.Build.0 = Release|Win32
		{F75B0908-E41C-48DC-BD69-699880584B91}.Debug|x64.ActiveCfg = Debug|x64
		{F75B0908-E41C-48DC-BD69-699880584B91}.Debug|x64.Build.0 = Debug|x64
		{F75B0908-E41C-48DC-BD69-699880584B91}.Debug|x86.ActiveCfg = Debug|Win32
		{F75B0908-E41C-48DC-BD69-699880584B91}.Debug|x86.Build.0 = Debug|Win32
		{F75B0908-E41C-48DC-BD69-699880584B91}.Release|x64.ActiveCfg = Release|x64
		{F75B0908-E41C-48DC-BD69-699880584B91}.Release|x64.Build.0 = Release|x64
		{F75B0908-E41C-48DC-BD69-699880584B91}.Release|x86.ActiveCfg = Release|Win32
		{F75B0908-E41C-48DC-BD69-699880584B91}.Release|x86.Build.0 = Release|Win32
		{DFBB781D-BF9A-45D1-99AD-E8A7D8F97D85}.Debug|x64.ActiveCfg = Debug|x64
		{DFBB781D-BF9A-45D1-99AD-E8A7D8F97D85}.Debug|x64.Build.0 = Debug|x64
		{DFBB781D-BF9A-45D1-99AD-E8A7D8F97D85}.Debug|x86.ActiveCfg = Debug|Win32
		{DFBB781D-BF9A-45D1-99AD-E8A7D8F97D85}.Debug|x86.Build.0 = Debug|Win32
		{DFBB781D-BF9A-45D1-99AD-E8A7D8F97D85}.Release|x64.ActiveCfg = Release|x64
		{DFBB781D-BF9A-45D1-99AD-E8A7D8F97D85}.Release|x64.Build.0 = Release|x64
		{DFBB781D-BF9A-45D1-99AD-E8A7D8F97D85}.Release|x86.ActiveCfg = Release|Win32
		{DFBB781D-BF9A-45D1-99AD-E8A7D8F97D85}.Release|x86.Build.0 = Release|Win32
		{4C74A715-898E-43BA-A8C2-8E4D4C949DCD}.Debug|x64.ActiveCfg = Debug|x64
		{4C74A715-898E-43BA-A8C2-8E4D4C949DCD}.Debug|x64.Build.0 = Debug|x64
		{4C74A715-898E-43BA-A8C2-8E4D4C949DCD}.Debug|x86.ActiveCfg = Debug|Win32
		{4C74A715-898E-43BA-A8C2-8E4D4C949DCD}.Debug|x86.Build.0 = Debug|Win32
		{4C74A715-898E-43BA-A8C2-8E4D4C949DCD}.Release|x64.ActiveCfg = Release|x64
		{4C74A715-898E-43BA-A8C2-8E4D4C949DCD}.Release|x64.Build.0 = Release|x64
		{4C74A715-898E-43BA-A8C2-8E4D4C949DCD}.Release|x86.ActiveCfg = Release|Win32
		{4C74A715-898E-43BA-A8C2-8E4D4C949DCD}.Release|x86.Build.0 = Release|Win32
		{3462DFA8-BF34-4173-8960-5498F0D6516E}.Debug|x64.ActiveCfg = Debug|x64
		{3462DFA8-BF34-4173-8960-5498F0D6516E}.Debug|x64.Build.0 = Debug|x64
		{3462DFA8-BF34-4173-8960-5498F0D6516E}.Debug|x86.ActiveCfg = Debug|Win32
		{3462DFA8-BF34-4173-8960-5498F0D6516E}.Debug|x86.Build.0 = Debug|Win32
		{3462DFA8-BF34-4173-8960-5498F0D6516E}.Release|x64.ActiveCfg = Release|x64
		{3462DFA8-BF34-4173-8960-5498F0D6516E}.Release|x64.Build.0 = Release|x64
		{3462DFA8-BF34-4173-8960-5498F0D6516E}.Release|x86.ActiveCfg = Release|Win32
		{3462DFA8-BF34-4173-8960-5498F0D6516E}.Release|x86.Build.0 = Release|Win32
		{31C26A58-FA6D-4CBE-8432-B0D346ECB55D}.Debug|x64.ActiveCfg = Debug|x64
		{31C26A58-FA6D-4CBE-8432-B0D346ECB55D}.Debug|x64.Build.0 = Debug|x64
		{31C26A58-FA6D-4CBE-8432-B0D346ECB55D}.Debug|x86.ActiveCfg = Debug|Win32
		{31C26A58-FA6D-4CBE-8432-B0D346ECB55D}.Debug|x86.Build.0 = Debug|Win32
		{31C26A58-FA6D-4CBE-8432-B0D346ECB55D}.Release|x64.ActiveCfg = Release|x64
		{31C26A58-FA6D-4CBE-8432-B0D346ECB55D}.Release|x64.Build.0 = Release|x64
		{31C26A58-FA6D-4CBE-8432-B0D346ECB55D}.Release|x86.ActiveCfg = Release|Win32
		{31C26A58-FA6D-4CBE-8432-B0D346ECB55D}.Release|x86.Build.0 = Release|Win32
		{2B507413-2611-4989-820C-83E8C7D53826}.Debug|x64.ActiveCfg = Debug|x64
		{2B507413-2611-4989-820C-83E8C7D53826}.Debug|x64.Build.0 = Debug|x64
		{2B507413-2611-4989-820C-83E8C7D53826}.Debug|x86.ActiveCfg = Debug|Win32
		{2B507413-2611-4989-820C-83E8C7D53826}.Debug|x86.Build.0 = Debug|Win32
		{2B507413-2611-4989-820C-83E8C7D53826}.Release|x64.ActiveCfg = Release|x64
		{2B507413-2611-4989-820C-83E8C7D53826}.Release|x64.Build.0 = Release|x64
		{2B507413-2611-4989-820C-83E8C7D53826}.Release|x86.ActiveCfg = Release|Win32
		{2B507413-2611-4989-820C-83E8C7D53826}.Release|x86.Build.0 = Release|Win32
		{09694994-F81E-4D42-AB1C-AA4F8E3CD10D}.Debug|x64.ActiveCfg = Debug|x64
		{09694994-F81E-4D42-AB1C-AA4F8E3CD10D}.Debug|x64.Build.0 = Debug|x64
		{09694994-F81E-4D42-AB1C-AA4F8E3CD10D}.Debug|x86.ActiveCfg = Debug|Win32
		{09694994-F81E-4D42-AB1C-AA4F8E3CD10D}.Debug|x86.Build.0 = Debug|Win32
		{09694994-F81E-4D42-AB1C-AA4F8E3CD10D}.Release|x64.ActiveCfg = Release|x64
		{09694994-F81E-4D42-AB1C-AA4F8E3CD10D}.Release|x64.Build.0 = Release|x64
		{09694994-F81E-4D42-AB1C-AA4F8E3CD10D}.Release|x86.ActiveCfg = Release|Win32
		{09694994-F81E-4D42-AB1C-AA4F8E3CD10D}.Release|x86.Build.0 = Release|Win32
		{3EF368D0-0362-4535-8D5E-5588513EBCAC}.Debug|x64.ActiveCfg = Debug|x64
		{3EF368D0-0362-4535-8D5E-5588513EBCAC}.Debug|x64.Build.0 = Debug|x64
		{3EF368D0-0362-4535-8D5E-5588513EBCAC}.Debug|x86.ActiveCfg = Debug|Win32
		{3EF368D0-0362-4535-8D5E-5588513EBCAC}.Debug|x86.Build.0 = Debug|Win32
		{3EF368D0-0362-4535-8D5E-5588513EBCAC}.Release|x64.ActiveCfg = Release|x64
		{3EF368D0-0362-4535-8D5E-5588513EBCAC}.Release|x64.Build.0 = Release|x64
		{3EF368D0-0362-4535-8D5E-5588513EBCAC}.Release|x86.ActiveCfg = Release|Win32
		{3EF368D0-0362-4535-8D5E-5588513EBCAC}.Release|x86.Build.0 = Release|Win32
		{AC515BBD-E219-4DC4-8AA5-BF9996ABECB6}.Debug|x64.ActiveCfg = Debug|x64
		{AC515BBD-E219-4DC4-8AA5-BF9996ABECB6}.Debug|x64.Build.0 = Debug|x64
		{AC515BBD-E219-4DC4-8AA5-BF9996ABECB6}.Debug|x86.ActiveCfg = Debug|Win32
		{AC515BBD-E219-4DC4-8AA5-BF9996ABECB6}.Debug|x86.Build.0 = Debug|Win32
		{AC515BBD-E219-4DC4-8AA5-BF9996ABECB6}.Release|x64.ActiveCfg = Release|x64
		{AC515BBD-E219-4DC4-8AA5-BF9996ABECB6}.Release|x64.Build.0 = Release|x64
		{AC515BBD-E219-4DC4-8AA5-BF9996ABECB6}.Release|x86.ActiveCfg = Release|Win32
		{AC515BBD-E219-4DC4-8AA5-BF9996ABECB6}.Release|x86.Build.0 = Release|Win32
		{6239148E-1E9A-4529-BBBE-A6B078BB754D}.Debug|x64.ActiveCfg = Debug|x64
		{6239148E-1E9A-4529-BBBE-A6B078BB754D}.Debug|x64.Build.0 = Debug|x64
		{6239148E-1E9A-4529-BBBE-A6B078BB754D}.Debug|x86.ActiveCfg = Debug|Win32
		{6239148E-1E9A-4529-BBBE-A6B078BB754D}.Debug|x86.Build.0 = Debug|Win32
		{6239148E-1E9A-4529-BBBE-A6B078BB754D}.Release|x64.ActiveCfg = Release|x64
		{6239148E-1E9A-4529-BBBE-A6B078BB754D}.Release|x64.Build.0 = Release|x64
		{6239148E-1E9A-4529-BBBE-A6B078BB754D}.Release|x86.ActiveCfg = Release|Win32
		{6239148E-1E9A-4529-BBBE-A6B078BB754D}.Release|x86.Build.0 = Release|Win32
		{3D484EE7-F5F8-44D4-9E93-A75851E3AE06}.Debug|x64.ActiveCfg = Debug|x64
		{3D484EE7-F5F8-44D4-9E93-A75851E3AE06}.Debug|x64.Build.0 = Debug|x64
		{3D484EE7-F5F8-44D4-9E93-A75851E3AE06}.Debug|x86.ActiveCfg = Debug|Win32
		{3D484EE7-F5F8-44D4-9E93-A75851E3AE06}.Debug|x86.Build.0 = Debug|Win32
		{3D484EE7-F5F8-44D4-9E93-A75851E3AE06}.Release|x64.ActiveCfg = Release|x64
		{3D484EE7-F5F8-44D4-9E93-A75851E3AE06}.Release|x64.Build.0 = Release|x64
		{3D484EE7-F5F8-44D4-9E93-A75851E3AE06}.Release|x86.ActiveCfg = Release|Win32
		{3D484EE7-F5F8-44D4-9E93-A75851E3AE06}.Release|x86.Build.0 = Release|Win32
		{4BDB5C78-76F8-451B-8835-8F767BC83BF1}.Debug|x64.ActiveCfg = Debug|x64
		{4BDB5C78-76F8-451B-8835-8F767BC83BF1}.Debug|x64.Build.0 = Debug|x64
		{4BDB5C78-76F8-451B-8835-8F767BC83BF1}.Debug|x86.ActiveCfg = Debug|Win32
		{4BDB5C78-76F8-451B-8835-8F767BC83BF1}.Debug|x86.Build.0 = Debug|Win32
		{4BDB5C78-76F8-451B-8835-8F767BC83BF1}.Release|x64.ActiveCfg = Release|x64
		{4BDB5C78-76F8-451B-8835-8F767BC83BF1}.Release|x64.Build.0 = Release|x64
		{4BDB5C78-76F8-451B-8835-8F767BC83BF1}.Release|x86.ActiveCfg = Release|Win32
		{4BDB5C78-76F8-451B-8835-8F767BC83BF1}.Release|x86.Build.0 = Release|Win32
		{BED7F81D-5FE3-40E6-8C47-CD6EB450D65A}.Debug|x64.ActiveCfg = Debug|x64
		{BED7F81D-5FE3-40E6-8C47-CD6EB450D65A}.Debug|x64.Build.0 = Debug|x64
		{BED7F81D-5FE3-40E6-8C47-CD6EB450D65A}.Debug|x86.ActiveCfg = Debug|Win32
		{BED7F81D-5FE3-40E6-8C47-CD6EB450D65A}.Debug|x86.Build.0 = Debug|Win32
		{BED7F81D-5FE3-40E6-8C47-CD6EB450D65A}.Release|x64.ActiveCfg = Release|x64
		{BED7F81D-5FE3-40E6-8C47-CD6EB450D65A}.Release|x64.Build.0 = Release|x64
		{BED7F81D-5FE3-40E6-8C47-CD6EB450D65A}.Release|x86.ActiveCfg = Release|Win32
		{BED7F81D-5FE3-40E6-8C47-CD6EB450D65A}.Release|x86.Build.0 = Release|Win32
		{84E5C148-8381-4588-825C-201CFFA0841C}.Debug|x64.ActiveCfg = Debug|x64
		{84E5C148-8381-4588-825C-201CFFA0841C}.Debug|x64.Build.0 = Debug|x64
		{84E5C148-8381-4588-825C-201CFFA0841C}.Debug|x86.ActiveCfg = Debug|Win32
		{84E5C148-8381-4588-825C-201CFFA0841C}.Debug|x86.Build.0 = Debug|Win32
		{84E5C148-8381-4588-825C-201CFFA0841C}.Release|x64.ActiveCfg = Release|x64
		{84E5C148-8381-4588-825C-201CFFA0841C}.Release|x64.Build.0 = Release|x64
		{84E5C148-8381-4588-825C-201CFFA0841C}.Release|x86.ActiveCfg = Release|Win32
		{84E5C148-8381-4588-825C-201CFFA0841C}.Release|x86.Build.0 = Release|Win32
		{9E46E6F0-54E4-458A-A0FA-A3E98A4FB730}.Debug|x64.ActiveCfg = Debug|x64
		{9E46E6F0-54E4-458A-A0FA-A3E98A4FB730}.Debug|x64.Build.0 = Debug|x64
		{9E46E6F0-54E4-458A-A0FA-A3E98A4FB730}.Debug|x86.ActiveCfg = Debug|Win32
		{9E46E6F0-54E4-458A-A0FA-A3E98A4FB730}.Debug|x86.Build.0 = Debug|Win32
		{9E46E6F0-54E4-458A-A0FA-A3E98A4FB730}.Release|x64.ActiveCfg = Release|x64
		{9E46E6F0-54E4-458A-A0FA-A3E98A4FB730}.Release|x64.Build.0 = Release|x64
		{9E46E6F0-54E4-458A-A0FA-A3E98A4FB730}.Release|x86.ActiveCfg = Release|Win32
		{9E46E6F0-54E4-458A-A0FA-A3E98A4FB730}.Release|x86.Build.0 = Release|Win32
		{2EF6873E-05E2-47C4-ACD9-6E27396A9469}.Debug|x64.ActiveCfg = Debug|x64
		{2EF6873E-05E2-47C4-ACD9-6E27396A9469}.Debug|x64.Build.0 = Debug|x64
		{2EF6873E-05E2-47C4-ACD9-6E27396A9469}.Debug|x86.ActiveCfg = Debug|Win32
		{2EF6873E-05E2-47C4-ACD9-6E27396A9469}.Debug|x86.Build.0 = Debug|Win32
		{2EF6873E-05E2-47C4-ACD9-6E27396A9469}.Release|x64.ActiveCfg = Release|x64
		{2EF6873E-05E2-47C4-ACD9-6E27396A9469}.Release|x64.Build.0 = Release|x64
		{2EF6873E-05E2-47C4-ACD9-6E27396A9469}.Release|x86.ActiveCfg = Release|Win32
		{2EF6873E-05E2-47C4-ACD9-6E27396A9469}.Release|x86.Build.0 = Release|Win32
		{FC4B16D9-EA90-4499-BC8C-F1836FEA0A06}.Debug|x64.ActiveCfg = Debug|x64
		{FC4B16D9-EA90-4499-BC8C-F1836FEA0A06}.Debug|x64.Build.0 = Debug|x64
		{FC4B16D9-EA90-4499-BC8C-F1836FEA0A06}.Debug|x86.ActiveCfg = Debug|Win32
		{FC4B16D9-EA90-4499-BC8C-F1836FEA0A06}.Debug|x86.Build.0 = Debug|Win32
		{FC4B16D9-EA90-4499-BC8C-F1836FEA0A06}.Release|x64.ActiveCfg = Release|x64
		{FC4B16D9-EA90-4499-BC8C-F1836FEA0A06}.Release|x64.Build.0 = Release|x64
		{FC4B16D9-EA90-4499-BC8C-F1836FEA0A06}.Release|x86.ActiveCfg = Release|Win32
		{FC4B16D9-EA90-4499-BC8C-F1836FEA0A06}.Release|x86.Build.0 = Release|Win32
		{0A1BD128-9852-49B5-AE53-633729B9CB78}.Debug|x64.ActiveCfg = Debug|x64
		{0A1BD128-9852-49B5-AE53-633729B9CB78}.Debug|x64.Build.0 = Debug|x64
		{0A1BD128-9852-49B5-AE53-633729B9CB78}.Debug|x86.ActiveCfg = Debug|Win32
		{0A1BD128-9852-49B5-AE53-633729B9CB78}.Debug|x86.Build.0 = Debug|Win32
		{0A1BD128-9852-49B5-AE53-633729B9CB78}.Release|x64.ActiveCfg = Release|x64
		{0A1BD128-9852-49B5-AE53-633729B9CB78}.Release|x64.Build.0 = Release|x64
		{0A1BD128-9852-49B5-AE53-633729B9CB78}.Release|x86.ActiveCfg = Release|Win32
		{0A1BD128-9852-49B5-AE53-633729B9CB78}.Release|x86.Build.0 = Release|Win32
		{9D93A918-0ABB-4CC7-819A-764188A24CD4}.Debug|x64.ActiveCfg = Debug|x64
		{9D93A918-0ABB-4CC7-819A-764188A24CD4}.Debug|x64.Build.0 = Debug|x64
		{9D93A918-0ABB-4CC7-819A-764188A24CD4}.Debug|x86.ActiveCfg = Debug|Win32
		{9D93A918-0ABB-4CC7-819A-764188A24CD4}.Debug|x86.Build.0 = Debug|Win32
		{9D93A918-0ABB-4CC7-819A-764188A24CD4}.Release|x64.ActiveCfg = Release|x64
		{9D93A918-0ABB-4CC7-819A-764188A24CD4}.Release|x64.Build.0 = Release|x64
		{9D93A918-0ABB-4CC7-819A-764188A24CD4}.Release|x86.ActiveCfg = Release|Win32
		{9D93A918-0ABB-4CC7-819A-764188A24CD4}.Release|x86.Build.0 = Release|Win32
		{02EF40A9-B7F0-4FA5-A073-C50BE6DBB46E}.Debug|x64.ActiveCfg = Debug|x64
		{02EF40A9-B7F0-4FA5-A073-C50BE6DBB46E}.Debug|x64.Build.0 = Debug|x64
		{02EF40A9-B7F0-4FA5-A073-C50BE6DBB46E}.Debug|x86.ActiveCfg = Debug|Win32
		{02EF40A9-B7F0-4FA5-A073-C50BE6DBB46E}.Debug|x86.Build.0 = Debug|Win32
		{02EF40A9-B7F0-4FA5-A073-C50BE6DBB46E}.Release|x64.ActiveCfg = Release|x64
		{02EF40A9-B7F0-4FA5-A073-C50BE6DBB46E}.Release|x64.Build.0 = Release|x64
		{02EF40A9-B7F0-4FA5-A073-C50BE6DBB46E}.Release|x86.ActiveCfg = Release|Win32
		{02EF40A9-B7F0-4FA5-A073-C50BE6DBB46E}.Release|x86.Build.0 = Release|Win32
		{2052C565-0396-4E1F-BCD7-B82093B6F356}.Debug|x64.ActiveCfg = Debug|x64
		{2052C565-0396-4E1F-BCD7-B82093B6F356}.Debug|x64.Build.0 = Debug|x64
		{2052C565-0396-4E1F-BCD7-B82093B6F356}.Debug|x86.ActiveCfg = Debug|Win32
		{2052C565-0396-4E1F-BCD7-B82093B6F356}.Debug|x86.Build.0 = Debug|Win32
		{2052C565-0396-4E1F-BCD7-B82093B6F356}.Release|x64.ActiveCfg = Release|x64
		{2052C565-0396-4E1F-BCD7-B82093B6F356}.Release|x64.Build.0 = Release|x64
		{2052C565-0396-4E1F-BCD7-B82093B6F356}.Release|x86.ActiveCfg = Release|Win32
		{2052C565-0396-4E1F-BCD7-B82093B6F356}.Release|x86.Build.0 = Release|Win32
		{C34F3055-7C18-49DB-AB1D-5EA10E9B36D4}.Debug|x64.ActiveCfg = Debug|x64
		{C34F3055-7C18-49DB-AB1D-5EA10E9B36D4}.Debug|x64.Build.0 = Debug|x64
		{C34F3055-7C18-49DB-AB1D-5EA10E9B36D4}.Debug|x86.ActiveCfg = Debug|Win32
		{C34F3055-7C18-49DB-AB1D-5EA10E9B36D4}.Debug|x86.Build.0 = Debug|Win32
		{C34F3055-7C18-49DB-AB1D-5EA10E9B36D4}.Release|x64.ActiveCfg = Release|x64
		{C34F3055-7C18-49DB-AB1D-5EA10E9B36D4}.Release|x64.Build.0 = Release|x64
		{C34F3055-7C18-49DB-AB1D-5EA10E9B36D4}.Release|x86.ActiveCfg = Release|Win32
		{C34F3055-7C18-49DB-AB1D-5EA10E9B36D4}.Release|x86.Build.0 = Release|Win32
		{ABE51388-A64E-4C9E-BB3B-6BE559EAA2A0}.Debug|x64.ActiveCfg = Debug|x64
		{ABE51388-A64E-4C9E-BB3B-6BE559EAA2A0}.Debug|x64.Build.0 = Debug|x64
		{ABE51388-A64E-4C9E-BB3B-6BE559EAA2A0}.Debug|x86.ActiveCfg = Debug|Win32
		{ABE51388-A64E-4C9E-BB3B-6BE559EAA2A0}.Debug|x86.Build.0 = Debug|Win32
		{ABE51388-A64E-4C9E-BB3B-6BE559EAA2A0}.Release|x64.ActiveCfg = Release|x64
		{ABE51388-A64E-4C9E-BB3B-6BE559EAA2A0}.Release|x64.Build.0 = Release|x64
		{ABE51388-A64E-4C9E-BB3B-6BE559EAA2A0}.Release|x86.ActiveCfg = Release|Win32
		{ABE51388-A64E-4C9E-BB3B-6BE559EAA2A0}.Release|x86.Build.0 = Release|Win32
		{6FE27AFA-5967-417C-9082-4A7DF19C24B7}.Debug|x64.ActiveCfg = Debug|x64
		{6FE27AFA-5967-417C-9082-4A7DF19C24B7}.Debug|x64.Build.0 = Debug|x64
		{6FE27AFA-5967-417C-9082-4A7DF19C24B7}.Debug|x86.ActiveCfg = Debug|Win32
		{6FE27AFA-5967-417C-9082-4A7DF19C24B7}.Debug|x86.Build.0 = Debug|Win32
		{6FE27AFA-5967-417C-9082-4A7DF19C24B7}.Release|x64.ActiveCfg = Release|x64
		{6FE27AFA-5967-417C-9082-4A7DF19C24B7}.Release|x64.Build.0 = Release|x64
		{6FE27AFA-5967-417C-9082-4A7DF19C24B7}.Release|x86.ActiveCfg = Release|Win32
		{6FE27AFA-5967-417C-9082-4A7DF19C24B7}.Release|x86.Build.0 = Release|Win32
		{4F4AA0FE-26FC-46F8-B1AF-39EC9332ACF2}.Debug|x64.ActiveCfg = Debug|x64
		{4F4AA0FE-26FC-46F8-B1AF-39EC9332ACF2}.Debug|x64.Build.0 = Debug|x64
		{4F4AA0FE-26FC-46F8-B1AF-39EC9332ACF2}.Debug|x86.ActiveCfg = Debug|Win32
		{4F4AA0FE-26FC-46F8-B1AF-39EC9332ACF2}.Debug|x86.Build.0 = Debug|Win32
		{4F4AA0FE-26FC-46F8-B1AF-39EC9332ACF2}.Release|x64.ActiveCfg = Release|x64
		{4F4AA0FE-26FC-46F8-B1AF-39EC9332ACF2}.Release|x64.Build.0 = Release|x64
		{4F4AA0FE-26FC-46F8-B1AF-39EC9332ACF2}.Release|x86.ActiveCfg = Release|Win32
		{4F4AA0FE-26FC-46F8-B1AF-39EC9332ACF2}.Release|x86.Build.0 = Release|Win32
		{4E344A2F-0AAA-46F9-BDDA-B46F599E60A4}.Debug|x64.ActiveCfg = Debug|x64
		{4E344A2F-0AAA-46F9-BDDA-B46F599E60A4}.Debug|x64.Build.0 = Debug|x64
		{4E344A2F-0AAA-46F9-BDDA-B46F599E60A4}.Debug|x86.ActiveCfg = Debug|Win32
		{4E344A2F-0AAA-46F9-BDDA-B46F599E60A4}.Debug|x86.Build.0 = Debug|Win32
		{4E344A2F-0AAA-46F9-BDDA-B46F599E60A4}.Release|x64.ActiveCfg = Release|x64
		{4E344A2F-0AAA-46F9-BDDA-B46F599E60A4}.Release|x64.Build.0 = Release|x64
		{4E344A2F-0AAA-46F9-BDDA-B46F599E60A4}.Release|x86.ActiveCfg = Release|Win32
		{4E344A2F-0AAA-46F9-BDDA-B46F599E60A4}.Release|x86.Build.0 = Release|Win32
		{8B7C4157-BC90-4F73-9432-FCD10B0FA8C0}.Debug|x64.ActiveCfg = Debug|x64
		{8B7C4157-BC90-4F73-9432-FCD10B0FA8C0}.Debug|x64.Build.0 = Debug|x64
		{8B7C4157-BC90-4F73-9432-FCD10B0FA8C0}.Debug|x86.ActiveCfg = Debug|Win32
		{8B7C4157-BC90-4F73-9432-FCD10B0FA8C0}.Debug|x86.Build.0 = Debug|Win32
		{8B7C4157-BC90-4F73-9432-FCD10B0FA8C0}.Release|x64.ActiveCfg = Release|x64
		{8B7C4157-BC90-4F73-9432-FCD10B0FA8C0}.Release|x64.Build.0 = Release|x64
		{8B7C4157-BC90-4F73-9432-FCD10B0FA8C0}.Release|x86.ActiveCfg = Release|Win32
		{8B7C4157-BC90-4F73-9432-FCD10B0FA8C0}.Release|x86.Build.0 = Release|Win32
		{6BD32843-A571-4CC6-A7F5-F92BBCE539D4}.Debug|x64.ActiveCfg = Debug|x64
		{6BD32843-A571-4CC6-A7F5-F92BBCE539D4}.Debug|x64.Build.0 = Debug|x64
		{6BD32843-A571-4CC6-A7F5-F92BBCE539D4}.Debug|x86.ActiveCfg = Debug|Win32
		{6BD32843-A571-4CC6-A7F5-F92BBCE539D4}.Debug|x86.Build.0 = Debug|Win32
		{6BD32843-A571-4CC6-A7F5-F92BBCE539D4}.Release|x64.ActiveCfg = Release|x64
		{6BD32843-A571-4CC6-A7F5-F92BBCE539D4}.Release|x64.Build.0 = Release|x64
		{6BD32843-A571-4CC6-A7F5-F92BBCE539D4}.Release|x86.ActiveCfg = Release|Win32
		{6BD32843-A571-4CC6-A7F5-F92BBCE539D4}.Release|x86.Build.0 = Release|Win32
		{B4644857-81D8-41A8-8123-01AF07961B83}.Debug|x64.ActiveCfg = Debug|x64
		{B4644857-81D8-41A8-8123-01AF07961B83}.Debug|x64.Build.0 = Debug|x64
		{B4644857-81D8-41A8-8123-01AF07961B83}.Debug|x86.ActiveCfg = Debug|Win32
		{B4644857-81D8-41A8-8123-01AF07961B83}.Debug|x86.Build.0 = Debug|Win32
		{B4644857-81D8-41A8-8123-01AF07961B83}.Release|x64.ActiveCfg = Release|x64
		{B4644857-81D8-41A8-8123-01AF07961B83}.Release|x64.Build.0 = Release|x64
		{B4644857-81D8-41A8-8123-01AF07961B83}.Release|x86.ActiveCfg = Release|Win32
		{B4644857-81D8-41A8-8123-01AF07961B83}.Release|x86.Build.0 = Release|Win32
		{9A1EC132-48F0-40C4-B098-0D32AC3E09D0}.Debug|x64.ActiveCfg = Debug|x64
		{9A1EC132-48F0-40C4-B098-0D32AC3E09D0}.Debug|x64.Build.0 = Debug|x64
		{9A1EC132-48F0-40C4-B098-0D32AC3E09D0}.Debug|x86.ActiveCfg = Debug|Win32
		{9A1EC132-48F0-40C4-B098-0D32AC3E09D0}.Debug|x86.Build.0 = Debug|Win32
		{9A1EC132-48F0-40C4-B098-0D32AC3E09D0}.Release|x64.ActiveCfg = Release|x64
		{9A1EC132-48F0-40C4-B098-0D32AC3E09D0}.Release|x64.Build.0 = Release|x64
		{9A1EC132-48F0-40C4-B098-0D32AC3E09D0}.Release|x86.ActiveCfg = Release|Win32
		{9A1EC132-48F0-40C4-B098-0D32AC3E09D0}.Release|x86.Build.0 = Release|Win32
		{42BD6A75-B49C-4B58-BE32-3F0F30F87343}.Debug|x64.ActiveCfg = Debug|x64
		{42BD6A75-B49C-4B58-BE32-3F0F30F87343}.Debug|x64.Build.0 = Debug|x64
		{42BD6A75-B49C-4B58-BE32-3F0F30F87343}.Debug|x86.ActiveCfg = Debug|Win32
		{42BD6A75-B49C-4B58-BE32-3F0F30F87343}.Debug|x86.Build.0 = Debug|Win32
		{42BD6A75-B49C-4B58-BE32-3F0F30F87343}.Release|x64.ActiveCfg = Release|x64
		{42BD6A75-B49C-4B58-BE32-3F0F30F87343}.Release|x64.Build.0 = Release|x64
		{42BD6A75-B49C-4B58-BE32-3F0F30F87343}.Release|x86.ActiveCfg = Release|Win32
		{42BD6A75-B49C-4B58-BE32-3F0F30F87343}.Release|x86.Build.0 = Release|Win32
	EndGlobalSection
	GlobalSection(SolutionProperties) = preSolution
		HideSolutionNode = FALSE
	EndGlobalSection
	GlobalSection(ExtensibilityGlobals) = postSolution
		SolutionGuid = {ABB8F58E-88B4-4347-9ED3-2017CB754BBD}
	EndGlobalSection
EndGlobal
