
Microsoft Visual Studio Solution File, Format Version 12.00
# Visual Studio Version 17
VisualStudioVersion = 17.7.34221.43
MinimumVisualStudioVersion = 10.0.40219.1
Project("{8BC9CEB8-8B4A-11D0-8D11-00A0C91BC942}") = "Bai002", "Bai002\Bai002.vcxproj", "{D562653C-B894-446E-8F4F-36CDFF2A8724}"
EndProject
Project("{8BC9CEB8-8B4A-11D0-8D11-00A0C91BC942}") = "Bai007", "Bai007\Bai007.vcxproj", "{B73C6185-64A5-490A-A459-DCBFE16AF226}"
EndProject
Project("{8BC9CEB8-8B4A-11D0-8D11-00A0C91BC942}") = "Bai012", "Bai012\Bai012.vcxproj", "{55073945-0560-4BE5-9C11-9870896F5343}"
EndProject
Project("{8BC9CEB8-8B4A-11D0-8D11-00A0C91BC942}") = "Bai022", "Bai022\Bai022.vcxproj", "{F79AE2FE-6C44-4C25-89E9-12CB8E0B174F}"
EndProject
Project("{8BC9CEB8-8B4A-11D0-8D11-00A0C91BC942}") = "Bai017", "Bai017\Bai017.vcxproj", "{3A423119-9872-4A7B-B0F1-2BECB3B34FEC}"
EndProject
Project("{8BC9CEB8-8B4A-11D0-8D11-00A0C91BC942}") = "Bai027", "Bai027\Bai027.vcxproj", "{F7847418-7B58-4BE9-9D03-657C23F95D48}"
EndProject
Project("{8BC9CEB8-8B4A-11D0-8D11-00A0C91BC942}") = "Bai032", "Bai032\Bai032.vcxproj", "{61A0BBB8-A85E-4F44-A4AB-65FD2C89DA1C}"
EndProject
Project("{8BC9CEB8-8B4A-11D0-8D11-00A0C91BC942}") = "Bai037", "Bai037\Bai037.vcxproj", "{F4999D53-FC06-4544-BAA3-D6075D0D9304}"
EndProject
Project("{8BC9CEB8-8B4A-11D0-8D11-00A0C91BC942}") = "Bai042", "Bai042\Bai042.vcxproj", "{B56E0993-19E1-4EF8-A19B-8F525BD3D278}"
EndProject
Project("{8BC9CEB8-8B4A-11D0-8D11-00A0C91BC942}") = "Bai047", "Bai047\Bai047.vcxproj", "{B7640C91-4A32-4C52-9CC4-525D2FEF8A2D}"
EndProject
Project("{8BC9CEB8-8B4A-11D0-8D11-00A0C91BC942}") = "Bai052", "Bai052\Bai052.vcxproj", "{05776EA0-3A77-4AAA-A9C3-52BEC02F626C}"
EndProject
Project("{8BC9CEB8-8B4A-11D0-8D11-00A0C91BC942}") = "Bai057", "Bai057\Bai057.vcxproj", "{2E99B1D3-8468-4E4A-B12F-F14CA4F1EF44}"
EndProject
Project("{8BC9CEB8-8B4A-11D0-8D11-00A0C91BC942}") = "Bai062", "Bai062\Bai062.vcxproj", "{8230E6CA-091D-46A0-9FBC-25A3FEC94A87}"
EndProject
Project("{8BC9CEB8-8B4A-11D0-8D11-00A0C91BC942}") = "Bai067", "Bai067\Bai067.vcxproj", "{6419803C-68D2-4E50-85B5-3ACD02A2DCA4}"
EndProject
Project("{8BC9CEB8-8B4A-11D0-8D11-00A0C91BC942}") = "Bai072", "Bai072\Bai072.vcxproj", "{A6A2AA16-A7A9-4890-81FE-2858E8BE7FF6}"
EndProject
Project("{8BC9CEB8-8B4A-11D0-8D11-00A0C91BC942}") = "Bai077", "Bai077\Bai077.vcxproj", "{3276D2F6-D8A4-4F82-B3ED-BD91BFE9B2B8}"
EndProject
Project("{8BC9CEB8-8B4A-11D0-8D11-00A0C91BC942}") = "Bai082", "Bai082\Bai082.vcxproj", "{CD482B9A-59CA-43D7-8415-7045AE3A0DAA}"
EndProject
Project("{8BC9CEB8-8B4A-11D0-8D11-00A0C91BC942}") = "Bai087", "Bai087\Bai087.vcxproj", "{439786E4-5683-4A83-91BD-DCE14CAC520B}"
EndProject
Project("{8BC9CEB8-8B4A-11D0-8D11-00A0C91BC942}") = "Bai092", "Bai092\Bai092.vcxproj", "{E856E979-CD3B-4A0E-955A-2CE2F4B13A6F}"
EndProject
Project("{8BC9CEB8-8B4A-11D0-8D11-00A0C91BC942}") = "Bai097", "Bai097\Bai097.vcxproj", "{8CDBD556-9CCB-44C3-99B5-3DCDBDD01440}"
EndProject
Project("{8BC9CEB8-8B4A-11D0-8D11-00A0C91BC942}") = "Bai102", "Bai102\Bai102.vcxproj", "{F335EA57-DC37-41CB-A437-44AF138FF61F}"
EndProject
Project("{8BC9CEB8-8B4A-11D0-8D11-00A0C91BC942}") = "Bai107", "Bai107\Bai107.vcxproj", "{0CE0CC83-2EB9-4C89-BA01-FB2A6EBB0A9C}"
EndProject
Project("{8BC9CEB8-8B4A-11D0-8D11-00A0C91BC942}") = "Bai112", "Bai112\Bai112.vcxproj", "{52F88CFD-D3E2-4463-93CE-CA7E1C36D5AE}"
EndProject
Project("{8BC9CEB8-8B4A-11D0-8D11-00A0C91BC942}") = "Bai117", "Bai117\Bai117.vcxproj", "{FA8A6125-0D64-4946-81B7-62DD2971CDA2}"
EndProject
Project("{8BC9CEB8-8B4A-11D0-8D11-00A0C91BC942}") = "Bai122", "Bai122\Bai122.vcxproj", "{681D07E0-B145-4C96-8F27-3D1EEC060B17}"
EndProject
Project("{8BC9CEB8-8B4A-11D0-8D11-00A0C91BC942}") = "Bai127", "Bai127\Bai127.vcxproj", "{DE290179-7371-470C-80B6-E8DEE7109846}"
EndProject
Project("{8BC9CEB8-8B4A-11D0-8D11-00A0C91BC942}") = "Bai132", "Bai132\Bai132.vcxproj", "{0F53ADA0-7807-4EEC-A1BA-F7025083A45F}"
EndProject
Project("{8BC9CEB8-8B4A-11D0-8D11-00A0C91BC942}") = "Bai137", "Bai137\Bai137.vcxproj", "{A6E803F9-4BE0-4E3E-8610-A127332CB9FD}"
EndProject
Project("{8BC9CEB8-8B4A-11D0-8D11-00A0C91BC942}") = "Bai142", "Bai142\Bai142.vcxproj", "{5DECF3E9-0042-4696-83FA-EEFEB7FCE991}"
EndProject
Project("{8BC9CEB8-8B4A-11D0-8D11-00A0C91BC942}") = "Bai147", "Bai147\Bai147.vcxproj", "{1D3C58AD-8BED-40DA-AD2A-439213A197F0}"
EndProject
Project("{8BC9CEB8-8B4A-11D0-8D11-00A0C91BC942}") = "Bai152", "Bai152\Bai152.vcxproj", "{4CD59540-8D14-4C9F-95BA-0543361B4DDF}"
EndProject
Project("{8BC9CEB8-8B4A-11D0-8D11-00A0C91BC942}") = "Bai157", "Bai157\Bai157.vcxproj", "{74CE27C1-BB53-4725-A67B-24A66631202F}"
EndProject
Project("{8BC9CEB8-8B4A-11D0-8D11-00A0C91BC942}") = "Bai162", "Bai162\Bai162.vcxproj", "{A815C19E-183A-486B-B2F9-6EF8D665BD6D}"
EndProject
Project("{8BC9CEB8-8B4A-11D0-8D11-00A0C91BC942}") = "Bai167", "Bai167\Bai167.vcxproj", "{A9A07CD2-32A9-4E4A-8B23-DE37F4C8FEE0}"
EndProject
Project("{8BC9CEB8-8B4A-11D0-8D11-00A0C91BC942}") = "Bai172", "Bai172\Bai172.vcxproj", "{35AE5602-CF52-43D1-AAF8-E59C1401548C}"
EndProject
Project("{8BC9CEB8-8B4A-11D0-8D11-00A0C91BC942}") = "Bai177", "Bai177\Bai177.vcxproj", "{E61E26E5-0BC8-4A00-B2A7-1902B0AB2A07}"
EndProject
Project("{8BC9CEB8-8B4A-11D0-8D11-00A0C91BC942}") = "Bai182", "Bai182\Bai182.vcxproj", "{AC8523D3-77EE-4768-B717-B07C5FC7EB7E}"
EndProject
Project("{8BC9CEB8-8B4A-11D0-8D11-00A0C91BC942}") = "Bai187", "Bai187\Bai187.vcxproj", "{6C7E7926-F98F-4D3D-911C-38122E1D1FC2}"
EndProject
Project("{8BC9CEB8-8B4A-11D0-8D11-00A0C91BC942}") = "Bai192", "Bai192\Bai192.vcxproj", "{991B7CD1-A6F6-44F2-9BA8-DD1B4A9FAB5E}"
EndProject
Project("{8BC9CEB8-8B4A-11D0-8D11-00A0C91BC942}") = "Bai197", "Bai197\Bai197.vcxproj", "{18E5DEA4-2E9F-4DB0-8769-5BB206DD03F5}"
EndProject
Project("{8BC9CEB8-8B4A-11D0-8D11-00A0C91BC942}") = "Bai202", "Bai202\Bai202.vcxproj", "{A460FFB7-46B7-4A30-B4F8-4F49E7B29D80}"
EndProject
Project("{8BC9CEB8-8B4A-11D0-8D11-00A0C91BC942}") = "Bai207", "Bai207\Bai207.vcxproj", "{FAE6120F-83BA-4731-A2C5-3FD44C3D0E9E}"
EndProject
Project("{8BC9CEB8-8B4A-11D0-8D11-00A0C91BC942}") = "Bai212", "Bai212\Bai212.vcxproj", "{C87AE2DE-EC23-4D6F-9EAE-8CE8B92E11B4}"
EndProject
Project("{8BC9CEB8-8B4A-11D0-8D11-00A0C91BC942}") = "Bai222", "Bai222\Bai222.vcxproj", "{317CC794-FFE1-423B-81FE-F65934FF2ADB}"
EndProject
Project("{8BC9CEB8-8B4A-11D0-8D11-00A0C91BC942}") = "Bai227", "Bai227\Bai227.vcxproj", "{5EBC64B0-0AB1-4041-89F2-F0F4540C77F3}"
EndProject
Project("{8BC9CEB8-8B4A-11D0-8D11-00A0C91BC942}") = "Bai232", "Bai232\Bai232.vcxproj", "{EBD6630E-4BCE-48CC-A906-35556968892D}"
EndProject
Project("{8BC9CEB8-8B4A-11D0-8D11-00A0C91BC942}") = "Bai237", "Bai237\Bai237.vcxproj", "{275F167A-636E-4720-9669-39C689D8D67A}"
EndProject
Project("{8BC9CEB8-8B4A-11D0-8D11-00A0C91BC942}") = "Bai217", "Bai217\Bai217.vcxproj", "{8EC1B106-486F-4127-BD42-C75363EE0194}"
EndProject
Global
	GlobalSection(SolutionConfigurationPlatforms) = preSolution
		Debug|x64 = Debug|x64
		Debug|x86 = Debug|x86
		Release|x64 = Release|x64
		Release|x86 = Release|x86
	EndGlobalSection
	GlobalSection(ProjectConfigurationPlatforms) = postSolution
		{D562653C-B894-446E-8F4F-36CDFF2A8724}.Debug|x64.ActiveCfg = Debug|x64
		{D562653C-B894-446E-8F4F-36CDFF2A8724}.Debug|x64.Build.0 = Debug|x64
		{D562653C-B894-446E-8F4F-36CDFF2A8724}.Debug|x86.ActiveCfg = Debug|Win32
		{D562653C-B894-446E-8F4F-36CDFF2A8724}.Debug|x86.Build.0 = Debug|Win32
		{D562653C-B894-446E-8F4F-36CDFF2A8724}.Release|x64.ActiveCfg = Release|x64
		{D562653C-B894-446E-8F4F-36CDFF2A8724}.Release|x64.Build.0 = Release|x64
		{D562653C-B894-446E-8F4F-36CDFF2A8724}.Release|x86.ActiveCfg = Release|Win32
		{D562653C-B894-446E-8F4F-36CDFF2A8724}.Release|x86.Build.0 = Release|Win32
		{B73C6185-64A5-490A-A459-DCBFE16AF226}.Debug|x64.ActiveCfg = Debug|x64
		{B73C6185-64A5-490A-A459-DCBFE16AF226}.Debug|x64.Build.0 = Debug|x64
		{B73C6185-64A5-490A-A459-DCBFE16AF226}.Debug|x86.ActiveCfg = Debug|Win32
		{B73C6185-64A5-490A-A459-DCBFE16AF226}.Debug|x86.Build.0 = Debug|Win32
		{B73C6185-64A5-490A-A459-DCBFE16AF226}.Release|x64.ActiveCfg = Release|x64
		{B73C6185-64A5-490A-A459-DCBFE16AF226}.Release|x64.Build.0 = Release|x64
		{B73C6185-64A5-490A-A459-DCBFE16AF226}.Release|x86.ActiveCfg = Release|Win32
		{B73C6185-64A5-490A-A459-DCBFE16AF226}.Release|x86.Build.0 = Release|Win32
		{55073945-0560-4BE5-9C11-9870896F5343}.Debug|x64.ActiveCfg = Debug|x64
		{55073945-0560-4BE5-9C11-9870896F5343}.Debug|x64.Build.0 = Debug|x64
		{55073945-0560-4BE5-9C11-9870896F5343}.Debug|x86.ActiveCfg = Debug|Win32
		{55073945-0560-4BE5-9C11-9870896F5343}.Debug|x86.Build.0 = Debug|Win32
		{55073945-0560-4BE5-9C11-9870896F5343}.Release|x64.ActiveCfg = Release|x64
		{55073945-0560-4BE5-9C11-9870896F5343}.Release|x64.Build.0 = Release|x64
		{55073945-0560-4BE5-9C11-9870896F5343}.Release|x86.ActiveCfg = Release|Win32
		{55073945-0560-4BE5-9C11-9870896F5343}.Release|x86.Build.0 = Release|Win32
		{F79AE2FE-6C44-4C25-89E9-12CB8E0B174F}.Debug|x64.ActiveCfg = Debug|x64
		{F79AE2FE-6C44-4C25-89E9-12CB8E0B174F}.Debug|x64.Build.0 = Debug|x64
		{F79AE2FE-6C44-4C25-89E9-12CB8E0B174F}.Debug|x86.ActiveCfg = Debug|Win32
		{F79AE2FE-6C44-4C25-89E9-12CB8E0B174F}.Debug|x86.Build.0 = Debug|Win32
		{F79AE2FE-6C44-4C25-89E9-12CB8E0B174F}.Release|x64.ActiveCfg = Release|x64
		{F79AE2FE-6C44-4C25-89E9-12CB8E0B174F}.Release|x64.Build.0 = Release|x64
		{F79AE2FE-6C44-4C25-89E9-12CB8E0B174F}.Release|x86.ActiveCfg = Release|Win32
		{F79AE2FE-6C44-4C25-89E9-12CB8E0B174F}.Release|x86.Build.0 = Release|Win32
		{3A423119-9872-4A7B-B0F1-2BECB3B34FEC}.Debug|x64.ActiveCfg = Debug|x64
		{3A423119-9872-4A7B-B0F1-2BECB3B34FEC}.Debug|x64.Build.0 = Debug|x64
		{3A423119-9872-4A7B-B0F1-2BECB3B34FEC}.Debug|x86.ActiveCfg = Debug|Win32
		{3A423119-9872-4A7B-B0F1-2BECB3B34FEC}.Debug|x86.Build.0 = Debug|Win32
		{3A423119-9872-4A7B-B0F1-2BECB3B34FEC}.Release|x64.ActiveCfg = Release|x64
		{3A423119-9872-4A7B-B0F1-2BECB3B34FEC}.Release|x64.Build.0 = Release|x64
		{3A423119-9872-4A7B-B0F1-2BECB3B34FEC}.Release|x86.ActiveCfg = Release|Win32
		{3A423119-9872-4A7B-B0F1-2BECB3B34FEC}.Release|x86.Build.0 = Release|Win32
		{F7847418-7B58-4BE9-9D03-657C23F95D48}.Debug|x64.ActiveCfg = Debug|x64
		{F7847418-7B58-4BE9-9D03-657C23F95D48}.Debug|x64.Build.0 = Debug|x64
		{F7847418-7B58-4BE9-9D03-657C23F95D48}.Debug|x86.ActiveCfg = Debug|Win32
		{F7847418-7B58-4BE9-9D03-657C23F95D48}.Debug|x86.Build.0 = Debug|Win32
		{F7847418-7B58-4BE9-9D03-657C23F95D48}.Release|x64.ActiveCfg = Release|x64
		{F7847418-7B58-4BE9-9D03-657C23F95D48}.Release|x64.Build.0 = Release|x64
		{F7847418-7B58-4BE9-9D03-657C23F95D48}.Release|x86.ActiveCfg = Release|Win32
		{F7847418-7B58-4BE9-9D03-657C23F95D48}.Release|x86.Build.0 = Release|Win32
		{61A0BBB8-A85E-4F44-A4AB-65FD2C89DA1C}.Debug|x64.ActiveCfg = Debug|x64
		{61A0BBB8-A85E-4F44-A4AB-65FD2C89DA1C}.Debug|x64.Build.0 = Debug|x64
		{61A0BBB8-A85E-4F44-A4AB-65FD2C89DA1C}.Debug|x86.ActiveCfg = Debug|Win32
		{61A0BBB8-A85E-4F44-A4AB-65FD2C89DA1C}.Debug|x86.Build.0 = Debug|Win32
		{61A0BBB8-A85E-4F44-A4AB-65FD2C89DA1C}.Release|x64.ActiveCfg = Release|x64
		{61A0BBB8-A85E-4F44-A4AB-65FD2C89DA1C}.Release|x64.Build.0 = Release|x64
		{61A0BBB8-A85E-4F44-A4AB-65FD2C89DA1C}.Release|x86.ActiveCfg = Release|Win32
		{61A0BBB8-A85E-4F44-A4AB-65FD2C89DA1C}.Release|x86.Build.0 = Release|Win32
		{F4999D53-FC06-4544-BAA3-D6075D0D9304}.Debug|x64.ActiveCfg = Debug|x64
		{F4999D53-FC06-4544-BAA3-D6075D0D9304}.Debug|x64.Build.0 = Debug|x64
		{F4999D53-FC06-4544-BAA3-D6075D0D9304}.Debug|x86.ActiveCfg = Debug|Win32
		{F4999D53-FC06-4544-BAA3-D6075D0D9304}.Debug|x86.Build.0 = Debug|Win32
		{F4999D53-FC06-4544-BAA3-D6075D0D9304}.Release|x64.ActiveCfg = Release|x64
		{F4999D53-FC06-4544-BAA3-D6075D0D9304}.Release|x64.Build.0 = Release|x64
		{F4999D53-FC06-4544-BAA3-D6075D0D9304}.Release|x86.ActiveCfg = Release|Win32
		{F4999D53-FC06-4544-BAA3-D6075D0D9304}.Release|x86.Build.0 = Release|Win32
		{B56E0993-19E1-4EF8-A19B-8F525BD3D278}.Debug|x64.ActiveCfg = Debug|x64
		{B56E0993-19E1-4EF8-A19B-8F525BD3D278}.Debug|x64.Build.0 = Debug|x64
		{B56E0993-19E1-4EF8-A19B-8F525BD3D278}.Debug|x86.ActiveCfg = Debug|Win32
		{B56E0993-19E1-4EF8-A19B-8F525BD3D278}.Debug|x86.Build.0 = Debug|Win32
		{B56E0993-19E1-4EF8-A19B-8F525BD3D278}.Release|x64.ActiveCfg = Release|x64
		{B56E0993-19E1-4EF8-A19B-8F525BD3D278}.Release|x64.Build.0 = Release|x64
		{B56E0993-19E1-4EF8-A19B-8F525BD3D278}.Release|x86.ActiveCfg = Release|Win32
		{B56E0993-19E1-4EF8-A19B-8F525BD3D278}.Release|x86.Build.0 = Release|Win32
		{B7640C91-4A32-4C52-9CC4-525D2FEF8A2D}.Debug|x64.ActiveCfg = Debug|x64
		{B7640C91-4A32-4C52-9CC4-525D2FEF8A2D}.Debug|x64.Build.0 = Debug|x64
		{B7640C91-4A32-4C52-9CC4-525D2FEF8A2D}.Debug|x86.ActiveCfg = Debug|Win32
		{B7640C91-4A32-4C52-9CC4-525D2FEF8A2D}.Debug|x86.Build.0 = Debug|Win32
		{B7640C91-4A32-4C52-9CC4-525D2FEF8A2D}.Release|x64.ActiveCfg = Release|x64
		{B7640C91-4A32-4C52-9CC4-525D2FEF8A2D}.Release|x64.Build.0 = Release|x64
		{B7640C91-4A32-4C52-9CC4-525D2FEF8A2D}.Release|x86.ActiveCfg = Release|Win32
		{B7640C91-4A32-4C52-9CC4-525D2FEF8A2D}.Release|x86.Build.0 = Release|Win32
		{05776EA0-3A77-4AAA-A9C3-52BEC02F626C}.Debug|x64.ActiveCfg = Debug|x64
		{05776EA0-3A77-4AAA-A9C3-52BEC02F626C}.Debug|x64.Build.0 = Debug|x64
		{05776EA0-3A77-4AAA-A9C3-52BEC02F626C}.Debug|x86.ActiveCfg = Debug|Win32
		{05776EA0-3A77-4AAA-A9C3-52BEC02F626C}.Debug|x86.Build.0 = Debug|Win32
		{05776EA0-3A77-4AAA-A9C3-52BEC02F626C}.Release|x64.ActiveCfg = Release|x64
		{05776EA0-3A77-4AAA-A9C3-52BEC02F626C}.Release|x64.Build.0 = Release|x64
		{05776EA0-3A77-4AAA-A9C3-52BEC02F626C}.Release|x86.ActiveCfg = Release|Win32
		{05776EA0-3A77-4AAA-A9C3-52BEC02F626C}.Release|x86.Build.0 = Release|Win32
		{2E99B1D3-8468-4E4A-B12F-F14CA4F1EF44}.Debug|x64.ActiveCfg = Debug|x64
		{2E99B1D3-8468-4E4A-B12F-F14CA4F1EF44}.Debug|x64.Build.0 = Debug|x64
		{2E99B1D3-8468-4E4A-B12F-F14CA4F1EF44}.Debug|x86.ActiveCfg = Debug|Win32
		{2E99B1D3-8468-4E4A-B12F-F14CA4F1EF44}.Debug|x86.Build.0 = Debug|Win32
		{2E99B1D3-8468-4E4A-B12F-F14CA4F1EF44}.Release|x64.ActiveCfg = Release|x64
		{2E99B1D3-8468-4E4A-B12F-F14CA4F1EF44}.Release|x64.Build.0 = Release|x64
		{2E99B1D3-8468-4E4A-B12F-F14CA4F1EF44}.Release|x86.ActiveCfg = Release|Win32
		{2E99B1D3-8468-4E4A-B12F-F14CA4F1EF44}.Release|x86.Build.0 = Release|Win32
		{8230E6CA-091D-46A0-9FBC-25A3FEC94A87}.Debug|x64.ActiveCfg = Debug|x64
		{8230E6CA-091D-46A0-9FBC-25A3FEC94A87}.Debug|x64.Build.0 = Debug|x64
		{8230E6CA-091D-46A0-9FBC-25A3FEC94A87}.Debug|x86.ActiveCfg = Debug|Win32
		{8230E6CA-091D-46A0-9FBC-25A3FEC94A87}.Debug|x86.Build.0 = Debug|Win32
		{8230E6CA-091D-46A0-9FBC-25A3FEC94A87}.Release|x64.ActiveCfg = Release|x64
		{8230E6CA-091D-46A0-9FBC-25A3FEC94A87}.Release|x64.Build.0 = Release|x64
		{8230E6CA-091D-46A0-9FBC-25A3FEC94A87}.Release|x86.ActiveCfg = Release|Win32
		{8230E6CA-091D-46A0-9FBC-25A3FEC94A87}.Release|x86.Build.0 = Release|Win32
		{6419803C-68D2-4E50-85B5-3ACD02A2DCA4}.Debug|x64.ActiveCfg = Debug|x64
		{6419803C-68D2-4E50-85B5-3ACD02A2DCA4}.Debug|x64.Build.0 = Debug|x64
		{6419803C-68D2-4E50-85B5-3ACD02A2DCA4}.Debug|x86.ActiveCfg = Debug|Win32
		{6419803C-68D2-4E50-85B5-3ACD02A2DCA4}.Debug|x86.Build.0 = Debug|Win32
		{6419803C-68D2-4E50-85B5-3ACD02A2DCA4}.Release|x64.ActiveCfg = Release|x64
		{6419803C-68D2-4E50-85B5-3ACD02A2DCA4}.Release|x64.Build.0 = Release|x64
		{6419803C-68D2-4E50-85B5-3ACD02A2DCA4}.Release|x86.ActiveCfg = Release|Win32
		{6419803C-68D2-4E50-85B5-3ACD02A2DCA4}.Release|x86.Build.0 = Release|Win32
		{A6A2AA16-A7A9-4890-81FE-2858E8BE7FF6}.Debug|x64.ActiveCfg = Debug|x64
		{A6A2AA16-A7A9-4890-81FE-2858E8BE7FF6}.Debug|x64.Build.0 = Debug|x64
		{A6A2AA16-A7A9-4890-81FE-2858E8BE7FF6}.Debug|x86.ActiveCfg = Debug|Win32
		{A6A2AA16-A7A9-4890-81FE-2858E8BE7FF6}.Debug|x86.Build.0 = Debug|Win32
		{A6A2AA16-A7A9-4890-81FE-2858E8BE7FF6}.Release|x64.ActiveCfg = Release|x64
		{A6A2AA16-A7A9-4890-81FE-2858E8BE7FF6}.Release|x64.Build.0 = Release|x64
		{A6A2AA16-A7A9-4890-81FE-2858E8BE7FF6}.Release|x86.ActiveCfg = Release|Win32
		{A6A2AA16-A7A9-4890-81FE-2858E8BE7FF6}.Release|x86.Build.0 = Release|Win32
		{3276D2F6-D8A4-4F82-B3ED-BD91BFE9B2B8}.Debug|x64.ActiveCfg = Debug|x64
		{3276D2F6-D8A4-4F82-B3ED-BD91BFE9B2B8}.Debug|x64.Build.0 = Debug|x64
		{3276D2F6-D8A4-4F82-B3ED-BD91BFE9B2B8}.Debug|x86.ActiveCfg = Debug|Win32
		{3276D2F6-D8A4-4F82-B3ED-BD91BFE9B2B8}.Debug|x86.Build.0 = Debug|Win32
		{3276D2F6-D8A4-4F82-B3ED-BD91BFE9B2B8}.Release|x64.ActiveCfg = Release|x64
		{3276D2F6-D8A4-4F82-B3ED-BD91BFE9B2B8}.Release|x64.Build.0 = Release|x64
		{3276D2F6-D8A4-4F82-B3ED-BD91BFE9B2B8}.Release|x86.ActiveCfg = Release|Win32
		{3276D2F6-D8A4-4F82-B3ED-BD91BFE9B2B8}.Release|x86.Build.0 = Release|Win32
		{CD482B9A-59CA-43D7-8415-7045AE3A0DAA}.Debug|x64.ActiveCfg = Debug|x64
		{CD482B9A-59CA-43D7-8415-7045AE3A0DAA}.Debug|x64.Build.0 = Debug|x64
		{CD482B9A-59CA-43D7-8415-7045AE3A0DAA}.Debug|x86.ActiveCfg = Debug|Win32
		{CD482B9A-59CA-43D7-8415-7045AE3A0DAA}.Debug|x86.Build.0 = Debug|Win32
		{CD482B9A-59CA-43D7-8415-7045AE3A0DAA}.Release|x64.ActiveCfg = Release|x64
		{CD482B9A-59CA-43D7-8415-7045AE3A0DAA}.Release|x64.Build.0 = Release|x64
		{CD482B9A-59CA-43D7-8415-7045AE3A0DAA}.Release|x86.ActiveCfg = Release|Win32
		{CD482B9A-59CA-43D7-8415-7045AE3A0DAA}.Release|x86.Build.0 = Release|Win32
		{439786E4-5683-4A83-91BD-DCE14CAC520B}.Debug|x64.ActiveCfg = Debug|x64
		{439786E4-5683-4A83-91BD-DCE14CAC520B}.Debug|x64.Build.0 = Debug|x64
		{439786E4-5683-4A83-91BD-DCE14CAC520B}.Debug|x86.ActiveCfg = Debug|Win32
		{439786E4-5683-4A83-91BD-DCE14CAC520B}.Debug|x86.Build.0 = Debug|Win32
		{439786E4-5683-4A83-91BD-DCE14CAC520B}.Release|x64.ActiveCfg = Release|x64
		{439786E4-5683-4A83-91BD-DCE14CAC520B}.Release|x64.Build.0 = Release|x64
		{439786E4-5683-4A83-91BD-DCE14CAC520B}.Release|x86.ActiveCfg = Release|Win32
		{439786E4-5683-4A83-91BD-DCE14CAC520B}.Release|x86.Build.0 = Release|Win32
		{E856E979-CD3B-4A0E-955A-2CE2F4B13A6F}.Debug|x64.ActiveCfg = Debug|x64
		{E856E979-CD3B-4A0E-955A-2CE2F4B13A6F}.Debug|x64.Build.0 = Debug|x64
		{E856E979-CD3B-4A0E-955A-2CE2F4B13A6F}.Debug|x86.ActiveCfg = Debug|Win32
		{E856E979-CD3B-4A0E-955A-2CE2F4B13A6F}.Debug|x86.Build.0 = Debug|Win32
		{E856E979-CD3B-4A0E-955A-2CE2F4B13A6F}.Release|x64.ActiveCfg = Release|x64
		{E856E979-CD3B-4A0E-955A-2CE2F4B13A6F}.Release|x64.Build.0 = Release|x64
		{E856E979-CD3B-4A0E-955A-2CE2F4B13A6F}.Release|x86.ActiveCfg = Release|Win32
		{E856E979-CD3B-4A0E-955A-2CE2F4B13A6F}.Release|x86.Build.0 = Release|Win32
		{8CDBD556-9CCB-44C3-99B5-3DCDBDD01440}.Debug|x64.ActiveCfg = Debug|x64
		{8CDBD556-9CCB-44C3-99B5-3DCDBDD01440}.Debug|x64.Build.0 = Debug|x64
		{8CDBD556-9CCB-44C3-99B5-3DCDBDD01440}.Debug|x86.ActiveCfg = Debug|Win32
		{8CDBD556-9CCB-44C3-99B5-3DCDBDD01440}.Debug|x86.Build.0 = Debug|Win32
		{8CDBD556-9CCB-44C3-99B5-3DCDBDD01440}.Release|x64.ActiveCfg = Release|x64
		{8CDBD556-9CCB-44C3-99B5-3DCDBDD01440}.Release|x64.Build.0 = Release|x64
		{8CDBD556-9CCB-44C3-99B5-3DCDBDD01440}.Release|x86.ActiveCfg = Release|Win32
		{8CDBD556-9CCB-44C3-99B5-3DCDBDD01440}.Release|x86.Build.0 = Release|Win32
		{F335EA57-DC37-41CB-A437-44AF138FF61F}.Debug|x64.ActiveCfg = Debug|x64
		{F335EA57-DC37-41CB-A437-44AF138FF61F}.Debug|x64.Build.0 = Debug|x64
		{F335EA57-DC37-41CB-A437-44AF138FF61F}.Debug|x86.ActiveCfg = Debug|Win32
		{F335EA57-DC37-41CB-A437-44AF138FF61F}.Debug|x86.Build.0 = Debug|Win32
		{F335EA57-DC37-41CB-A437-44AF138FF61F}.Release|x64.ActiveCfg = Release|x64
		{F335EA57-DC37-41CB-A437-44AF138FF61F}.Release|x64.Build.0 = Release|x64
		{F335EA57-DC37-41CB-A437-44AF138FF61F}.Release|x86.ActiveCfg = Release|Win32
		{F335EA57-DC37-41CB-A437-44AF138FF61F}.Release|x86.Build.0 = Release|Win32
		{0CE0CC83-2EB9-4C89-BA01-FB2A6EBB0A9C}.Debug|x64.ActiveCfg = Debug|x64
		{0CE0CC83-2EB9-4C89-BA01-FB2A6EBB0A9C}.Debug|x64.Build.0 = Debug|x64
		{0CE0CC83-2EB9-4C89-BA01-FB2A6EBB0A9C}.Debug|x86.ActiveCfg = Debug|Win32
		{0CE0CC83-2EB9-4C89-BA01-FB2A6EBB0A9C}.Debug|x86.Build.0 = Debug|Win32
		{0CE0CC83-2EB9-4C89-BA01-FB2A6EBB0A9C}.Release|x64.ActiveCfg = Release|x64
		{0CE0CC83-2EB9-4C89-BA01-FB2A6EBB0A9C}.Release|x64.Build.0 = Release|x64
		{0CE0CC83-2EB9-4C89-BA01-FB2A6EBB0A9C}.Release|x86.ActiveCfg = Release|Win32
		{0CE0CC83-2EB9-4C89-BA01-FB2A6EBB0A9C}.Release|x86.Build.0 = Release|Win32
		{52F88CFD-D3E2-4463-93CE-CA7E1C36D5AE}.Debug|x64.ActiveCfg = Debug|x64
		{52F88CFD-D3E2-4463-93CE-CA7E1C36D5AE}.Debug|x64.Build.0 = Debug|x64
		{52F88CFD-D3E2-4463-93CE-CA7E1C36D5AE}.Debug|x86.ActiveCfg = Debug|Win32
		{52F88CFD-D3E2-4463-93CE-CA7E1C36D5AE}.Debug|x86.Build.0 = Debug|Win32
		{52F88CFD-D3E2-4463-93CE-CA7E1C36D5AE}.Release|x64.ActiveCfg = Release|x64
		{52F88CFD-D3E2-4463-93CE-CA7E1C36D5AE}.Release|x64.Build.0 = Release|x64
		{52F88CFD-D3E2-4463-93CE-CA7E1C36D5AE}.Release|x86.ActiveCfg = Release|Win32
		{52F88CFD-D3E2-4463-93CE-CA7E1C36D5AE}.Release|x86.Build.0 = Release|Win32
		{FA8A6125-0D64-4946-81B7-62DD2971CDA2}.Debug|x64.ActiveCfg = Debug|x64
		{FA8A6125-0D64-4946-81B7-62DD2971CDA2}.Debug|x64.Build.0 = Debug|x64
		{FA8A6125-0D64-4946-81B7-62DD2971CDA2}.Debug|x86.ActiveCfg = Debug|Win32
		{FA8A6125-0D64-4946-81B7-62DD2971CDA2}.Debug|x86.Build.0 = Debug|Win32
		{FA8A6125-0D64-4946-81B7-62DD2971CDA2}.Release|x64.ActiveCfg = Release|x64
		{FA8A6125-0D64-4946-81B7-62DD2971CDA2}.Release|x64.Build.0 = Release|x64
		{FA8A6125-0D64-4946-81B7-62DD2971CDA2}.Release|x86.ActiveCfg = Release|Win32
		{FA8A6125-0D64-4946-81B7-62DD2971CDA2}.Release|x86.Build.0 = Release|Win32
		{681D07E0-B145-4C96-8F27-3D1EEC060B17}.Debug|x64.ActiveCfg = Debug|x64
		{681D07E0-B145-4C96-8F27-3D1EEC060B17}.Debug|x64.Build.0 = Debug|x64
		{681D07E0-B145-4C96-8F27-3D1EEC060B17}.Debug|x86.ActiveCfg = Debug|Win32
		{681D07E0-B145-4C96-8F27-3D1EEC060B17}.Debug|x86.Build.0 = Debug|Win32
		{681D07E0-B145-4C96-8F27-3D1EEC060B17}.Release|x64.ActiveCfg = Release|x64
		{681D07E0-B145-4C96-8F27-3D1EEC060B17}.Release|x64.Build.0 = Release|x64
		{681D07E0-B145-4C96-8F27-3D1EEC060B17}.Release|x86.ActiveCfg = Release|Win32
		{681D07E0-B145-4C96-8F27-3D1EEC060B17}.Release|x86.Build.0 = Release|Win32
		{DE290179-7371-470C-80B6-E8DEE7109846}.Debug|x64.ActiveCfg = Debug|x64
		{DE290179-7371-470C-80B6-E8DEE7109846}.Debug|x64.Build.0 = Debug|x64
		{DE290179-7371-470C-80B6-E8DEE7109846}.Debug|x86.ActiveCfg = Debug|Win32
		{DE290179-7371-470C-80B6-E8DEE7109846}.Debug|x86.Build.0 = Debug|Win32
		{DE290179-7371-470C-80B6-E8DEE7109846}.Release|x64.ActiveCfg = Release|x64
		{DE290179-7371-470C-80B6-E8DEE7109846}.Release|x64.Build.0 = Release|x64
		{DE290179-7371-470C-80B6-E8DEE7109846}.Release|x86.ActiveCfg = Release|Win32
		{DE290179-7371-470C-80B6-E8DEE7109846}.Release|x86.Build.0 = Release|Win32
		{0F53ADA0-7807-4EEC-A1BA-F7025083A45F}.Debug|x64.ActiveCfg = Debug|x64
		{0F53ADA0-7807-4EEC-A1BA-F7025083A45F}.Debug|x64.Build.0 = Debug|x64
		{0F53ADA0-7807-4EEC-A1BA-F7025083A45F}.Debug|x86.ActiveCfg = Debug|Win32
		{0F53ADA0-7807-4EEC-A1BA-F7025083A45F}.Debug|x86.Build.0 = Debug|Win32
		{0F53ADA0-7807-4EEC-A1BA-F7025083A45F}.Release|x64.ActiveCfg = Release|x64
		{0F53ADA0-7807-4EEC-A1BA-F7025083A45F}.Release|x64.Build.0 = Release|x64
		{0F53ADA0-7807-4EEC-A1BA-F7025083A45F}.Release|x86.ActiveCfg = Release|Win32
		{0F53ADA0-7807-4EEC-A1BA-F7025083A45F}.Release|x86.Build.0 = Release|Win32
		{A6E803F9-4BE0-4E3E-8610-A127332CB9FD}.Debug|x64.ActiveCfg = Debug|x64
		{A6E803F9-4BE0-4E3E-8610-A127332CB9FD}.Debug|x64.Build.0 = Debug|x64
		{A6E803F9-4BE0-4E3E-8610-A127332CB9FD}.Debug|x86.ActiveCfg = Debug|Win32
		{A6E803F9-4BE0-4E3E-8610-A127332CB9FD}.Debug|x86.Build.0 = Debug|Win32
		{A6E803F9-4BE0-4E3E-8610-A127332CB9FD}.Release|x64.ActiveCfg = Release|x64
		{A6E803F9-4BE0-4E3E-8610-A127332CB9FD}.Release|x64.Build.0 = Release|x64
		{A6E803F9-4BE0-4E3E-8610-A127332CB9FD}.Release|x86.ActiveCfg = Release|Win32
		{A6E803F9-4BE0-4E3E-8610-A127332CB9FD}.Release|x86.Build.0 = Release|Win32
		{5DECF3E9-0042-4696-83FA-EEFEB7FCE991}.Debug|x64.ActiveCfg = Debug|x64
		{5DECF3E9-0042-4696-83FA-EEFEB7FCE991}.Debug|x64.Build.0 = Debug|x64
		{5DECF3E9-0042-4696-83FA-EEFEB7FCE991}.Debug|x86.ActiveCfg = Debug|Win32
		{5DECF3E9-0042-4696-83FA-EEFEB7FCE991}.Debug|x86.Build.0 = Debug|Win32
		{5DECF3E9-0042-4696-83FA-EEFEB7FCE991}.Release|x64.ActiveCfg = Release|x64
		{5DECF3E9-0042-4696-83FA-EEFEB7FCE991}.Release|x64.Build.0 = Release|x64
		{5DECF3E9-0042-4696-83FA-EEFEB7FCE991}.Release|x86.ActiveCfg = Release|Win32
		{5DECF3E9-0042-4696-83FA-EEFEB7FCE991}.Release|x86.Build.0 = Release|Win32
		{1D3C58AD-8BED-40DA-AD2A-439213A197F0}.Debug|x64.ActiveCfg = Debug|x64
		{1D3C58AD-8BED-40DA-AD2A-439213A197F0}.Debug|x64.Build.0 = Debug|x64
		{1D3C58AD-8BED-40DA-AD2A-439213A197F0}.Debug|x86.ActiveCfg = Debug|Win32
		{1D3C58AD-8BED-40DA-AD2A-439213A197F0}.Debug|x86.Build.0 = Debug|Win32
		{1D3C58AD-8BED-40DA-AD2A-439213A197F0}.Release|x64.ActiveCfg = Release|x64
		{1D3C58AD-8BED-40DA-AD2A-439213A197F0}.Release|x64.Build.0 = Release|x64
		{1D3C58AD-8BED-40DA-AD2A-439213A197F0}.Release|x86.ActiveCfg = Release|Win32
		{1D3C58AD-8BED-40DA-AD2A-439213A197F0}.Release|x86.Build.0 = Release|Win32
		{4CD59540-8D14-4C9F-95BA-0543361B4DDF}.Debug|x64.ActiveCfg = Debug|x64
		{4CD59540-8D14-4C9F-95BA-0543361B4DDF}.Debug|x64.Build.0 = Debug|x64
		{4CD59540-8D14-4C9F-95BA-0543361B4DDF}.Debug|x86.ActiveCfg = Debug|Win32
		{4CD59540-8D14-4C9F-95BA-0543361B4DDF}.Debug|x86.Build.0 = Debug|Win32
		{4CD59540-8D14-4C9F-95BA-0543361B4DDF}.Release|x64.ActiveCfg = Release|x64
		{4CD59540-8D14-4C9F-95BA-0543361B4DDF}.Release|x64.Build.0 = Release|x64
		{4CD59540-8D14-4C9F-95BA-0543361B4DDF}.Release|x86.ActiveCfg = Release|Win32
		{4CD59540-8D14-4C9F-95BA-0543361B4DDF}.Release|x86.Build.0 = Release|Win32
		{74CE27C1-BB53-4725-A67B-24A66631202F}.Debug|x64.ActiveCfg = Debug|x64
		{74CE27C1-BB53-4725-A67B-24A66631202F}.Debug|x64.Build.0 = Debug|x64
		{74CE27C1-BB53-4725-A67B-24A66631202F}.Debug|x86.ActiveCfg = Debug|Win32
		{74CE27C1-BB53-4725-A67B-24A66631202F}.Debug|x86.Build.0 = Debug|Win32
		{74CE27C1-BB53-4725-A67B-24A66631202F}.Release|x64.ActiveCfg = Release|x64
		{74CE27C1-BB53-4725-A67B-24A66631202F}.Release|x64.Build.0 = Release|x64
		{74CE27C1-BB53-4725-A67B-24A66631202F}.Release|x86.ActiveCfg = Release|Win32
		{74CE27C1-BB53-4725-A67B-24A66631202F}.Release|x86.Build.0 = Release|Win32
		{A815C19E-183A-486B-B2F9-6EF8D665BD6D}.Debug|x64.ActiveCfg = Debug|x64
		{A815C19E-183A-486B-B2F9-6EF8D665BD6D}.Debug|x64.Build.0 = Debug|x64
		{A815C19E-183A-486B-B2F9-6EF8D665BD6D}.Debug|x86.ActiveCfg = Debug|Win32
		{A815C19E-183A-486B-B2F9-6EF8D665BD6D}.Debug|x86.Build.0 = Debug|Win32
		{A815C19E-183A-486B-B2F9-6EF8D665BD6D}.Release|x64.ActiveCfg = Release|x64
		{A815C19E-183A-486B-B2F9-6EF8D665BD6D}.Release|x64.Build.0 = Release|x64
		{A815C19E-183A-486B-B2F9-6EF8D665BD6D}.Release|x86.ActiveCfg = Release|Win32
		{A815C19E-183A-486B-B2F9-6EF8D665BD6D}.Release|x86.Build.0 = Release|Win32
		{A9A07CD2-32A9-4E4A-8B23-DE37F4C8FEE0}.Debug|x64.ActiveCfg = Debug|x64
		{A9A07CD2-32A9-4E4A-8B23-DE37F4C8FEE0}.Debug|x64.Build.0 = Debug|x64
		{A9A07CD2-32A9-4E4A-8B23-DE37F4C8FEE0}.Debug|x86.ActiveCfg = Debug|Win32
		{A9A07CD2-32A9-4E4A-8B23-DE37F4C8FEE0}.Debug|x86.Build.0 = Debug|Win32
		{A9A07CD2-32A9-4E4A-8B23-DE37F4C8FEE0}.Release|x64.ActiveCfg = Release|x64
		{A9A07CD2-32A9-4E4A-8B23-DE37F4C8FEE0}.Release|x64.Build.0 = Release|x64
		{A9A07CD2-32A9-4E4A-8B23-DE37F4C8FEE0}.Release|x86.ActiveCfg = Release|Win32
		{A9A07CD2-32A9-4E4A-8B23-DE37F4C8FEE0}.Release|x86.Build.0 = Release|Win32
		{35AE5602-CF52-43D1-AAF8-E59C1401548C}.Debug|x64.ActiveCfg = Debug|x64
		{35AE5602-CF52-43D1-AAF8-E59C1401548C}.Debug|x64.Build.0 = Debug|x64
		{35AE5602-CF52-43D1-AAF8-E59C1401548C}.Debug|x86.ActiveCfg = Debug|Win32
		{35AE5602-CF52-43D1-AAF8-E59C1401548C}.Debug|x86.Build.0 = Debug|Win32
		{35AE5602-CF52-43D1-AAF8-E59C1401548C}.Release|x64.ActiveCfg = Release|x64
		{35AE5602-CF52-43D1-AAF8-E59C1401548C}.Release|x64.Build.0 = Release|x64
		{35AE5602-CF52-43D1-AAF8-E59C1401548C}.Release|x86.ActiveCfg = Release|Win32
		{35AE5602-CF52-43D1-AAF8-E59C1401548C}.Release|x86.Build.0 = Release|Win32
		{E61E26E5-0BC8-4A00-B2A7-1902B0AB2A07}.Debug|x64.ActiveCfg = Debug|x64
		{E61E26E5-0BC8-4A00-B2A7-1902B0AB2A07}.Debug|x64.Build.0 = Debug|x64
		{E61E26E5-0BC8-4A00-B2A7-1902B0AB2A07}.Debug|x86.ActiveCfg = Debug|Win32
		{E61E26E5-0BC8-4A00-B2A7-1902B0AB2A07}.Debug|x86.Build.0 = Debug|Win32
		{E61E26E5-0BC8-4A00-B2A7-1902B0AB2A07}.Release|x64.ActiveCfg = Release|x64
		{E61E26E5-0BC8-4A00-B2A7-1902B0AB2A07}.Release|x64.Build.0 = Release|x64
		{E61E26E5-0BC8-4A00-B2A7-1902B0AB2A07}.Release|x86.ActiveCfg = Release|Win32
		{E61E26E5-0BC8-4A00-B2A7-1902B0AB2A07}.Release|x86.Build.0 = Release|Win32
		{AC8523D3-77EE-4768-B717-B07C5FC7EB7E}.Debug|x64.ActiveCfg = Debug|x64
		{AC8523D3-77EE-4768-B717-B07C5FC7EB7E}.Debug|x64.Build.0 = Debug|x64
		{AC8523D3-77EE-4768-B717-B07C5FC7EB7E}.Debug|x86.ActiveCfg = Debug|Win32
		{AC8523D3-77EE-4768-B717-B07C5FC7EB7E}.Debug|x86.Build.0 = Debug|Win32
		{AC8523D3-77EE-4768-B717-B07C5FC7EB7E}.Release|x64.ActiveCfg = Release|x64
		{AC8523D3-77EE-4768-B717-B07C5FC7EB7E}.Release|x64.Build.0 = Release|x64
		{AC8523D3-77EE-4768-B717-B07C5FC7EB7E}.Release|x86.ActiveCfg = Release|Win32
		{AC8523D3-77EE-4768-B717-B07C5FC7EB7E}.Release|x86.Build.0 = Release|Win32
		{6C7E7926-F98F-4D3D-911C-38122E1D1FC2}.Debug|x64.ActiveCfg = Debug|x64
		{6C7E7926-F98F-4D3D-911C-38122E1D1FC2}.Debug|x64.Build.0 = Debug|x64
		{6C7E7926-F98F-4D3D-911C-38122E1D1FC2}.Debug|x86.ActiveCfg = Debug|Win32
		{6C7E7926-F98F-4D3D-911C-38122E1D1FC2}.Debug|x86.Build.0 = Debug|Win32
		{6C7E7926-F98F-4D3D-911C-38122E1D1FC2}.Release|x64.ActiveCfg = Release|x64
		{6C7E7926-F98F-4D3D-911C-38122E1D1FC2}.Release|x64.Build.0 = Release|x64
		{6C7E7926-F98F-4D3D-911C-38122E1D1FC2}.Release|x86.ActiveCfg = Release|Win32
		{6C7E7926-F98F-4D3D-911C-38122E1D1FC2}.Release|x86.Build.0 = Release|Win32
		{991B7CD1-A6F6-44F2-9BA8-DD1B4A9FAB5E}.Debug|x64.ActiveCfg = Debug|x64
		{991B7CD1-A6F6-44F2-9BA8-DD1B4A9FAB5E}.Debug|x64.Build.0 = Debug|x64
		{991B7CD1-A6F6-44F2-9BA8-DD1B4A9FAB5E}.Debug|x86.ActiveCfg = Debug|Win32
		{991B7CD1-A6F6-44F2-9BA8-DD1B4A9FAB5E}.Debug|x86.Build.0 = Debug|Win32
		{991B7CD1-A6F6-44F2-9BA8-DD1B4A9FAB5E}.Release|x64.ActiveCfg = Release|x64
		{991B7CD1-A6F6-44F2-9BA8-DD1B4A9FAB5E}.Release|x64.Build.0 = Release|x64
		{991B7CD1-A6F6-44F2-9BA8-DD1B4A9FAB5E}.Release|x86.ActiveCfg = Release|Win32
		{991B7CD1-A6F6-44F2-9BA8-DD1B4A9FAB5E}.Release|x86.Build.0 = Release|Win32
		{18E5DEA4-2E9F-4DB0-8769-5BB206DD03F5}.Debug|x64.ActiveCfg = Debug|x64
		{18E5DEA4-2E9F-4DB0-8769-5BB206DD03F5}.Debug|x64.Build.0 = Debug|x64
		{18E5DEA4-2E9F-4DB0-8769-5BB206DD03F5}.Debug|x86.ActiveCfg = Debug|Win32
		{18E5DEA4-2E9F-4DB0-8769-5BB206DD03F5}.Debug|x86.Build.0 = Debug|Win32
		{18E5DEA4-2E9F-4DB0-8769-5BB206DD03F5}.Release|x64.ActiveCfg = Release|x64
		{18E5DEA4-2E9F-4DB0-8769-5BB206DD03F5}.Release|x64.Build.0 = Release|x64
		{18E5DEA4-2E9F-4DB0-8769-5BB206DD03F5}.Release|x86.ActiveCfg = Release|Win32
		{18E5DEA4-2E9F-4DB0-8769-5BB206DD03F5}.Release|x86.Build.0 = Release|Win32
		{A460FFB7-46B7-4A30-B4F8-4F49E7B29D80}.Debug|x64.ActiveCfg = Debug|x64
		{A460FFB7-46B7-4A30-B4F8-4F49E7B29D80}.Debug|x64.Build.0 = Debug|x64
		{A460FFB7-46B7-4A30-B4F8-4F49E7B29D80}.Debug|x86.ActiveCfg = Debug|Win32
		{A460FFB7-46B7-4A30-B4F8-4F49E7B29D80}.Debug|x86.Build.0 = Debug|Win32
		{A460FFB7-46B7-4A30-B4F8-4F49E7B29D80}.Release|x64.ActiveCfg = Release|x64
		{A460FFB7-46B7-4A30-B4F8-4F49E7B29D80}.Release|x64.Build.0 = Release|x64
		{A460FFB7-46B7-4A30-B4F8-4F49E7B29D80}.Release|x86.ActiveCfg = Release|Win32
		{A460FFB7-46B7-4A30-B4F8-4F49E7B29D80}.Release|x86.Build.0 = Release|Win32
		{FAE6120F-83BA-4731-A2C5-3FD44C3D0E9E}.Debug|x64.ActiveCfg = Debug|x64
		{FAE6120F-83BA-4731-A2C5-3FD44C3D0E9E}.Debug|x64.Build.0 = Debug|x64
		{FAE6120F-83BA-4731-A2C5-3FD44C3D0E9E}.Debug|x86.ActiveCfg = Debug|Win32
		{FAE6120F-83BA-4731-A2C5-3FD44C3D0E9E}.Debug|x86.Build.0 = Debug|Win32
		{FAE6120F-83BA-4731-A2C5-3FD44C3D0E9E}.Release|x64.ActiveCfg = Release|x64
		{FAE6120F-83BA-4731-A2C5-3FD44C3D0E9E}.Release|x64.Build.0 = Release|x64
		{FAE6120F-83BA-4731-A2C5-3FD44C3D0E9E}.Release|x86.ActiveCfg = Release|Win32
		{FAE6120F-83BA-4731-A2C5-3FD44C3D0E9E}.Release|x86.Build.0 = Release|Win32
		{C87AE2DE-EC23-4D6F-9EAE-8CE8B92E11B4}.Debug|x64.ActiveCfg = Debug|x64
		{C87AE2DE-EC23-4D6F-9EAE-8CE8B92E11B4}.Debug|x64.Build.0 = Debug|x64
		{C87AE2DE-EC23-4D6F-9EAE-8CE8B92E11B4}.Debug|x86.ActiveCfg = Debug|Win32
		{C87AE2DE-EC23-4D6F-9EAE-8CE8B92E11B4}.Debug|x86.Build.0 = Debug|Win32
		{C87AE2DE-EC23-4D6F-9EAE-8CE8B92E11B4}.Release|x64.ActiveCfg = Release|x64
		{C87AE2DE-EC23-4D6F-9EAE-8CE8B92E11B4}.Release|x64.Build.0 = Release|x64
		{C87AE2DE-EC23-4D6F-9EAE-8CE8B92E11B4}.Release|x86.ActiveCfg = Release|Win32
		{C87AE2DE-EC23-4D6F-9EAE-8CE8B92E11B4}.Release|x86.Build.0 = Release|Win32
		{317CC794-FFE1-423B-81FE-F65934FF2ADB}.Debug|x64.ActiveCfg = Debug|x64
		{317CC794-FFE1-423B-81FE-F65934FF2ADB}.Debug|x64.Build.0 = Debug|x64
		{317CC794-FFE1-423B-81FE-F65934FF2ADB}.Debug|x86.ActiveCfg = Debug|Win32
		{317CC794-FFE1-423B-81FE-F65934FF2ADB}.Debug|x86.Build.0 = Debug|Win32
		{317CC794-FFE1-423B-81FE-F65934FF2ADB}.Release|x64.ActiveCfg = Release|x64
		{317CC794-FFE1-423B-81FE-F65934FF2ADB}.Release|x64.Build.0 = Release|x64
		{317CC794-FFE1-423B-81FE-F65934FF2ADB}.Release|x86.ActiveCfg = Release|Win32
		{317CC794-FFE1-423B-81FE-F65934FF2ADB}.Release|x86.Build.0 = Release|Win32
		{5EBC64B0-0AB1-4041-89F2-F0F4540C77F3}.Debug|x64.ActiveCfg = Debug|x64
		{5EBC64B0-0AB1-4041-89F2-F0F4540C77F3}.Debug|x64.Build.0 = Debug|x64
		{5EBC64B0-0AB1-4041-89F2-F0F4540C77F3}.Debug|x86.ActiveCfg = Debug|Win32
		{5EBC64B0-0AB1-4041-89F2-F0F4540C77F3}.Debug|x86.Build.0 = Debug|Win32
		{5EBC64B0-0AB1-4041-89F2-F0F4540C77F3}.Release|x64.ActiveCfg = Release|x64
		{5EBC64B0-0AB1-4041-89F2-F0F4540C77F3}.Release|x64.Build.0 = Release|x64
		{5EBC64B0-0AB1-4041-89F2-F0F4540C77F3}.Release|x86.ActiveCfg = Release|Win32
		{5EBC64B0-0AB1-4041-89F2-F0F4540C77F3}.Release|x86.Build.0 = Release|Win32
		{EBD6630E-4BCE-48CC-A906-35556968892D}.Debug|x64.ActiveCfg = Debug|x64
		{EBD6630E-4BCE-48CC-A906-35556968892D}.Debug|x64.Build.0 = Debug|x64
		{EBD6630E-4BCE-48CC-A906-35556968892D}.Debug|x86.ActiveCfg = Debug|Win32
		{EBD6630E-4BCE-48CC-A906-35556968892D}.Debug|x86.Build.0 = Debug|Win32
		{EBD6630E-4BCE-48CC-A906-35556968892D}.Release|x64.ActiveCfg = Release|x64
		{EBD6630E-4BCE-48CC-A906-35556968892D}.Release|x64.Build.0 = Release|x64
		{EBD6630E-4BCE-48CC-A906-35556968892D}.Release|x86.ActiveCfg = Release|Win32
		{EBD6630E-4BCE-48CC-A906-35556968892D}.Release|x86.Build.0 = Release|Win32
		{275F167A-636E-4720-9669-39C689D8D67A}.Debug|x64.ActiveCfg = Debug|x64
		{275F167A-636E-4720-9669-39C689D8D67A}.Debug|x64.Build.0 = Debug|x64
		{275F167A-636E-4720-9669-39C689D8D67A}.Debug|x86.ActiveCfg = Debug|Win32
		{275F167A-636E-4720-9669-39C689D8D67A}.Debug|x86.Build.0 = Debug|Win32
		{275F167A-636E-4720-9669-39C689D8D67A}.Release|x64.ActiveCfg = Release|x64
		{275F167A-636E-4720-9669-39C689D8D67A}.Release|x64.Build.0 = Release|x64
		{275F167A-636E-4720-9669-39C689D8D67A}.Release|x86.ActiveCfg = Release|Win32
		{275F167A-636E-4720-9669-39C689D8D67A}.Release|x86.Build.0 = Release|Win32
		{8EC1B106-486F-4127-BD42-C75363EE0194}.Debug|x64.ActiveCfg = Debug|x64
		{8EC1B106-486F-4127-BD42-C75363EE0194}.Debug|x64.Build.0 = Debug|x64
		{8EC1B106-486F-4127-BD42-C75363EE0194}.Debug|x86.ActiveCfg = Debug|Win32
		{8EC1B106-486F-4127-BD42-C75363EE0194}.Debug|x86.Build.0 = Debug|Win32
		{8EC1B106-486F-4127-BD42-C75363EE0194}.Release|x64.ActiveCfg = Release|x64
		{8EC1B106-486F-4127-BD42-C75363EE0194}.Release|x64.Build.0 = Release|x64
		{8EC1B106-486F-4127-BD42-C75363EE0194}.Release|x86.ActiveCfg = Release|Win32
		{8EC1B106-486F-4127-BD42-C75363EE0194}.Release|x86.Build.0 = Release|Win32
	EndGlobalSection
	GlobalSection(SolutionProperties) = preSolution
		HideSolutionNode = FALSE
	EndGlobalSection
	GlobalSection(ExtensibilityGlobals) = postSolution
		SolutionGuid = {A774576A-FC73-4C27-8FA5-F837FD63501E}
	EndGlobalSection
EndGlobal
