
Microsoft Visual Studio Solution File, Format Version 12.00
# Visual Studio Version 17
VisualStudioVersion = 17.7.34031.279
MinimumVisualStudioVersion = 10.0.40219.1
Project("{8BC9CEB8-8B4A-11D0-8D11-00A0C91BC942}") = "Bai001", "Bai001\Bai001.vcxproj", "{6668DF0A-A63C-4D6C-8C84-D2279F33B0EF}"
EndProject
Project("{8BC9CEB8-8B4A-11D0-8D11-00A0C91BC942}") = "Bai006", "Bai006\Bai006.vcxproj", "{C54E2B4B-4BBD-4574-AB74-35DBA8371462}"
EndProject
Project("{8BC9CEB8-8B4A-11D0-8D11-00A0C91BC942}") = "Bai011", "Bai011\Bai011.vcxproj", "{61EEE6A7-F2DC-433E-AB63-A656188B6395}"
EndProject
Project("{8BC9CEB8-8B4A-11D0-8D11-00A0C91BC942}") = "Bai016", "Bai016\Bai016.vcxproj", "{34182BB1-B6CC-44D6-BB1E-9FEAC9482F10}"
EndProject
Project("{8BC9CEB8-8B4A-11D0-8D11-00A0C91BC942}") = "Bai021", "Bai021\Bai021.vcxproj", "{A2B42D75-6D52-4B7E-88A3-4710BA1AD666}"
EndProject
Project("{8BC9CEB8-8B4A-11D0-8D11-00A0C91BC942}") = "Bai026", "Bai026\Bai026.vcxproj", "{17A8B7DB-A3A9-481F-A169-484D87955E24}"
EndProject
Project("{8BC9CEB8-8B4A-11D0-8D11-00A0C91BC942}") = "Bai031", "Bai031\Bai031.vcxproj", "{7F80C8C5-511C-459A-8AD1-20010D780789}"
EndProject
Project("{8BC9CEB8-8B4A-11D0-8D11-00A0C91BC942}") = "Bai036", "Bai036\Bai036.vcxproj", "{CB103089-ECF0-46E2-B45B-86AD39AAC4D0}"
EndProject
Project("{8BC9CEB8-8B4A-11D0-8D11-00A0C91BC942}") = "Bai041", "Bai041\Bai041.vcxproj", "{79382AEA-8D5B-490E-AFD7-79C23E9A34DD}"
EndProject
Project("{8BC9CEB8-8B4A-11D0-8D11-00A0C91BC942}") = "Bai051", "Bai051\Bai051.vcxproj", "{A89986C3-C92E-4877-9961-C0968FF9CD43}"
EndProject
Project("{8BC9CEB8-8B4A-11D0-8D11-00A0C91BC942}") = "Bai046", "Bai046\Bai046.vcxproj", "{AA622CE6-E65A-49F9-B588-B0842F66A707}"
EndProject
Project("{8BC9CEB8-8B4A-11D0-8D11-00A0C91BC942}") = "Bai056", "Bai056\Bai056.vcxproj", "{16E6523B-B730-4F2D-8E08-1436FF660C49}"
EndProject
Project("{8BC9CEB8-8B4A-11D0-8D11-00A0C91BC942}") = "Bai061", "Bai061\Bai061.vcxproj", "{BACC2E07-783A-4270-9B26-29EDEBF90C63}"
EndProject
Project("{8BC9CEB8-8B4A-11D0-8D11-00A0C91BC942}") = "Bai067", "Bai067\Bai067.vcxproj", "{A9F6C50C-FBFC-4799-803A-C10B43A8A7FC}"
EndProject
Project("{8BC9CEB8-8B4A-11D0-8D11-00A0C91BC942}") = "Bai071", "Bai071\Bai071.vcxproj", "{E1F2AD58-30CD-472B-9E3E-AA356F7F8B90}"
EndProject
Project("{8BC9CEB8-8B4A-11D0-8D11-00A0C91BC942}") = "Bai076", "Bai076\Bai076.vcxproj", "{00DCDF15-1CB1-4811-8E58-7D8ABB7011D1}"
EndProject
Project("{8BC9CEB8-8B4A-11D0-8D11-00A0C91BC942}") = "Bai081", "Bai081\Bai081.vcxproj", "{41BBF3A8-F7FA-4350-9C5E-480E31482928}"
EndProject
Project("{8BC9CEB8-8B4A-11D0-8D11-00A0C91BC942}") = "Bai086", "Bai086\Bai086.vcxproj", "{D0D68611-F33A-4061-84CB-9E3FBF7FF5E0}"
EndProject
Project("{8BC9CEB8-8B4A-11D0-8D11-00A0C91BC942}") = "Bai091", "Bai091\Bai091.vcxproj", "{66E4B44E-9341-4006-9B23-8CD1452331D3}"
EndProject
Project("{8BC9CEB8-8B4A-11D0-8D11-00A0C91BC942}") = "Bai096", "Bai096\Bai096.vcxproj", "{37D23E1C-4213-4631-9DF5-1D4247C22F57}"
EndProject
Project("{8BC9CEB8-8B4A-11D0-8D11-00A0C91BC942}") = "Bai101", "Bai101\Bai101.vcxproj", "{01EC4F65-8988-4E4D-814B-FFD80B8F87B1}"
EndProject
Project("{8BC9CEB8-8B4A-11D0-8D11-00A0C91BC942}") = "Bai106", "Bai106\Bai106.vcxproj", "{6BD9A661-74B5-4171-8D27-DCD6011D5C27}"
EndProject
Project("{8BC9CEB8-8B4A-11D0-8D11-00A0C91BC942}") = "Bai111", "Bai111\Bai111.vcxproj", "{8381DD0B-4DB9-46AB-8AA5-149F0178AE21}"
EndProject
Project("{8BC9CEB8-8B4A-11D0-8D11-00A0C91BC942}") = "Bai116", "Bai116\Bai116.vcxproj", "{AA5A738A-F0A3-4F9B-B7F9-3299EA62B080}"
EndProject
Project("{8BC9CEB8-8B4A-11D0-8D11-00A0C91BC942}") = "Bai121", "Bai121\Bai121.vcxproj", "{6C8270A5-821F-4174-8057-7E9971B807E3}"
EndProject
Project("{8BC9CEB8-8B4A-11D0-8D11-00A0C91BC942}") = "Bai126", "Bai126\Bai126.vcxproj", "{138F69D9-B486-4A35-95D0-10225D3F5528}"
EndProject
Project("{8BC9CEB8-8B4A-11D0-8D11-00A0C91BC942}") = "Bai131", "Bai131\Bai131.vcxproj", "{1EBE278D-A04A-41C6-B3B6-0CA8CC357166}"
EndProject
Project("{8BC9CEB8-8B4A-11D0-8D11-00A0C91BC942}") = "Bai136", "Bai136\Bai136.vcxproj", "{DE324788-D38A-4703-B4DF-3634C08B8065}"
EndProject
Project("{8BC9CEB8-8B4A-11D0-8D11-00A0C91BC942}") = "Bai141", "Bai141\Bai141.vcxproj", "{964759E0-5C39-4CA8-AEC0-3AD46624D75C}"
EndProject
Project("{8BC9CEB8-8B4A-11D0-8D11-00A0C91BC942}") = "Bai146", "Bai146\Bai146.vcxproj", "{8DAEEF63-C9F1-4133-B1B8-914631A5C5C5}"
EndProject
Project("{8BC9CEB8-8B4A-11D0-8D11-00A0C91BC942}") = "Bai151", "Bai151\Bai151.vcxproj", "{7072D577-8F6F-46DF-AE94-2BC8C932E59E}"
EndProject
Project("{8BC9CEB8-8B4A-11D0-8D11-00A0C91BC942}") = "Bai156", "Bai156\Bai156.vcxproj", "{903B26D5-B1BB-4D5F-B8A5-FBD8760200B3}"
EndProject
Project("{8BC9CEB8-8B4A-11D0-8D11-00A0C91BC942}") = "Bai161", "Bai161\Bai161.vcxproj", "{39487E1F-4326-43F1-8CD7-C4F1C66CDA41}"
EndProject
Project("{8BC9CEB8-8B4A-11D0-8D11-00A0C91BC942}") = "Bai166", "Bai166\Bai166.vcxproj", "{56DEB957-0316-4B9E-92C6-71FBC040E9D0}"
EndProject
Project("{8BC9CEB8-8B4A-11D0-8D11-00A0C91BC942}") = "Bai171", "Bai171\Bai171.vcxproj", "{CA4AA8D7-0111-4E64-B176-7ADF6B225981}"
EndProject
Project("{8BC9CEB8-8B4A-11D0-8D11-00A0C91BC942}") = "Bai176", "Bai176\Bai176.vcxproj", "{AC0058B7-6BAE-4E2F-8A7A-365B208211FB}"
EndProject
Project("{8BC9CEB8-8B4A-11D0-8D11-00A0C91BC942}") = "Bai186", "Bai186\Bai186.vcxproj", "{1163C062-2D16-440C-ADB5-7192483CA689}"
EndProject
Project("{8BC9CEB8-8B4A-11D0-8D11-00A0C91BC942}") = "Bai191", "Bai191\Bai191.vcxproj", "{C778FB9D-9E92-4FEB-ABAB-B37796885CA6}"
EndProject
Project("{8BC9CEB8-8B4A-11D0-8D11-00A0C91BC942}") = "Bai196", "Bai196\Bai196.vcxproj", "{1125316C-E8D5-46AA-9F78-1A133551791A}"
EndProject
Project("{8BC9CEB8-8B4A-11D0-8D11-00A0C91BC942}") = "Bai201", "Bai201\Bai201.vcxproj", "{A81CFDC2-956F-4DD4-A878-1CF35D6C20B7}"
EndProject
Project("{8BC9CEB8-8B4A-11D0-8D11-00A0C91BC942}") = "Bai206", "Bai206\Bai206.vcxproj", "{F5171B5D-60E3-4417-A6EE-0001EC14A277}"
EndProject
Project("{8BC9CEB8-8B4A-11D0-8D11-00A0C91BC942}") = "Bai211", "Bai211\Bai211.vcxproj", "{7A220E40-7F46-4F16-9631-CAEA02C8CB62}"
EndProject
Project("{8BC9CEB8-8B4A-11D0-8D11-00A0C91BC942}") = "Bai216", "Bai216\Bai216.vcxproj", "{5E2759D8-B10D-4790-BB3D-FAFC40C3383E}"
EndProject
Project("{8BC9CEB8-8B4A-11D0-8D11-00A0C91BC942}") = "Bai221", "Bai221\Bai221.vcxproj", "{A5D9042C-8003-4504-B448-0917B5983030}"
EndProject
Project("{8BC9CEB8-8B4A-11D0-8D11-00A0C91BC942}") = "Bai231", "Bai231\Bai231.vcxproj", "{07DC1717-344D-4E47-ADCB-D961AF723CB8}"
EndProject
Project("{8BC9CEB8-8B4A-11D0-8D11-00A0C91BC942}") = "Bai236", "Bai236\Bai236.vcxproj", "{2E28A779-55E6-46B4-917D-23CAE95336D3}"
EndProject
Global
	GlobalSection(SolutionConfigurationPlatforms) = preSolution
		Debug|x64 = Debug|x64
		Debug|x86 = Debug|x86
		Release|x64 = Release|x64
		Release|x86 = Release|x86
	EndGlobalSection
	GlobalSection(ProjectConfigurationPlatforms) = postSolution
		{6668DF0A-A63C-4D6C-8C84-D2279F33B0EF}.Debug|x64.ActiveCfg = Debug|x64
		{6668DF0A-A63C-4D6C-8C84-D2279F33B0EF}.Debug|x64.Build.0 = Debug|x64
		{6668DF0A-A63C-4D6C-8C84-D2279F33B0EF}.Debug|x86.ActiveCfg = Debug|Win32
		{6668DF0A-A63C-4D6C-8C84-D2279F33B0EF}.Debug|x86.Build.0 = Debug|Win32
		{6668DF0A-A63C-4D6C-8C84-D2279F33B0EF}.Release|x64.ActiveCfg = Release|x64
		{6668DF0A-A63C-4D6C-8C84-D2279F33B0EF}.Release|x64.Build.0 = Release|x64
		{6668DF0A-A63C-4D6C-8C84-D2279F33B0EF}.Release|x86.ActiveCfg = Release|Win32
		{6668DF0A-A63C-4D6C-8C84-D2279F33B0EF}.Release|x86.Build.0 = Release|Win32
		{C54E2B4B-4BBD-4574-AB74-35DBA8371462}.Debug|x64.ActiveCfg = Debug|x64
		{C54E2B4B-4BBD-4574-AB74-35DBA8371462}.Debug|x64.Build.0 = Debug|x64
		{C54E2B4B-4BBD-4574-AB74-35DBA8371462}.Debug|x86.ActiveCfg = Debug|Win32
		{C54E2B4B-4BBD-4574-AB74-35DBA8371462}.Debug|x86.Build.0 = Debug|Win32
		{C54E2B4B-4BBD-4574-AB74-35DBA8371462}.Release|x64.ActiveCfg = Release|x64
		{C54E2B4B-4BBD-4574-AB74-35DBA8371462}.Release|x64.Build.0 = Release|x64
		{C54E2B4B-4BBD-4574-AB74-35DBA8371462}.Release|x86.ActiveCfg = Release|Win32
		{C54E2B4B-4BBD-4574-AB74-35DBA8371462}.Release|x86.Build.0 = Release|Win32
		{61EEE6A7-F2DC-433E-AB63-A656188B6395}.Debug|x64.ActiveCfg = Debug|x64
		{61EEE6A7-F2DC-433E-AB63-A656188B6395}.Debug|x64.Build.0 = Debug|x64
		{61EEE6A7-F2DC-433E-AB63-A656188B6395}.Debug|x86.ActiveCfg = Debug|Win32
		{61EEE6A7-F2DC-433E-AB63-A656188B6395}.Debug|x86.Build.0 = Debug|Win32
		{61EEE6A7-F2DC-433E-AB63-A656188B6395}.Release|x64.ActiveCfg = Release|x64
		{61EEE6A7-F2DC-433E-AB63-A656188B6395}.Release|x64.Build.0 = Release|x64
		{61EEE6A7-F2DC-433E-AB63-A656188B6395}.Release|x86.ActiveCfg = Release|Win32
		{61EEE6A7-F2DC-433E-AB63-A656188B6395}.Release|x86.Build.0 = Release|Win32
		{34182BB1-B6CC-44D6-BB1E-9FEAC9482F10}.Debug|x64.ActiveCfg = Debug|x64
		{34182BB1-B6CC-44D6-BB1E-9FEAC9482F10}.Debug|x64.Build.0 = Debug|x64
		{34182BB1-B6CC-44D6-BB1E-9FEAC9482F10}.Debug|x86.ActiveCfg = Debug|Win32
		{34182BB1-B6CC-44D6-BB1E-9FEAC9482F10}.Debug|x86.Build.0 = Debug|Win32
		{34182BB1-B6CC-44D6-BB1E-9FEAC9482F10}.Release|x64.ActiveCfg = Release|x64
		{34182BB1-B6CC-44D6-BB1E-9FEAC9482F10}.Release|x64.Build.0 = Release|x64
		{34182BB1-B6CC-44D6-BB1E-9FEAC9482F10}.Release|x86.ActiveCfg = Release|Win32
		{34182BB1-B6CC-44D6-BB1E-9FEAC9482F10}.Release|x86.Build.0 = Release|Win32
		{A2B42D75-6D52-4B7E-88A3-4710BA1AD666}.Debug|x64.ActiveCfg = Debug|x64
		{A2B42D75-6D52-4B7E-88A3-4710BA1AD666}.Debug|x64.Build.0 = Debug|x64
		{A2B42D75-6D52-4B7E-88A3-4710BA1AD666}.Debug|x86.ActiveCfg = Debug|Win32
		{A2B42D75-6D52-4B7E-88A3-4710BA1AD666}.Debug|x86.Build.0 = Debug|Win32
		{A2B42D75-6D52-4B7E-88A3-4710BA1AD666}.Release|x64.ActiveCfg = Release|x64
		{A2B42D75-6D52-4B7E-88A3-4710BA1AD666}.Release|x64.Build.0 = Release|x64
		{A2B42D75-6D52-4B7E-88A3-4710BA1AD666}.Release|x86.ActiveCfg = Release|Win32
		{A2B42D75-6D52-4B7E-88A3-4710BA1AD666}.Release|x86.Build.0 = Release|Win32
		{17A8B7DB-A3A9-481F-A169-484D87955E24}.Debug|x64.ActiveCfg = Debug|x64
		{17A8B7DB-A3A9-481F-A169-484D87955E24}.Debug|x64.Build.0 = Debug|x64
		{17A8B7DB-A3A9-481F-A169-484D87955E24}.Debug|x86.ActiveCfg = Debug|Win32
		{17A8B7DB-A3A9-481F-A169-484D87955E24}.Debug|x86.Build.0 = Debug|Win32
		{17A8B7DB-A3A9-481F-A169-484D87955E24}.Release|x64.ActiveCfg = Release|x64
		{17A8B7DB-A3A9-481F-A169-484D87955E24}.Release|x64.Build.0 = Release|x64
		{17A8B7DB-A3A9-481F-A169-484D87955E24}.Release|x86.ActiveCfg = Release|Win32
		{17A8B7DB-A3A9-481F-A169-484D87955E24}.Release|x86.Build.0 = Release|Win32
		{7F80C8C5-511C-459A-8AD1-20010D780789}.Debug|x64.ActiveCfg = Debug|x64
		{7F80C8C5-511C-459A-8AD1-20010D780789}.Debug|x64.Build.0 = Debug|x64
		{7F80C8C5-511C-459A-8AD1-20010D780789}.Debug|x86.ActiveCfg = Debug|Win32
		{7F80C8C5-511C-459A-8AD1-20010D780789}.Debug|x86.Build.0 = Debug|Win32
		{7F80C8C5-511C-459A-8AD1-20010D780789}.Release|x64.ActiveCfg = Release|x64
		{7F80C8C5-511C-459A-8AD1-20010D780789}.Release|x64.Build.0 = Release|x64
		{7F80C8C5-511C-459A-8AD1-20010D780789}.Release|x86.ActiveCfg = Release|Win32
		{7F80C8C5-511C-459A-8AD1-20010D780789}.Release|x86.Build.0 = Release|Win32
		{CB103089-ECF0-46E2-B45B-86AD39AAC4D0}.Debug|x64.ActiveCfg = Debug|x64
		{CB103089-ECF0-46E2-B45B-86AD39AAC4D0}.Debug|x64.Build.0 = Debug|x64
		{CB103089-ECF0-46E2-B45B-86AD39AAC4D0}.Debug|x86.ActiveCfg = Debug|Win32
		{CB103089-ECF0-46E2-B45B-86AD39AAC4D0}.Debug|x86.Build.0 = Debug|Win32
		{CB103089-ECF0-46E2-B45B-86AD39AAC4D0}.Release|x64.ActiveCfg = Release|x64
		{CB103089-ECF0-46E2-B45B-86AD39AAC4D0}.Release|x64.Build.0 = Release|x64
		{CB103089-ECF0-46E2-B45B-86AD39AAC4D0}.Release|x86.ActiveCfg = Release|Win32
		{CB103089-ECF0-46E2-B45B-86AD39AAC4D0}.Release|x86.Build.0 = Release|Win32
		{79382AEA-8D5B-490E-AFD7-79C23E9A34DD}.Debug|x64.ActiveCfg = Debug|x64
		{79382AEA-8D5B-490E-AFD7-79C23E9A34DD}.Debug|x64.Build.0 = Debug|x64
		{79382AEA-8D5B-490E-AFD7-79C23E9A34DD}.Debug|x86.ActiveCfg = Debug|Win32
		{79382AEA-8D5B-490E-AFD7-79C23E9A34DD}.Debug|x86.Build.0 = Debug|Win32
		{79382AEA-8D5B-490E-AFD7-79C23E9A34DD}.Release|x64.ActiveCfg = Release|x64
		{79382AEA-8D5B-490E-AFD7-79C23E9A34DD}.Release|x64.Build.0 = Release|x64
		{79382AEA-8D5B-490E-AFD7-79C23E9A34DD}.Release|x86.ActiveCfg = Release|Win32
		{79382AEA-8D5B-490E-AFD7-79C23E9A34DD}.Release|x86.Build.0 = Release|Win32
		{A89986C3-C92E-4877-9961-C0968FF9CD43}.Debug|x64.ActiveCfg = Debug|x64
		{A89986C3-C92E-4877-9961-C0968FF9CD43}.Debug|x64.Build.0 = Debug|x64
		{A89986C3-C92E-4877-9961-C0968FF9CD43}.Debug|x86.ActiveCfg = Debug|Win32
		{A89986C3-C92E-4877-9961-C0968FF9CD43}.Debug|x86.Build.0 = Debug|Win32
		{A89986C3-C92E-4877-9961-C0968FF9CD43}.Release|x64.ActiveCfg = Release|x64
		{A89986C3-C92E-4877-9961-C0968FF9CD43}.Release|x64.Build.0 = Release|x64
		{A89986C3-C92E-4877-9961-C0968FF9CD43}.Release|x86.ActiveCfg = Release|Win32
		{A89986C3-C92E-4877-9961-C0968FF9CD43}.Release|x86.Build.0 = Release|Win32
		{AA622CE6-E65A-49F9-B588-B0842F66A707}.Debug|x64.ActiveCfg = Debug|x64
		{AA622CE6-E65A-49F9-B588-B0842F66A707}.Debug|x64.Build.0 = Debug|x64
		{AA622CE6-E65A-49F9-B588-B0842F66A707}.Debug|x86.ActiveCfg = Debug|Win32
		{AA622CE6-E65A-49F9-B588-B0842F66A707}.Debug|x86.Build.0 = Debug|Win32
		{AA622CE6-E65A-49F9-B588-B0842F66A707}.Release|x64.ActiveCfg = Release|x64
		{AA622CE6-E65A-49F9-B588-B0842F66A707}.Release|x64.Build.0 = Release|x64
		{AA622CE6-E65A-49F9-B588-B0842F66A707}.Release|x86.ActiveCfg = Release|Win32
		{AA622CE6-E65A-49F9-B588-B0842F66A707}.Release|x86.Build.0 = Release|Win32
		{16E6523B-B730-4F2D-8E08-1436FF660C49}.Debug|x64.ActiveCfg = Debug|x64
		{16E6523B-B730-4F2D-8E08-1436FF660C49}.Debug|x64.Build.0 = Debug|x64
		{16E6523B-B730-4F2D-8E08-1436FF660C49}.Debug|x86.ActiveCfg = Debug|Win32
		{16E6523B-B730-4F2D-8E08-1436FF660C49}.Debug|x86.Build.0 = Debug|Win32
		{16E6523B-B730-4F2D-8E08-1436FF660C49}.Release|x64.ActiveCfg = Release|x64
		{16E6523B-B730-4F2D-8E08-1436FF660C49}.Release|x64.Build.0 = Release|x64
		{16E6523B-B730-4F2D-8E08-1436FF660C49}.Release|x86.ActiveCfg = Release|Win32
		{16E6523B-B730-4F2D-8E08-1436FF660C49}.Release|x86.Build.0 = Release|Win32
		{BACC2E07-783A-4270-9B26-29EDEBF90C63}.Debug|x64.ActiveCfg = Debug|x64
		{BACC2E07-783A-4270-9B26-29EDEBF90C63}.Debug|x64.Build.0 = Debug|x64
		{BACC2E07-783A-4270-9B26-29EDEBF90C63}.Debug|x86.ActiveCfg = Debug|Win32
		{BACC2E07-783A-4270-9B26-29EDEBF90C63}.Debug|x86.Build.0 = Debug|Win32
		{BACC2E07-783A-4270-9B26-29EDEBF90C63}.Release|x64.ActiveCfg = Release|x64
		{BACC2E07-783A-4270-9B26-29EDEBF90C63}.Release|x64.Build.0 = Release|x64
		{BACC2E07-783A-4270-9B26-29EDEBF90C63}.Release|x86.ActiveCfg = Release|Win32
		{BACC2E07-783A-4270-9B26-29EDEBF90C63}.Release|x86.Build.0 = Release|Win32
		{A9F6C50C-FBFC-4799-803A-C10B43A8A7FC}.Debug|x64.ActiveCfg = Debug|x64
		{A9F6C50C-FBFC-4799-803A-C10B43A8A7FC}.Debug|x64.Build.0 = Debug|x64
		{A9F6C50C-FBFC-4799-803A-C10B43A8A7FC}.Debug|x86.ActiveCfg = Debug|Win32
		{A9F6C50C-FBFC-4799-803A-C10B43A8A7FC}.Debug|x86.Build.0 = Debug|Win32
		{A9F6C50C-FBFC-4799-803A-C10B43A8A7FC}.Release|x64.ActiveCfg = Release|x64
		{A9F6C50C-FBFC-4799-803A-C10B43A8A7FC}.Release|x64.Build.0 = Release|x64
		{A9F6C50C-FBFC-4799-803A-C10B43A8A7FC}.Release|x86.ActiveCfg = Release|Win32
		{A9F6C50C-FBFC-4799-803A-C10B43A8A7FC}.Release|x86.Build.0 = Release|Win32
		{E1F2AD58-30CD-472B-9E3E-AA356F7F8B90}.Debug|x64.ActiveCfg = Debug|x64
		{E1F2AD58-30CD-472B-9E3E-AA356F7F8B90}.Debug|x64.Build.0 = Debug|x64
		{E1F2AD58-30CD-472B-9E3E-AA356F7F8B90}.Debug|x86.ActiveCfg = Debug|Win32
		{E1F2AD58-30CD-472B-9E3E-AA356F7F8B90}.Debug|x86.Build.0 = Debug|Win32
		{E1F2AD58-30CD-472B-9E3E-AA356F7F8B90}.Release|x64.ActiveCfg = Release|x64
		{E1F2AD58-30CD-472B-9E3E-AA356F7F8B90}.Release|x64.Build.0 = Release|x64
		{E1F2AD58-30CD-472B-9E3E-AA356F7F8B90}.Release|x86.ActiveCfg = Release|Win32
		{E1F2AD58-30CD-472B-9E3E-AA356F7F8B90}.Release|x86.Build.0 = Release|Win32
		{00DCDF15-1CB1-4811-8E58-7D8ABB7011D1}.Debug|x64.ActiveCfg = Debug|x64
		{00DCDF15-1CB1-4811-8E58-7D8ABB7011D1}.Debug|x64.Build.0 = Debug|x64
		{00DCDF15-1CB1-4811-8E58-7D8ABB7011D1}.Debug|x86.ActiveCfg = Debug|Win32
		{00DCDF15-1CB1-4811-8E58-7D8ABB7011D1}.Debug|x86.Build.0 = Debug|Win32
		{00DCDF15-1CB1-4811-8E58-7D8ABB7011D1}.Release|x64.ActiveCfg = Release|x64
		{00DCDF15-1CB1-4811-8E58-7D8ABB7011D1}.Release|x64.Build.0 = Release|x64
		{00DCDF15-1CB1-4811-8E58-7D8ABB7011D1}.Release|x86.ActiveCfg = Release|Win32
		{00DCDF15-1CB1-4811-8E58-7D8ABB7011D1}.Release|x86.Build.0 = Release|Win32
		{41BBF3A8-F7FA-4350-9C5E-480E31482928}.Debug|x64.ActiveCfg = Debug|x64
		{41BBF3A8-F7FA-4350-9C5E-480E31482928}.Debug|x64.Build.0 = Debug|x64
		{41BBF3A8-F7FA-4350-9C5E-480E31482928}.Debug|x86.ActiveCfg = Debug|Win32
		{41BBF3A8-F7FA-4350-9C5E-480E31482928}.Debug|x86.Build.0 = Debug|Win32
		{41BBF3A8-F7FA-4350-9C5E-480E31482928}.Release|x64.ActiveCfg = Release|x64
		{41BBF3A8-F7FA-4350-9C5E-480E31482928}.Release|x64.Build.0 = Release|x64
		{41BBF3A8-F7FA-4350-9C5E-480E31482928}.Release|x86.ActiveCfg = Release|Win32
		{41BBF3A8-F7FA-4350-9C5E-480E31482928}.Release|x86.Build.0 = Release|Win32
		{D0D68611-F33A-4061-84CB-9E3FBF7FF5E0}.Debug|x64.ActiveCfg = Debug|x64
		{D0D68611-F33A-4061-84CB-9E3FBF7FF5E0}.Debug|x64.Build.0 = Debug|x64
		{D0D68611-F33A-4061-84CB-9E3FBF7FF5E0}.Debug|x86.ActiveCfg = Debug|Win32
		{D0D68611-F33A-4061-84CB-9E3FBF7FF5E0}.Debug|x86.Build.0 = Debug|Win32
		{D0D68611-F33A-4061-84CB-9E3FBF7FF5E0}.Release|x64.ActiveCfg = Release|x64
		{D0D68611-F33A-4061-84CB-9E3FBF7FF5E0}.Release|x64.Build.0 = Release|x64
		{D0D68611-F33A-4061-84CB-9E3FBF7FF5E0}.Release|x86.ActiveCfg = Release|Win32
		{D0D68611-F33A-4061-84CB-9E3FBF7FF5E0}.Release|x86.Build.0 = Release|Win32
		{66E4B44E-9341-4006-9B23-8CD1452331D3}.Debug|x64.ActiveCfg = Debug|x64
		{66E4B44E-9341-4006-9B23-8CD1452331D3}.Debug|x64.Build.0 = Debug|x64
		{66E4B44E-9341-4006-9B23-8CD1452331D3}.Debug|x86.ActiveCfg = Debug|Win32
		{66E4B44E-9341-4006-9B23-8CD1452331D3}.Debug|x86.Build.0 = Debug|Win32
		{66E4B44E-9341-4006-9B23-8CD1452331D3}.Release|x64.ActiveCfg = Release|x64
		{66E4B44E-9341-4006-9B23-8CD1452331D3}.Release|x64.Build.0 = Release|x64
		{66E4B44E-9341-4006-9B23-8CD1452331D3}.Release|x86.ActiveCfg = Release|Win32
		{66E4B44E-9341-4006-9B23-8CD1452331D3}.Release|x86.Build.0 = Release|Win32
		{37D23E1C-4213-4631-9DF5-1D4247C22F57}.Debug|x64.ActiveCfg = Debug|x64
		{37D23E1C-4213-4631-9DF5-1D4247C22F57}.Debug|x64.Build.0 = Debug|x64
		{37D23E1C-4213-4631-9DF5-1D4247C22F57}.Debug|x86.ActiveCfg = Debug|Win32
		{37D23E1C-4213-4631-9DF5-1D4247C22F57}.Debug|x86.Build.0 = Debug|Win32
		{37D23E1C-4213-4631-9DF5-1D4247C22F57}.Release|x64.ActiveCfg = Release|x64
		{37D23E1C-4213-4631-9DF5-1D4247C22F57}.Release|x64.Build.0 = Release|x64
		{37D23E1C-4213-4631-9DF5-1D4247C22F57}.Release|x86.ActiveCfg = Release|Win32
		{37D23E1C-4213-4631-9DF5-1D4247C22F57}.Release|x86.Build.0 = Release|Win32
		{01EC4F65-8988-4E4D-814B-FFD80B8F87B1}.Debug|x64.ActiveCfg = Debug|x64
		{01EC4F65-8988-4E4D-814B-FFD80B8F87B1}.Debug|x64.Build.0 = Debug|x64
		{01EC4F65-8988-4E4D-814B-FFD80B8F87B1}.Debug|x86.ActiveCfg = Debug|Win32
		{01EC4F65-8988-4E4D-814B-FFD80B8F87B1}.Debug|x86.Build.0 = Debug|Win32
		{01EC4F65-8988-4E4D-814B-FFD80B8F87B1}.Release|x64.ActiveCfg = Release|x64
		{01EC4F65-8988-4E4D-814B-FFD80B8F87B1}.Release|x64.Build.0 = Release|x64
		{01EC4F65-8988-4E4D-814B-FFD80B8F87B1}.Release|x86.ActiveCfg = Release|Win32
		{01EC4F65-8988-4E4D-814B-FFD80B8F87B1}.Release|x86.Build.0 = Release|Win32
		{6BD9A661-74B5-4171-8D27-DCD6011D5C27}.Debug|x64.ActiveCfg = Debug|x64
		{6BD9A661-74B5-4171-8D27-DCD6011D5C27}.Debug|x64.Build.0 = Debug|x64
		{6BD9A661-74B5-4171-8D27-DCD6011D5C27}.Debug|x86.ActiveCfg = Debug|Win32
		{6BD9A661-74B5-4171-8D27-DCD6011D5C27}.Debug|x86.Build.0 = Debug|Win32
		{6BD9A661-74B5-4171-8D27-DCD6011D5C27}.Release|x64.ActiveCfg = Release|x64
		{6BD9A661-74B5-4171-8D27-DCD6011D5C27}.Release|x64.Build.0 = Release|x64
		{6BD9A661-74B5-4171-8D27-DCD6011D5C27}.Release|x86.ActiveCfg = Release|Win32
		{6BD9A661-74B5-4171-8D27-DCD6011D5C27}.Release|x86.Build.0 = Release|Win32
		{8381DD0B-4DB9-46AB-8AA5-149F0178AE21}.Debug|x64.ActiveCfg = Debug|x64
		{8381DD0B-4DB9-46AB-8AA5-149F0178AE21}.Debug|x64.Build.0 = Debug|x64
		{8381DD0B-4DB9-46AB-8AA5-149F0178AE21}.Debug|x86.ActiveCfg = Debug|Win32
		{8381DD0B-4DB9-46AB-8AA5-149F0178AE21}.Debug|x86.Build.0 = Debug|Win32
		{8381DD0B-4DB9-46AB-8AA5-149F0178AE21}.Release|x64.ActiveCfg = Release|x64
		{8381DD0B-4DB9-46AB-8AA5-149F0178AE21}.Release|x64.Build.0 = Release|x64
		{8381DD0B-4DB9-46AB-8AA5-149F0178AE21}.Release|x86.ActiveCfg = Release|Win32
		{8381DD0B-4DB9-46AB-8AA5-149F0178AE21}.Release|x86.Build.0 = Release|Win32
		{AA5A738A-F0A3-4F9B-B7F9-3299EA62B080}.Debug|x64.ActiveCfg = Debug|x64
		{AA5A738A-F0A3-4F9B-B7F9-3299EA62B080}.Debug|x64.Build.0 = Debug|x64
		{AA5A738A-F0A3-4F9B-B7F9-3299EA62B080}.Debug|x86.ActiveCfg = Debug|Win32
		{AA5A738A-F0A3-4F9B-B7F9-3299EA62B080}.Debug|x86.Build.0 = Debug|Win32
		{AA5A738A-F0A3-4F9B-B7F9-3299EA62B080}.Release|x64.ActiveCfg = Release|x64
		{AA5A738A-F0A3-4F9B-B7F9-3299EA62B080}.Release|x64.Build.0 = Release|x64
		{AA5A738A-F0A3-4F9B-B7F9-3299EA62B080}.Release|x86.ActiveCfg = Release|Win32
		{AA5A738A-F0A3-4F9B-B7F9-3299EA62B080}.Release|x86.Build.0 = Release|Win32
		{6C8270A5-821F-4174-8057-7E9971B807E3}.Debug|x64.ActiveCfg = Debug|x64
		{6C8270A5-821F-4174-8057-7E9971B807E3}.Debug|x64.Build.0 = Debug|x64
		{6C8270A5-821F-4174-8057-7E9971B807E3}.Debug|x86.ActiveCfg = Debug|Win32
		{6C8270A5-821F-4174-8057-7E9971B807E3}.Debug|x86.Build.0 = Debug|Win32
		{6C8270A5-821F-4174-8057-7E9971B807E3}.Release|x64.ActiveCfg = Release|x64
		{6C8270A5-821F-4174-8057-7E9971B807E3}.Release|x64.Build.0 = Release|x64
		{6C8270A5-821F-4174-8057-7E9971B807E3}.Release|x86.ActiveCfg = Release|Win32
		{6C8270A5-821F-4174-8057-7E9971B807E3}.Release|x86.Build.0 = Release|Win32
		{138F69D9-B486-4A35-95D0-10225D3F5528}.Debug|x64.ActiveCfg = Debug|x64
		{138F69D9-B486-4A35-95D0-10225D3F5528}.Debug|x64.Build.0 = Debug|x64
		{138F69D9-B486-4A35-95D0-10225D3F5528}.Debug|x86.ActiveCfg = Debug|Win32
		{138F69D9-B486-4A35-95D0-10225D3F5528}.Debug|x86.Build.0 = Debug|Win32
		{138F69D9-B486-4A35-95D0-10225D3F5528}.Release|x64.ActiveCfg = Release|x64
		{138F69D9-B486-4A35-95D0-10225D3F5528}.Release|x64.Build.0 = Release|x64
		{138F69D9-B486-4A35-95D0-10225D3F5528}.Release|x86.ActiveCfg = Release|Win32
		{138F69D9-B486-4A35-95D0-10225D3F5528}.Release|x86.Build.0 = Release|Win32
		{1EBE278D-A04A-41C6-B3B6-0CA8CC357166}.Debug|x64.ActiveCfg = Debug|x64
		{1EBE278D-A04A-41C6-B3B6-0CA8CC357166}.Debug|x64.Build.0 = Debug|x64
		{1EBE278D-A04A-41C6-B3B6-0CA8CC357166}.Debug|x86.ActiveCfg = Debug|Win32
		{1EBE278D-A04A-41C6-B3B6-0CA8CC357166}.Debug|x86.Build.0 = Debug|Win32
		{1EBE278D-A04A-41C6-B3B6-0CA8CC357166}.Release|x64.ActiveCfg = Release|x64
		{1EBE278D-A04A-41C6-B3B6-0CA8CC357166}.Release|x64.Build.0 = Release|x64
		{1EBE278D-A04A-41C6-B3B6-0CA8CC357166}.Release|x86.ActiveCfg = Release|Win32
		{1EBE278D-A04A-41C6-B3B6-0CA8CC357166}.Release|x86.Build.0 = Release|Win32
		{DE324788-D38A-4703-B4DF-3634C08B8065}.Debug|x64.ActiveCfg = Debug|x64
		{DE324788-D38A-4703-B4DF-3634C08B8065}.Debug|x64.Build.0 = Debug|x64
		{DE324788-D38A-4703-B4DF-3634C08B8065}.Debug|x86.ActiveCfg = Debug|Win32
		{DE324788-D38A-4703-B4DF-3634C08B8065}.Debug|x86.Build.0 = Debug|Win32
		{DE324788-D38A-4703-B4DF-3634C08B8065}.Release|x64.ActiveCfg = Release|x64
		{DE324788-D38A-4703-B4DF-3634C08B8065}.Release|x64.Build.0 = Release|x64
		{DE324788-D38A-4703-B4DF-3634C08B8065}.Release|x86.ActiveCfg = Release|Win32
		{DE324788-D38A-4703-B4DF-3634C08B8065}.Release|x86.Build.0 = Release|Win32
		{964759E0-5C39-4CA8-AEC0-3AD46624D75C}.Debug|x64.ActiveCfg = Debug|x64
		{964759E0-5C39-4CA8-AEC0-3AD46624D75C}.Debug|x64.Build.0 = Debug|x64
		{964759E0-5C39-4CA8-AEC0-3AD46624D75C}.Debug|x86.ActiveCfg = Debug|Win32
		{964759E0-5C39-4CA8-AEC0-3AD46624D75C}.Debug|x86.Build.0 = Debug|Win32
		{964759E0-5C39-4CA8-AEC0-3AD46624D75C}.Release|x64.ActiveCfg = Release|x64
		{964759E0-5C39-4CA8-AEC0-3AD46624D75C}.Release|x64.Build.0 = Release|x64
		{964759E0-5C39-4CA8-AEC0-3AD46624D75C}.Release|x86.ActiveCfg = Release|Win32
		{964759E0-5C39-4CA8-AEC0-3AD46624D75C}.Release|x86.Build.0 = Release|Win32
		{8DAEEF63-C9F1-4133-B1B8-914631A5C5C5}.Debug|x64.ActiveCfg = Debug|x64
		{8DAEEF63-C9F1-4133-B1B8-914631A5C5C5}.Debug|x64.Build.0 = Debug|x64
		{8DAEEF63-C9F1-4133-B1B8-914631A5C5C5}.Debug|x86.ActiveCfg = Debug|Win32
		{8DAEEF63-C9F1-4133-B1B8-914631A5C5C5}.Debug|x86.Build.0 = Debug|Win32
		{8DAEEF63-C9F1-4133-B1B8-914631A5C5C5}.Release|x64.ActiveCfg = Release|x64
		{8DAEEF63-C9F1-4133-B1B8-914631A5C5C5}.Release|x64.Build.0 = Release|x64
		{8DAEEF63-C9F1-4133-B1B8-914631A5C5C5}.Release|x86.ActiveCfg = Release|Win32
		{8DAEEF63-C9F1-4133-B1B8-914631A5C5C5}.Release|x86.Build.0 = Release|Win32
		{7072D577-8F6F-46DF-AE94-2BC8C932E59E}.Debug|x64.ActiveCfg = Debug|x64
		{7072D577-8F6F-46DF-AE94-2BC8C932E59E}.Debug|x64.Build.0 = Debug|x64
		{7072D577-8F6F-46DF-AE94-2BC8C932E59E}.Debug|x86.ActiveCfg = Debug|Win32
		{7072D577-8F6F-46DF-AE94-2BC8C932E59E}.Debug|x86.Build.0 = Debug|Win32
		{7072D577-8F6F-46DF-AE94-2BC8C932E59E}.Release|x64.ActiveCfg = Release|x64
		{7072D577-8F6F-46DF-AE94-2BC8C932E59E}.Release|x64.Build.0 = Release|x64
		{7072D577-8F6F-46DF-AE94-2BC8C932E59E}.Release|x86.ActiveCfg = Release|Win32
		{7072D577-8F6F-46DF-AE94-2BC8C932E59E}.Release|x86.Build.0 = Release|Win32
		{903B26D5-B1BB-4D5F-B8A5-FBD8760200B3}.Debug|x64.ActiveCfg = Debug|x64
		{903B26D5-B1BB-4D5F-B8A5-FBD8760200B3}.Debug|x64.Build.0 = Debug|x64
		{903B26D5-B1BB-4D5F-B8A5-FBD8760200B3}.Debug|x86.ActiveCfg = Debug|Win32
		{903B26D5-B1BB-4D5F-B8A5-FBD8760200B3}.Debug|x86.Build.0 = Debug|Win32
		{903B26D5-B1BB-4D5F-B8A5-FBD8760200B3}.Release|x64.ActiveCfg = Release|x64
		{903B26D5-B1BB-4D5F-B8A5-FBD8760200B3}.Release|x64.Build.0 = Release|x64
		{903B26D5-B1BB-4D5F-B8A5-FBD8760200B3}.Release|x86.ActiveCfg = Release|Win32
		{903B26D5-B1BB-4D5F-B8A5-FBD8760200B3}.Release|x86.Build.0 = Release|Win32
		{39487E1F-4326-43F1-8CD7-C4F1C66CDA41}.Debug|x64.ActiveCfg = Debug|x64
		{39487E1F-4326-43F1-8CD7-C4F1C66CDA41}.Debug|x64.Build.0 = Debug|x64
		{39487E1F-4326-43F1-8CD7-C4F1C66CDA41}.Debug|x86.ActiveCfg = Debug|Win32
		{39487E1F-4326-43F1-8CD7-C4F1C66CDA41}.Debug|x86.Build.0 = Debug|Win32
		{39487E1F-4326-43F1-8CD7-C4F1C66CDA41}.Release|x64.ActiveCfg = Release|x64
		{39487E1F-4326-43F1-8CD7-C4F1C66CDA41}.Release|x64.Build.0 = Release|x64
		{39487E1F-4326-43F1-8CD7-C4F1C66CDA41}.Release|x86.ActiveCfg = Release|Win32
		{39487E1F-4326-43F1-8CD7-C4F1C66CDA41}.Release|x86.Build.0 = Release|Win32
		{56DEB957-0316-4B9E-92C6-71FBC040E9D0}.Debug|x64.ActiveCfg = Debug|x64
		{56DEB957-0316-4B9E-92C6-71FBC040E9D0}.Debug|x64.Build.0 = Debug|x64
		{56DEB957-0316-4B9E-92C6-71FBC040E9D0}.Debug|x86.ActiveCfg = Debug|Win32
		{56DEB957-0316-4B9E-92C6-71FBC040E9D0}.Debug|x86.Build.0 = Debug|Win32
		{56DEB957-0316-4B9E-92C6-71FBC040E9D0}.Release|x64.ActiveCfg = Release|x64
		{56DEB957-0316-4B9E-92C6-71FBC040E9D0}.Release|x64.Build.0 = Release|x64
		{56DEB957-0316-4B9E-92C6-71FBC040E9D0}.Release|x86.ActiveCfg = Release|Win32
		{56DEB957-0316-4B9E-92C6-71FBC040E9D0}.Release|x86.Build.0 = Release|Win32
		{CA4AA8D7-0111-4E64-B176-7ADF6B225981}.Debug|x64.ActiveCfg = Debug|x64
		{CA4AA8D7-0111-4E64-B176-7ADF6B225981}.Debug|x64.Build.0 = Debug|x64
		{CA4AA8D7-0111-4E64-B176-7ADF6B225981}.Debug|x86.ActiveCfg = Debug|Win32
		{CA4AA8D7-0111-4E64-B176-7ADF6B225981}.Debug|x86.Build.0 = Debug|Win32
		{CA4AA8D7-0111-4E64-B176-7ADF6B225981}.Release|x64.ActiveCfg = Release|x64
		{CA4AA8D7-0111-4E64-B176-7ADF6B225981}.Release|x64.Build.0 = Release|x64
		{CA4AA8D7-0111-4E64-B176-7ADF6B225981}.Release|x86.ActiveCfg = Release|Win32
		{CA4AA8D7-0111-4E64-B176-7ADF6B225981}.Release|x86.Build.0 = Release|Win32
		{AC0058B7-6BAE-4E2F-8A7A-365B208211FB}.Debug|x64.ActiveCfg = Debug|x64
		{AC0058B7-6BAE-4E2F-8A7A-365B208211FB}.Debug|x64.Build.0 = Debug|x64
		{AC0058B7-6BAE-4E2F-8A7A-365B208211FB}.Debug|x86.ActiveCfg = Debug|Win32
		{AC0058B7-6BAE-4E2F-8A7A-365B208211FB}.Debug|x86.Build.0 = Debug|Win32
		{AC0058B7-6BAE-4E2F-8A7A-365B208211FB}.Release|x64.ActiveCfg = Release|x64
		{AC0058B7-6BAE-4E2F-8A7A-365B208211FB}.Release|x64.Build.0 = Release|x64
		{AC0058B7-6BAE-4E2F-8A7A-365B208211FB}.Release|x86.ActiveCfg = Release|Win32
		{AC0058B7-6BAE-4E2F-8A7A-365B208211FB}.Release|x86.Build.0 = Release|Win32
		{1163C062-2D16-440C-ADB5-7192483CA689}.Debug|x64.ActiveCfg = Debug|x64
		{1163C062-2D16-440C-ADB5-7192483CA689}.Debug|x64.Build.0 = Debug|x64
		{1163C062-2D16-440C-ADB5-7192483CA689}.Debug|x86.ActiveCfg = Debug|Win32
		{1163C062-2D16-440C-ADB5-7192483CA689}.Debug|x86.Build.0 = Debug|Win32
		{1163C062-2D16-440C-ADB5-7192483CA689}.Release|x64.ActiveCfg = Release|x64
		{1163C062-2D16-440C-ADB5-7192483CA689}.Release|x64.Build.0 = Release|x64
		{1163C062-2D16-440C-ADB5-7192483CA689}.Release|x86.ActiveCfg = Release|Win32
		{1163C062-2D16-440C-ADB5-7192483CA689}.Release|x86.Build.0 = Release|Win32
		{C778FB9D-9E92-4FEB-ABAB-B37796885CA6}.Debug|x64.ActiveCfg = Debug|x64
		{C778FB9D-9E92-4FEB-ABAB-B37796885CA6}.Debug|x64.Build.0 = Debug|x64
		{C778FB9D-9E92-4FEB-ABAB-B37796885CA6}.Debug|x86.ActiveCfg = Debug|Win32
		{C778FB9D-9E92-4FEB-ABAB-B37796885CA6}.Debug|x86.Build.0 = Debug|Win32
		{C778FB9D-9E92-4FEB-ABAB-B37796885CA6}.Release|x64.ActiveCfg = Release|x64
		{C778FB9D-9E92-4FEB-ABAB-B37796885CA6}.Release|x64.Build.0 = Release|x64
		{C778FB9D-9E92-4FEB-ABAB-B37796885CA6}.Release|x86.ActiveCfg = Release|Win32
		{C778FB9D-9E92-4FEB-ABAB-B37796885CA6}.Release|x86.Build.0 = Release|Win32
		{1125316C-E8D5-46AA-9F78-1A133551791A}.Debug|x64.ActiveCfg = Debug|x64
		{1125316C-E8D5-46AA-9F78-1A133551791A}.Debug|x64.Build.0 = Debug|x64
		{1125316C-E8D5-46AA-9F78-1A133551791A}.Debug|x86.ActiveCfg = Debug|Win32
		{1125316C-E8D5-46AA-9F78-1A133551791A}.Debug|x86.Build.0 = Debug|Win32
		{1125316C-E8D5-46AA-9F78-1A133551791A}.Release|x64.ActiveCfg = Release|x64
		{1125316C-E8D5-46AA-9F78-1A133551791A}.Release|x64.Build.0 = Release|x64
		{1125316C-E8D5-46AA-9F78-1A133551791A}.Release|x86.ActiveCfg = Release|Win32
		{1125316C-E8D5-46AA-9F78-1A133551791A}.Release|x86.Build.0 = Release|Win32
		{A81CFDC2-956F-4DD4-A878-1CF35D6C20B7}.Debug|x64.ActiveCfg = Debug|x64
		{A81CFDC2-956F-4DD4-A878-1CF35D6C20B7}.Debug|x64.Build.0 = Debug|x64
		{A81CFDC2-956F-4DD4-A878-1CF35D6C20B7}.Debug|x86.ActiveCfg = Debug|Win32
		{A81CFDC2-956F-4DD4-A878-1CF35D6C20B7}.Debug|x86.Build.0 = Debug|Win32
		{A81CFDC2-956F-4DD4-A878-1CF35D6C20B7}.Release|x64.ActiveCfg = Release|x64
		{A81CFDC2-956F-4DD4-A878-1CF35D6C20B7}.Release|x64.Build.0 = Release|x64
		{A81CFDC2-956F-4DD4-A878-1CF35D6C20B7}.Release|x86.ActiveCfg = Release|Win32
		{A81CFDC2-956F-4DD4-A878-1CF35D6C20B7}.Release|x86.Build.0 = Release|Win32
		{F5171B5D-60E3-4417-A6EE-0001EC14A277}.Debug|x64.ActiveCfg = Debug|x64
		{F5171B5D-60E3-4417-A6EE-0001EC14A277}.Debug|x64.Build.0 = Debug|x64
		{F5171B5D-60E3-4417-A6EE-0001EC14A277}.Debug|x86.ActiveCfg = Debug|Win32
		{F5171B5D-60E3-4417-A6EE-0001EC14A277}.Debug|x86.Build.0 = Debug|Win32
		{F5171B5D-60E3-4417-A6EE-0001EC14A277}.Release|x64.ActiveCfg = Release|x64
		{F5171B5D-60E3-4417-A6EE-0001EC14A277}.Release|x64.Build.0 = Release|x64
		{F5171B5D-60E3-4417-A6EE-0001EC14A277}.Release|x86.ActiveCfg = Release|Win32
		{F5171B5D-60E3-4417-A6EE-0001EC14A277}.Release|x86.Build.0 = Release|Win32
		{7A220E40-7F46-4F16-9631-CAEA02C8CB62}.Debug|x64.ActiveCfg = Debug|x64
		{7A220E40-7F46-4F16-9631-CAEA02C8CB62}.Debug|x64.Build.0 = Debug|x64
		{7A220E40-7F46-4F16-9631-CAEA02C8CB62}.Debug|x86.ActiveCfg = Debug|Win32
		{7A220E40-7F46-4F16-9631-CAEA02C8CB62}.Debug|x86.Build.0 = Debug|Win32
		{7A220E40-7F46-4F16-9631-CAEA02C8CB62}.Release|x64.ActiveCfg = Release|x64
		{7A220E40-7F46-4F16-9631-CAEA02C8CB62}.Release|x64.Build.0 = Release|x64
		{7A220E40-7F46-4F16-9631-CAEA02C8CB62}.Release|x86.ActiveCfg = Release|Win32
		{7A220E40-7F46-4F16-9631-CAEA02C8CB62}.Release|x86.Build.0 = Release|Win32
		{5E2759D8-B10D-4790-BB3D-FAFC40C3383E}.Debug|x64.ActiveCfg = Debug|x64
		{5E2759D8-B10D-4790-BB3D-FAFC40C3383E}.Debug|x64.Build.0 = Debug|x64
		{5E2759D8-B10D-4790-BB3D-FAFC40C3383E}.Debug|x86.ActiveCfg = Debug|Win32
		{5E2759D8-B10D-4790-BB3D-FAFC40C3383E}.Debug|x86.Build.0 = Debug|Win32
		{5E2759D8-B10D-4790-BB3D-FAFC40C3383E}.Release|x64.ActiveCfg = Release|x64
		{5E2759D8-B10D-4790-BB3D-FAFC40C3383E}.Release|x64.Build.0 = Release|x64
		{5E2759D8-B10D-4790-BB3D-FAFC40C3383E}.Release|x86.ActiveCfg = Release|Win32
		{5E2759D8-B10D-4790-BB3D-FAFC40C3383E}.Release|x86.Build.0 = Release|Win32
		{A5D9042C-8003-4504-B448-0917B5983030}.Debug|x64.ActiveCfg = Debug|x64
		{A5D9042C-8003-4504-B448-0917B5983030}.Debug|x64.Build.0 = Debug|x64
		{A5D9042C-8003-4504-B448-0917B5983030}.Debug|x86.ActiveCfg = Debug|Win32
		{A5D9042C-8003-4504-B448-0917B5983030}.Debug|x86.Build.0 = Debug|Win32
		{A5D9042C-8003-4504-B448-0917B5983030}.Release|x64.ActiveCfg = Release|x64
		{A5D9042C-8003-4504-B448-0917B5983030}.Release|x64.Build.0 = Release|x64
		{A5D9042C-8003-4504-B448-0917B5983030}.Release|x86.ActiveCfg = Release|Win32
		{A5D9042C-8003-4504-B448-0917B5983030}.Release|x86.Build.0 = Release|Win32
		{07DC1717-344D-4E47-ADCB-D961AF723CB8}.Debug|x64.ActiveCfg = Debug|x64
		{07DC1717-344D-4E47-ADCB-D961AF723CB8}.Debug|x64.Build.0 = Debug|x64
		{07DC1717-344D-4E47-ADCB-D961AF723CB8}.Debug|x86.ActiveCfg = Debug|Win32
		{07DC1717-344D-4E47-ADCB-D961AF723CB8}.Debug|x86.Build.0 = Debug|Win32
		{07DC1717-344D-4E47-ADCB-D961AF723CB8}.Release|x64.ActiveCfg = Release|x64
		{07DC1717-344D-4E47-ADCB-D961AF723CB8}.Release|x64.Build.0 = Release|x64
		{07DC1717-344D-4E47-ADCB-D961AF723CB8}.Release|x86.ActiveCfg = Release|Win32
		{07DC1717-344D-4E47-ADCB-D961AF723CB8}.Release|x86.Build.0 = Release|Win32
		{2E28A779-55E6-46B4-917D-23CAE95336D3}.Debug|x64.ActiveCfg = Debug|x64
		{2E28A779-55E6-46B4-917D-23CAE95336D3}.Debug|x64.Build.0 = Debug|x64
		{2E28A779-55E6-46B4-917D-23CAE95336D3}.Debug|x86.ActiveCfg = Debug|Win32
		{2E28A779-55E6-46B4-917D-23CAE95336D3}.Debug|x86.Build.0 = Debug|Win32
		{2E28A779-55E6-46B4-917D-23CAE95336D3}.Release|x64.ActiveCfg = Release|x64
		{2E28A779-55E6-46B4-917D-23CAE95336D3}.Release|x64.Build.0 = Release|x64
		{2E28A779-55E6-46B4-917D-23CAE95336D3}.Release|x86.ActiveCfg = Release|Win32
		{2E28A779-55E6-46B4-917D-23CAE95336D3}.Release|x86.Build.0 = Release|Win32
	EndGlobalSection
	GlobalSection(SolutionProperties) = preSolution
		HideSolutionNode = FALSE
	EndGlobalSection
	GlobalSection(ExtensibilityGlobals) = postSolution
		SolutionGuid = {0037F480-7820-408D-88B2-55F5BAD0AA99}
	EndGlobalSection
EndGlobal
