
Microsoft Visual Studio Solution File, Format Version 12.00
# Visual Studio Version 17
VisualStudioVersion = 17.7.34031.279
MinimumVisualStudioVersion = 10.0.40219.1
Project("{8BC9CEB8-8B4A-11D0-8D11-00A0C91BC942}") = "Bai004", "Bai004\Bai004.vcxproj", "{8CC43F4E-5577-457C-BED1-5379662C1247}"
EndProject
Project("{8BC9CEB8-8B4A-11D0-8D11-00A0C91BC942}") = "Bai009", "Bai009\Bai009.vcxproj", "{A7B35BEC-37F0-4BBC-8B6F-E6BC06AE03B4}"
EndProject
Project("{8BC9CEB8-8B4A-11D0-8D11-00A0C91BC942}") = "Bai014", "Bai014\Bai014.vcxproj", "{ED75D80C-7C47-4166-BADC-DD9E2BB8F5E2}"
EndProject
Project("{8BC9CEB8-8B4A-11D0-8D11-00A0C91BC942}") = "Bai019", "Bai019\Bai019.vcxproj", "{C6DF3BF1-0883-432F-BF89-A62E4225D934}"
EndProject
Project("{8BC9CEB8-8B4A-11D0-8D11-00A0C91BC942}") = "Bai024", "Bai024\Bai024.vcxproj", "{3394FCAE-34A9-4A4B-8EDB-38D7B5CC9F2D}"
EndProject
Project("{8BC9CEB8-8B4A-11D0-8D11-00A0C91BC942}") = "Bai029", "Bai029\Bai029.vcxproj", "{87C9E154-8FF3-42DE-BE36-51AEFE733A16}"
EndProject
Project("{8BC9CEB8-8B4A-11D0-8D11-00A0C91BC942}") = "Bai034", "Bai034\Bai034.vcxproj", "{D307DEBC-5598-4BD7-8F21-3478C8259067}"
EndProject
Project("{8BC9CEB8-8B4A-11D0-8D11-00A0C91BC942}") = "Bai039", "Bai039\Bai039.vcxproj", "{1D5F8798-1480-4008-BB41-F65C7871F5A3}"
EndProject
Project("{8BC9CEB8-8B4A-11D0-8D11-00A0C91BC942}") = "Bai044", "Bai044\Bai044.vcxproj", "{6A407684-6712-4B5E-9790-8D3BE2F4FEE1}"
EndProject
Project("{8BC9CEB8-8B4A-11D0-8D11-00A0C91BC942}") = "Bai049", "Bai049\Bai049.vcxproj", "{B7182BE6-8F22-4E86-8AD5-07E759B32753}"
EndProject
Project("{8BC9CEB8-8B4A-11D0-8D11-00A0C91BC942}") = "Bai054", "Bai054\Bai054.vcxproj", "{35FB73D0-EE8A-4B7C-B939-FAD8A953F41F}"
EndProject
Project("{8BC9CEB8-8B4A-11D0-8D11-00A0C91BC942}") = "Bai059", "Bai059\Bai059.vcxproj", "{E1EC5163-3916-4703-B56E-4AA4783D0A64}"
EndProject
Project("{8BC9CEB8-8B4A-11D0-8D11-00A0C91BC942}") = "Bai064", "Bai064\Bai064.vcxproj", "{8A1079E7-C77F-4676-98BE-B8F4B4F45BE4}"
EndProject
Project("{8BC9CEB8-8B4A-11D0-8D11-00A0C91BC942}") = "Bai069", "Bai069\Bai069.vcxproj", "{D646D720-31FA-49F1-BACB-40449631B80B}"
EndProject
Project("{8BC9CEB8-8B4A-11D0-8D11-00A0C91BC942}") = "Bai074", "Bai074\Bai074.vcxproj", "{5D6E64DA-3225-46F7-B86E-B6AA030E00F5}"
EndProject
Project("{8BC9CEB8-8B4A-11D0-8D11-00A0C91BC942}") = "Bai079", "Bai079\Bai079.vcxproj", "{D3FEA75E-23C0-40C8-B94C-B7A966D0BC7B}"
EndProject
Project("{8BC9CEB8-8B4A-11D0-8D11-00A0C91BC942}") = "Bai084", "Bai084\Bai084.vcxproj", "{9EC9CA7C-244E-4116-AC7D-6165E5508CAC}"
EndProject
Project("{8BC9CEB8-8B4A-11D0-8D11-00A0C91BC942}") = "Bai089", "Bai089\Bai089.vcxproj", "{2632DD7D-AD22-4453-A8EF-29DD15688294}"
EndProject
Project("{8BC9CEB8-8B4A-11D0-8D11-00A0C91BC942}") = "Bai094", "Bai094\Bai094.vcxproj", "{2696435E-59CD-452F-BB49-2EB29F8B741C}"
EndProject
Project("{8BC9CEB8-8B4A-11D0-8D11-00A0C91BC942}") = "Bai099", "Bai099\Bai099.vcxproj", "{E3AA5FB6-640A-4061-8B04-940CE919136A}"
EndProject
Project("{8BC9CEB8-8B4A-11D0-8D11-00A0C91BC942}") = "Bai104", "Bai104\Bai104.vcxproj", "{81621F12-B9BB-4764-A92E-797598F73F83}"
EndProject
Project("{8BC9CEB8-8B4A-11D0-8D11-00A0C91BC942}") = "Bai109", "Bai109\Bai109.vcxproj", "{BBCD5A80-76EF-4432-B974-6DE8FBCDF998}"
EndProject
Project("{8BC9CEB8-8B4A-11D0-8D11-00A0C91BC942}") = "Bai114", "Bai114\Bai114.vcxproj", "{7BD58512-9BD8-40CF-8BFB-7A8F7F072648}"
EndProject
Project("{8BC9CEB8-8B4A-11D0-8D11-00A0C91BC942}") = "Bai119", "Bai119\Bai119.vcxproj", "{DD3984D8-3DDB-4340-BC8E-BF390C6A9BE3}"
EndProject
Project("{8BC9CEB8-8B4A-11D0-8D11-00A0C91BC942}") = "Bai124", "Bai124\Bai124.vcxproj", "{9F445BA1-81D3-46E2-872F-31FB93639B6E}"
EndProject
Project("{8BC9CEB8-8B4A-11D0-8D11-00A0C91BC942}") = "Bai129", "Bai129\Bai129.vcxproj", "{3421A349-D9B5-48C2-B59C-00110755BDA4}"
EndProject
Project("{8BC9CEB8-8B4A-11D0-8D11-00A0C91BC942}") = "Bai134", "Bai134\Bai134.vcxproj", "{1D8778EE-FFDD-4A80-BC02-3B64BE5CDADA}"
EndProject
Project("{8BC9CEB8-8B4A-11D0-8D11-00A0C91BC942}") = "Bai139", "Bai139\Bai139.vcxproj", "{EF1538A9-8A4D-4BF3-A510-23E6B0C24646}"
EndProject
Project("{8BC9CEB8-8B4A-11D0-8D11-00A0C91BC942}") = "Bai144", "Bai144\Bai144.vcxproj", "{8EB6B07C-7153-4F94-AFA1-844EA5E577EB}"
EndProject
Project("{8BC9CEB8-8B4A-11D0-8D11-00A0C91BC942}") = "Bai149", "Bai149\Bai149.vcxproj", "{AAF59EBC-8F55-446F-AEC4-53F616FAE4AA}"
EndProject
Project("{8BC9CEB8-8B4A-11D0-8D11-00A0C91BC942}") = "Bai154", "Bai154\Bai154.vcxproj", "{AA094E59-FA78-461B-9CE5-74AA0757D2D7}"
EndProject
Project("{8BC9CEB8-8B4A-11D0-8D11-00A0C91BC942}") = "Bai159", "Bai159\Bai159.vcxproj", "{E8EEFAF2-5627-4F82-9AD3-A94A07B0299D}"
EndProject
Project("{8BC9CEB8-8B4A-11D0-8D11-00A0C91BC942}") = "Bai164", "Bai164\Bai164.vcxproj", "{0DA6C598-6072-4E42-8D64-FFA8BD453EBE}"
EndProject
Project("{8BC9CEB8-8B4A-11D0-8D11-00A0C91BC942}") = "Bai169", "Bai169\Bai169.vcxproj", "{4AB699B5-15A5-443F-A468-DDD4A0CEAA0B}"
EndProject
Project("{8BC9CEB8-8B4A-11D0-8D11-00A0C91BC942}") = "Bai174", "Bai174\Bai174.vcxproj", "{614BAAE9-6387-4F8B-82B8-14B564FB3DD2}"
EndProject
Project("{8BC9CEB8-8B4A-11D0-8D11-00A0C91BC942}") = "Bai179", "Bai179\Bai179.vcxproj", "{AFC9248B-D785-4CFE-993C-0B06208BF7CB}"
EndProject
Project("{8BC9CEB8-8B4A-11D0-8D11-00A0C91BC942}") = "Bai184", "Bai184\Bai184.vcxproj", "{BCAC462C-2263-4C2F-92D9-42DB8D636C01}"
EndProject
Project("{8BC9CEB8-8B4A-11D0-8D11-00A0C91BC942}") = "Bai189", "Bai189\Bai189.vcxproj", "{097E85EB-08B5-4778-B0F1-4B9CE1DBEBDE}"
EndProject
Project("{8BC9CEB8-8B4A-11D0-8D11-00A0C91BC942}") = "Bai194", "Bai194\Bai194.vcxproj", "{46E5A7B6-D06A-4134-8AB2-BAECA286174C}"
EndProject
Project("{8BC9CEB8-8B4A-11D0-8D11-00A0C91BC942}") = "Bai199", "Bai199\Bai199.vcxproj", "{D20A2A68-CDDA-49C5-AA16-7A89FE035BBB}"
EndProject
Project("{8BC9CEB8-8B4A-11D0-8D11-00A0C91BC942}") = "Bai204", "Bai204\Bai204.vcxproj", "{C928508C-22E8-4604-9F83-6F03C62F4E36}"
EndProject
Project("{8BC9CEB8-8B4A-11D0-8D11-00A0C91BC942}") = "Bai208", "Bai208\Bai208.vcxproj", "{0F0D2004-151D-4229-A1D0-6070FDC740B2}"
EndProject
Project("{8BC9CEB8-8B4A-11D0-8D11-00A0C91BC942}") = "Bai214", "Bai214\Bai214.vcxproj", "{9BD70811-FE31-4284-9024-326837595B58}"
EndProject
Project("{8BC9CEB8-8B4A-11D0-8D11-00A0C91BC942}") = "Bai219", "Bai219\Bai219.vcxproj", "{783F58E3-C04A-4C8D-8103-A16C2D1E435E}"
EndProject
Project("{8BC9CEB8-8B4A-11D0-8D11-00A0C91BC942}") = "Bai224", "Bai224\Bai224.vcxproj", "{6FD1318C-2668-4EDF-9C43-3856FB7B2F97}"
EndProject
Project("{8BC9CEB8-8B4A-11D0-8D11-00A0C91BC942}") = "Bai229", "Bai229\Bai229.vcxproj", "{0646ADC9-BC15-44DC-BFAD-66EFA0D9A4AF}"
EndProject
Project("{8BC9CEB8-8B4A-11D0-8D11-00A0C91BC942}") = "Bai234", "Bai234\Bai234.vcxproj", "{A3A9DD11-807F-4899-A49E-B312901F1100}"
EndProject
Project("{8BC9CEB8-8B4A-11D0-8D11-00A0C91BC942}") = "Bai239", "Bai239\Bai239.vcxproj", "{5C25CBF3-2206-490D-B6D8-68E4C3262069}"
EndProject
Global
	GlobalSection(SolutionConfigurationPlatforms) = preSolution
		Debug|x64 = Debug|x64
		Debug|x86 = Debug|x86
		Release|x64 = Release|x64
		Release|x86 = Release|x86
	EndGlobalSection
	GlobalSection(ProjectConfigurationPlatforms) = postSolution
		{8CC43F4E-5577-457C-BED1-5379662C1247}.Debug|x64.ActiveCfg = Debug|x64
		{8CC43F4E-5577-457C-BED1-5379662C1247}.Debug|x64.Build.0 = Debug|x64
		{8CC43F4E-5577-457C-BED1-5379662C1247}.Debug|x86.ActiveCfg = Debug|Win32
		{8CC43F4E-5577-457C-BED1-5379662C1247}.Debug|x86.Build.0 = Debug|Win32
		{8CC43F4E-5577-457C-BED1-5379662C1247}.Release|x64.ActiveCfg = Release|x64
		{8CC43F4E-5577-457C-BED1-5379662C1247}.Release|x64.Build.0 = Release|x64
		{8CC43F4E-5577-457C-BED1-5379662C1247}.Release|x86.ActiveCfg = Release|Win32
		{8CC43F4E-5577-457C-BED1-5379662C1247}.Release|x86.Build.0 = Release|Win32
		{A7B35BEC-37F0-4BBC-8B6F-E6BC06AE03B4}.Debug|x64.ActiveCfg = Debug|x64
		{A7B35BEC-37F0-4BBC-8B6F-E6BC06AE03B4}.Debug|x64.Build.0 = Debug|x64
		{A7B35BEC-37F0-4BBC-8B6F-E6BC06AE03B4}.Debug|x86.ActiveCfg = Debug|Win32
		{A7B35BEC-37F0-4BBC-8B6F-E6BC06AE03B4}.Debug|x86.Build.0 = Debug|Win32
		{A7B35BEC-37F0-4BBC-8B6F-E6BC06AE03B4}.Release|x64.ActiveCfg = Release|x64
		{A7B35BEC-37F0-4BBC-8B6F-E6BC06AE03B4}.Release|x64.Build.0 = Release|x64
		{A7B35BEC-37F0-4BBC-8B6F-E6BC06AE03B4}.Release|x86.ActiveCfg = Release|Win32
		{A7B35BEC-37F0-4BBC-8B6F-E6BC06AE03B4}.Release|x86.Build.0 = Release|Win32
		{ED75D80C-7C47-4166-BADC-DD9E2BB8F5E2}.Debug|x64.ActiveCfg = Debug|x64
		{ED75D80C-7C47-4166-BADC-DD9E2BB8F5E2}.Debug|x64.Build.0 = Debug|x64
		{ED75D80C-7C47-4166-BADC-DD9E2BB8F5E2}.Debug|x86.ActiveCfg = Debug|Win32
		{ED75D80C-7C47-4166-BADC-DD9E2BB8F5E2}.Debug|x86.Build.0 = Debug|Win32
		{ED75D80C-7C47-4166-BADC-DD9E2BB8F5E2}.Release|x64.ActiveCfg = Release|x64
		{ED75D80C-7C47-4166-BADC-DD9E2BB8F5E2}.Release|x64.Build.0 = Release|x64
		{ED75D80C-7C47-4166-BADC-DD9E2BB8F5E2}.Release|x86.ActiveCfg = Release|Win32
		{ED75D80C-7C47-4166-BADC-DD9E2BB8F5E2}.Release|x86.Build.0 = Release|Win32
		{C6DF3BF1-0883-432F-BF89-A62E4225D934}.Debug|x64.ActiveCfg = Debug|x64
		{C6DF3BF1-0883-432F-BF89-A62E4225D934}.Debug|x64.Build.0 = Debug|x64
		{C6DF3BF1-0883-432F-BF89-A62E4225D934}.Debug|x86.ActiveCfg = Debug|Win32
		{C6DF3BF1-0883-432F-BF89-A62E4225D934}.Debug|x86.Build.0 = Debug|Win32
		{C6DF3BF1-0883-432F-BF89-A62E4225D934}.Release|x64.ActiveCfg = Release|x64
		{C6DF3BF1-0883-432F-BF89-A62E4225D934}.Release|x64.Build.0 = Release|x64
		{C6DF3BF1-0883-432F-BF89-A62E4225D934}.Release|x86.ActiveCfg = Release|Win32
		{C6DF3BF1-0883-432F-BF89-A62E4225D934}.Release|x86.Build.0 = Release|Win32
		{3394FCAE-34A9-4A4B-8EDB-38D7B5CC9F2D}.Debug|x64.ActiveCfg = Debug|x64
		{3394FCAE-34A9-4A4B-8EDB-38D7B5CC9F2D}.Debug|x64.Build.0 = Debug|x64
		{3394FCAE-34A9-4A4B-8EDB-38D7B5CC9F2D}.Debug|x86.ActiveCfg = Debug|Win32
		{3394FCAE-34A9-4A4B-8EDB-38D7B5CC9F2D}.Debug|x86.Build.0 = Debug|Win32
		{3394FCAE-34A9-4A4B-8EDB-38D7B5CC9F2D}.Release|x64.ActiveCfg = Release|x64
		{3394FCAE-34A9-4A4B-8EDB-38D7B5CC9F2D}.Release|x64.Build.0 = Release|x64
		{3394FCAE-34A9-4A4B-8EDB-38D7B5CC9F2D}.Release|x86.ActiveCfg = Release|Win32
		{3394FCAE-34A9-4A4B-8EDB-38D7B5CC9F2D}.Release|x86.Build.0 = Release|Win32
		{87C9E154-8FF3-42DE-BE36-51AEFE733A16}.Debug|x64.ActiveCfg = Debug|x64
		{87C9E154-8FF3-42DE-BE36-51AEFE733A16}.Debug|x64.Build.0 = Debug|x64
		{87C9E154-8FF3-42DE-BE36-51AEFE733A16}.Debug|x86.ActiveCfg = Debug|Win32
		{87C9E154-8FF3-42DE-BE36-51AEFE733A16}.Debug|x86.Build.0 = Debug|Win32
		{87C9E154-8FF3-42DE-BE36-51AEFE733A16}.Release|x64.ActiveCfg = Release|x64
		{87C9E154-8FF3-42DE-BE36-51AEFE733A16}.Release|x64.Build.0 = Release|x64
		{87C9E154-8FF3-42DE-BE36-51AEFE733A16}.Release|x86.ActiveCfg = Release|Win32
		{87C9E154-8FF3-42DE-BE36-51AEFE733A16}.Release|x86.Build.0 = Release|Win32
		{D307DEBC-5598-4BD7-8F21-3478C8259067}.Debug|x64.ActiveCfg = Debug|x64
		{D307DEBC-5598-4BD7-8F21-3478C8259067}.Debug|x64.Build.0 = Debug|x64
		{D307DEBC-5598-4BD7-8F21-3478C8259067}.Debug|x86.ActiveCfg = Debug|Win32
		{D307DEBC-5598-4BD7-8F21-3478C8259067}.Debug|x86.Build.0 = Debug|Win32
		{D307DEBC-5598-4BD7-8F21-3478C8259067}.Release|x64.ActiveCfg = Release|x64
		{D307DEBC-5598-4BD7-8F21-3478C8259067}.Release|x64.Build.0 = Release|x64
		{D307DEBC-5598-4BD7-8F21-3478C8259067}.Release|x86.ActiveCfg = Release|Win32
		{D307DEBC-5598-4BD7-8F21-3478C8259067}.Release|x86.Build.0 = Release|Win32
		{1D5F8798-1480-4008-BB41-F65C7871F5A3}.Debug|x64.ActiveCfg = Debug|x64
		{1D5F8798-1480-4008-BB41-F65C7871F5A3}.Debug|x64.Build.0 = Debug|x64
		{1D5F8798-1480-4008-BB41-F65C7871F5A3}.Debug|x86.ActiveCfg = Debug|Win32
		{1D5F8798-1480-4008-BB41-F65C7871F5A3}.Debug|x86.Build.0 = Debug|Win32
		{1D5F8798-1480-4008-BB41-F65C7871F5A3}.Release|x64.ActiveCfg = Release|x64
		{1D5F8798-1480-4008-BB41-F65C7871F5A3}.Release|x64.Build.0 = Release|x64
		{1D5F8798-1480-4008-BB41-F65C7871F5A3}.Release|x86.ActiveCfg = Release|Win32
		{1D5F8798-1480-4008-BB41-F65C7871F5A3}.Release|x86.Build.0 = Release|Win32
		{6A407684-6712-4B5E-9790-8D3BE2F4FEE1}.Debug|x64.ActiveCfg = Debug|x64
		{6A407684-6712-4B5E-9790-8D3BE2F4FEE1}.Debug|x64.Build.0 = Debug|x64
		{6A407684-6712-4B5E-9790-8D3BE2F4FEE1}.Debug|x86.ActiveCfg = Debug|Win32
		{6A407684-6712-4B5E-9790-8D3BE2F4FEE1}.Debug|x86.Build.0 = Debug|Win32
		{6A407684-6712-4B5E-9790-8D3BE2F4FEE1}.Release|x64.ActiveCfg = Release|x64
		{6A407684-6712-4B5E-9790-8D3BE2F4FEE1}.Release|x64.Build.0 = Release|x64
		{6A407684-6712-4B5E-9790-8D3BE2F4FEE1}.Release|x86.ActiveCfg = Release|Win32
		{6A407684-6712-4B5E-9790-8D3BE2F4FEE1}.Release|x86.Build.0 = Release|Win32
		{B7182BE6-8F22-4E86-8AD5-07E759B32753}.Debug|x64.ActiveCfg = Debug|x64
		{B7182BE6-8F22-4E86-8AD5-07E759B32753}.Debug|x64.Build.0 = Debug|x64
		{B7182BE6-8F22-4E86-8AD5-07E759B32753}.Debug|x86.ActiveCfg = Debug|Win32
		{B7182BE6-8F22-4E86-8AD5-07E759B32753}.Debug|x86.Build.0 = Debug|Win32
		{B7182BE6-8F22-4E86-8AD5-07E759B32753}.Release|x64.ActiveCfg = Release|x64
		{B7182BE6-8F22-4E86-8AD5-07E759B32753}.Release|x64.Build.0 = Release|x64
		{B7182BE6-8F22-4E86-8AD5-07E759B32753}.Release|x86.ActiveCfg = Release|Win32
		{B7182BE6-8F22-4E86-8AD5-07E759B32753}.Release|x86.Build.0 = Release|Win32
		{35FB73D0-EE8A-4B7C-B939-FAD8A953F41F}.Debug|x64.ActiveCfg = Debug|x64
		{35FB73D0-EE8A-4B7C-B939-FAD8A953F41F}.Debug|x64.Build.0 = Debug|x64
		{35FB73D0-EE8A-4B7C-B939-FAD8A953F41F}.Debug|x86.ActiveCfg = Debug|Win32
		{35FB73D0-EE8A-4B7C-B939-FAD8A953F41F}.Debug|x86.Build.0 = Debug|Win32
		{35FB73D0-EE8A-4B7C-B939-FAD8A953F41F}.Release|x64.ActiveCfg = Release|x64
		{35FB73D0-EE8A-4B7C-B939-FAD8A953F41F}.Release|x64.Build.0 = Release|x64
		{35FB73D0-EE8A-4B7C-B939-FAD8A953F41F}.Release|x86.ActiveCfg = Release|Win32
		{35FB73D0-EE8A-4B7C-B939-FAD8A953F41F}.Release|x86.Build.0 = Release|Win32
		{E1EC5163-3916-4703-B56E-4AA4783D0A64}.Debug|x64.ActiveCfg = Debug|x64
		{E1EC5163-3916-4703-B56E-4AA4783D0A64}.Debug|x64.Build.0 = Debug|x64
		{E1EC5163-3916-4703-B56E-4AA4783D0A64}.Debug|x86.ActiveCfg = Debug|Win32
		{E1EC5163-3916-4703-B56E-4AA4783D0A64}.Debug|x86.Build.0 = Debug|Win32
		{E1EC5163-3916-4703-B56E-4AA4783D0A64}.Release|x64.ActiveCfg = Release|x64
		{E1EC5163-3916-4703-B56E-4AA4783D0A64}.Release|x64.Build.0 = Release|x64
		{E1EC5163-3916-4703-B56E-4AA4783D0A64}.Release|x86.ActiveCfg = Release|Win32
		{E1EC5163-3916-4703-B56E-4AA4783D0A64}.Release|x86.Build.0 = Release|Win32
		{8A1079E7-C77F-4676-98BE-B8F4B4F45BE4}.Debug|x64.ActiveCfg = Debug|x64
		{8A1079E7-C77F-4676-98BE-B8F4B4F45BE4}.Debug|x64.Build.0 = Debug|x64
		{8A1079E7-C77F-4676-98BE-B8F4B4F45BE4}.Debug|x86.ActiveCfg = Debug|Win32
		{8A1079E7-C77F-4676-98BE-B8F4B4F45BE4}.Debug|x86.Build.0 = Debug|Win32
		{8A1079E7-C77F-4676-98BE-B8F4B4F45BE4}.Release|x64.ActiveCfg = Release|x64
		{8A1079E7-C77F-4676-98BE-B8F4B4F45BE4}.Release|x64.Build.0 = Release|x64
		{8A1079E7-C77F-4676-98BE-B8F4B4F45BE4}.Release|x86.ActiveCfg = Release|Win32
		{8A1079E7-C77F-4676-98BE-B8F4B4F45BE4}.Release|x86.Build.0 = Release|Win32
		{D646D720-31FA-49F1-BACB-40449631B80B}.Debug|x64.ActiveCfg = Debug|x64
		{D646D720-31FA-49F1-BACB-40449631B80B}.Debug|x64.Build.0 = Debug|x64
		{D646D720-31FA-49F1-BACB-40449631B80B}.Debug|x86.ActiveCfg = Debug|Win32
		{D646D720-31FA-49F1-BACB-40449631B80B}.Debug|x86.Build.0 = Debug|Win32
		{D646D720-31FA-49F1-BACB-40449631B80B}.Release|x64.ActiveCfg = Release|x64
		{D646D720-31FA-49F1-BACB-40449631B80B}.Release|x64.Build.0 = Release|x64
		{D646D720-31FA-49F1-BACB-40449631B80B}.Release|x86.ActiveCfg = Release|Win32
		{D646D720-31FA-49F1-BACB-40449631B80B}.Release|x86.Build.0 = Release|Win32
		{5D6E64DA-3225-46F7-B86E-B6AA030E00F5}.Debug|x64.ActiveCfg = Debug|x64
		{5D6E64DA-3225-46F7-B86E-B6AA030E00F5}.Debug|x64.Build.0 = Debug|x64
		{5D6E64DA-3225-46F7-B86E-B6AA030E00F5}.Debug|x86.ActiveCfg = Debug|Win32
		{5D6E64DA-3225-46F7-B86E-B6AA030E00F5}.Debug|x86.Build.0 = Debug|Win32
		{5D6E64DA-3225-46F7-B86E-B6AA030E00F5}.Release|x64.ActiveCfg = Release|x64
		{5D6E64DA-3225-46F7-B86E-B6AA030E00F5}.Release|x64.Build.0 = Release|x64
		{5D6E64DA-3225-46F7-B86E-B6AA030E00F5}.Release|x86.ActiveCfg = Release|Win32
		{5D6E64DA-3225-46F7-B86E-B6AA030E00F5}.Release|x86.Build.0 = Release|Win32
		{D3FEA75E-23C0-40C8-B94C-B7A966D0BC7B}.Debug|x64.ActiveCfg = Debug|x64
		{D3FEA75E-23C0-40C8-B94C-B7A966D0BC7B}.Debug|x64.Build.0 = Debug|x64
		{D3FEA75E-23C0-40C8-B94C-B7A966D0BC7B}.Debug|x86.ActiveCfg = Debug|Win32
		{D3FEA75E-23C0-40C8-B94C-B7A966D0BC7B}.Debug|x86.Build.0 = Debug|Win32
		{D3FEA75E-23C0-40C8-B94C-B7A966D0BC7B}.Release|x64.ActiveCfg = Release|x64
		{D3FEA75E-23C0-40C8-B94C-B7A966D0BC7B}.Release|x64.Build.0 = Release|x64
		{D3FEA75E-23C0-40C8-B94C-B7A966D0BC7B}.Release|x86.ActiveCfg = Release|Win32
		{D3FEA75E-23C0-40C8-B94C-B7A966D0BC7B}.Release|x86.Build.0 = Release|Win32
		{9EC9CA7C-244E-4116-AC7D-6165E5508CAC}.Debug|x64.ActiveCfg = Debug|x64
		{9EC9CA7C-244E-4116-AC7D-6165E5508CAC}.Debug|x64.Build.0 = Debug|x64
		{9EC9CA7C-244E-4116-AC7D-6165E5508CAC}.Debug|x86.ActiveCfg = Debug|Win32
		{9EC9CA7C-244E-4116-AC7D-6165E5508CAC}.Debug|x86.Build.0 = Debug|Win32
		{9EC9CA7C-244E-4116-AC7D-6165E5508CAC}.Release|x64.ActiveCfg = Release|x64
		{9EC9CA7C-244E-4116-AC7D-6165E5508CAC}.Release|x64.Build.0 = Release|x64
		{9EC9CA7C-244E-4116-AC7D-6165E5508CAC}.Release|x86.ActiveCfg = Release|Win32
		{9EC9CA7C-244E-4116-AC7D-6165E5508CAC}.Release|x86.Build.0 = Release|Win32
		{2632DD7D-AD22-4453-A8EF-29DD15688294}.Debug|x64.ActiveCfg = Debug|x64
		{2632DD7D-AD22-4453-A8EF-29DD15688294}.Debug|x64.Build.0 = Debug|x64
		{2632DD7D-AD22-4453-A8EF-29DD15688294}.Debug|x86.ActiveCfg = Debug|Win32
		{2632DD7D-AD22-4453-A8EF-29DD15688294}.Debug|x86.Build.0 = Debug|Win32
		{2632DD7D-AD22-4453-A8EF-29DD15688294}.Release|x64.ActiveCfg = Release|x64
		{2632DD7D-AD22-4453-A8EF-29DD15688294}.Release|x64.Build.0 = Release|x64
		{2632DD7D-AD22-4453-A8EF-29DD15688294}.Release|x86.ActiveCfg = Release|Win32
		{2632DD7D-AD22-4453-A8EF-29DD15688294}.Release|x86.Build.0 = Release|Win32
		{2696435E-59CD-452F-BB49-2EB29F8B741C}.Debug|x64.ActiveCfg = Debug|x64
		{2696435E-59CD-452F-BB49-2EB29F8B741C}.Debug|x64.Build.0 = Debug|x64
		{2696435E-59CD-452F-BB49-2EB29F8B741C}.Debug|x86.ActiveCfg = Debug|Win32
		{2696435E-59CD-452F-BB49-2EB29F8B741C}.Debug|x86.Build.0 = Debug|Win32
		{2696435E-59CD-452F-BB49-2EB29F8B741C}.Release|x64.ActiveCfg = Release|x64
		{2696435E-59CD-452F-BB49-2EB29F8B741C}.Release|x64.Build.0 = Release|x64
		{2696435E-59CD-452F-BB49-2EB29F8B741C}.Release|x86.ActiveCfg = Release|Win32
		{2696435E-59CD-452F-BB49-2EB29F8B741C}.Release|x86.Build.0 = Release|Win32
		{E3AA5FB6-640A-4061-8B04-940CE919136A}.Debug|x64.ActiveCfg = Debug|x64
		{E3AA5FB6-640A-4061-8B04-940CE919136A}.Debug|x64.Build.0 = Debug|x64
		{E3AA5FB6-640A-4061-8B04-940CE919136A}.Debug|x86.ActiveCfg = Debug|Win32
		{E3AA5FB6-640A-4061-8B04-940CE919136A}.Debug|x86.Build.0 = Debug|Win32
		{E3AA5FB6-640A-4061-8B04-940CE919136A}.Release|x64.ActiveCfg = Release|x64
		{E3AA5FB6-640A-4061-8B04-940CE919136A}.Release|x64.Build.0 = Release|x64
		{E3AA5FB6-640A-4061-8B04-940CE919136A}.Release|x86.ActiveCfg = Release|Win32
		{E3AA5FB6-640A-4061-8B04-940CE919136A}.Release|x86.Build.0 = Release|Win32
		{81621F12-B9BB-4764-A92E-797598F73F83}.Debug|x64.ActiveCfg = Debug|x64
		{81621F12-B9BB-4764-A92E-797598F73F83}.Debug|x64.Build.0 = Debug|x64
		{81621F12-B9BB-4764-A92E-797598F73F83}.Debug|x86.ActiveCfg = Debug|Win32
		{81621F12-B9BB-4764-A92E-797598F73F83}.Debug|x86.Build.0 = Debug|Win32
		{81621F12-B9BB-4764-A92E-797598F73F83}.Release|x64.ActiveCfg = Release|x64
		{81621F12-B9BB-4764-A92E-797598F73F83}.Release|x64.Build.0 = Release|x64
		{81621F12-B9BB-4764-A92E-797598F73F83}.Release|x86.ActiveCfg = Release|Win32
		{81621F12-B9BB-4764-A92E-797598F73F83}.Release|x86.Build.0 = Release|Win32
		{BBCD5A80-76EF-4432-B974-6DE8FBCDF998}.Debug|x64.ActiveCfg = Debug|x64
		{BBCD5A80-76EF-4432-B974-6DE8FBCDF998}.Debug|x64.Build.0 = Debug|x64
		{BBCD5A80-76EF-4432-B974-6DE8FBCDF998}.Debug|x86.ActiveCfg = Debug|Win32
		{BBCD5A80-76EF-4432-B974-6DE8FBCDF998}.Debug|x86.Build.0 = Debug|Win32
		{BBCD5A80-76EF-4432-B974-6DE8FBCDF998}.Release|x64.ActiveCfg = Release|x64
		{BBCD5A80-76EF-4432-B974-6DE8FBCDF998}.Release|x64.Build.0 = Release|x64
		{BBCD5A80-76EF-4432-B974-6DE8FBCDF998}.Release|x86.ActiveCfg = Release|Win32
		{BBCD5A80-76EF-4432-B974-6DE8FBCDF998}.Release|x86.Build.0 = Release|Win32
		{7BD58512-9BD8-40CF-8BFB-7A8F7F072648}.Debug|x64.ActiveCfg = Debug|x64
		{7BD58512-9BD8-40CF-8BFB-7A8F7F072648}.Debug|x64.Build.0 = Debug|x64
		{7BD58512-9BD8-40CF-8BFB-7A8F7F072648}.Debug|x86.ActiveCfg = Debug|Win32
		{7BD58512-9BD8-40CF-8BFB-7A8F7F072648}.Debug|x86.Build.0 = Debug|Win32
		{7BD58512-9BD8-40CF-8BFB-7A8F7F072648}.Release|x64.ActiveCfg = Release|x64
		{7BD58512-9BD8-40CF-8BFB-7A8F7F072648}.Release|x64.Build.0 = Release|x64
		{7BD58512-9BD8-40CF-8BFB-7A8F7F072648}.Release|x86.ActiveCfg = Release|Win32
		{7BD58512-9BD8-40CF-8BFB-7A8F7F072648}.Release|x86.Build.0 = Release|Win32
		{DD3984D8-3DDB-4340-BC8E-BF390C6A9BE3}.Debug|x64.ActiveCfg = Debug|x64
		{DD3984D8-3DDB-4340-BC8E-BF390C6A9BE3}.Debug|x64.Build.0 = Debug|x64
		{DD3984D8-3DDB-4340-BC8E-BF390C6A9BE3}.Debug|x86.ActiveCfg = Debug|Win32
		{DD3984D8-3DDB-4340-BC8E-BF390C6A9BE3}.Debug|x86.Build.0 = Debug|Win32
		{DD3984D8-3DDB-4340-BC8E-BF390C6A9BE3}.Release|x64.ActiveCfg = Release|x64
		{DD3984D8-3DDB-4340-BC8E-BF390C6A9BE3}.Release|x64.Build.0 = Release|x64
		{DD3984D8-3DDB-4340-BC8E-BF390C6A9BE3}.Release|x86.ActiveCfg = Release|Win32
		{DD3984D8-3DDB-4340-BC8E-BF390C6A9BE3}.Release|x86.Build.0 = Release|Win32
		{9F445BA1-81D3-46E2-872F-31FB93639B6E}.Debug|x64.ActiveCfg = Debug|x64
		{9F445BA1-81D3-46E2-872F-31FB93639B6E}.Debug|x64.Build.0 = Debug|x64
		{9F445BA1-81D3-46E2-872F-31FB93639B6E}.Debug|x86.ActiveCfg = Debug|Win32
		{9F445BA1-81D3-46E2-872F-31FB93639B6E}.Debug|x86.Build.0 = Debug|Win32
		{9F445BA1-81D3-46E2-872F-31FB93639B6E}.Release|x64.ActiveCfg = Release|x64
		{9F445BA1-81D3-46E2-872F-31FB93639B6E}.Release|x64.Build.0 = Release|x64
		{9F445BA1-81D3-46E2-872F-31FB93639B6E}.Release|x86.ActiveCfg = Release|Win32
		{9F445BA1-81D3-46E2-872F-31FB93639B6E}.Release|x86.Build.0 = Release|Win32
		{3421A349-D9B5-48C2-B59C-00110755BDA4}.Debug|x64.ActiveCfg = Debug|x64
		{3421A349-D9B5-48C2-B59C-00110755BDA4}.Debug|x64.Build.0 = Debug|x64
		{3421A349-D9B5-48C2-B59C-00110755BDA4}.Debug|x86.ActiveCfg = Debug|Win32
		{3421A349-D9B5-48C2-B59C-00110755BDA4}.Debug|x86.Build.0 = Debug|Win32
		{3421A349-D9B5-48C2-B59C-00110755BDA4}.Release|x64.ActiveCfg = Release|x64
		{3421A349-D9B5-48C2-B59C-00110755BDA4}.Release|x64.Build.0 = Release|x64
		{3421A349-D9B5-48C2-B59C-00110755BDA4}.Release|x86.ActiveCfg = Release|Win32
		{3421A349-D9B5-48C2-B59C-00110755BDA4}.Release|x86.Build.0 = Release|Win32
		{1D8778EE-FFDD-4A80-BC02-3B64BE5CDADA}.Debug|x64.ActiveCfg = Debug|x64
		{1D8778EE-FFDD-4A80-BC02-3B64BE5CDADA}.Debug|x64.Build.0 = Debug|x64
		{1D8778EE-FFDD-4A80-BC02-3B64BE5CDADA}.Debug|x86.ActiveCfg = Debug|Win32
		{1D8778EE-FFDD-4A80-BC02-3B64BE5CDADA}.Debug|x86.Build.0 = Debug|Win32
		{1D8778EE-FFDD-4A80-BC02-3B64BE5CDADA}.Release|x64.ActiveCfg = Release|x64
		{1D8778EE-FFDD-4A80-BC02-3B64BE5CDADA}.Release|x64.Build.0 = Release|x64
		{1D8778EE-FFDD-4A80-BC02-3B64BE5CDADA}.Release|x86.ActiveCfg = Release|Win32
		{1D8778EE-FFDD-4A80-BC02-3B64BE5CDADA}.Release|x86.Build.0 = Release|Win32
		{EF1538A9-8A4D-4BF3-A510-23E6B0C24646}.Debug|x64.ActiveCfg = Debug|x64
		{EF1538A9-8A4D-4BF3-A510-23E6B0C24646}.Debug|x64.Build.0 = Debug|x64
		{EF1538A9-8A4D-4BF3-A510-23E6B0C24646}.Debug|x86.ActiveCfg = Debug|Win32
		{EF1538A9-8A4D-4BF3-A510-23E6B0C24646}.Debug|x86.Build.0 = Debug|Win32
		{EF1538A9-8A4D-4BF3-A510-23E6B0C24646}.Release|x64.ActiveCfg = Release|x64
		{EF1538A9-8A4D-4BF3-A510-23E6B0C24646}.Release|x64.Build.0 = Release|x64
		{EF1538A9-8A4D-4BF3-A510-23E6B0C24646}.Release|x86.ActiveCfg = Release|Win32
		{EF1538A9-8A4D-4BF3-A510-23E6B0C24646}.Release|x86.Build.0 = Release|Win32
		{8EB6B07C-7153-4F94-AFA1-844EA5E577EB}.Debug|x64.ActiveCfg = Debug|x64
		{8EB6B07C-7153-4F94-AFA1-844EA5E577EB}.Debug|x64.Build.0 = Debug|x64
		{8EB6B07C-7153-4F94-AFA1-844EA5E577EB}.Debug|x86.ActiveCfg = Debug|Win32
		{8EB6B07C-7153-4F94-AFA1-844EA5E577EB}.Debug|x86.Build.0 = Debug|Win32
		{8EB6B07C-7153-4F94-AFA1-844EA5E577EB}.Release|x64.ActiveCfg = Release|x64
		{8EB6B07C-7153-4F94-AFA1-844EA5E577EB}.Release|x64.Build.0 = Release|x64
		{8EB6B07C-7153-4F94-AFA1-844EA5E577EB}.Release|x86.ActiveCfg = Release|Win32
		{8EB6B07C-7153-4F94-AFA1-844EA5E577EB}.Release|x86.Build.0 = Release|Win32
		{AAF59EBC-8F55-446F-AEC4-53F616FAE4AA}.Debug|x64.ActiveCfg = Debug|x64
		{AAF59EBC-8F55-446F-AEC4-53F616FAE4AA}.Debug|x64.Build.0 = Debug|x64
		{AAF59EBC-8F55-446F-AEC4-53F616FAE4AA}.Debug|x86.ActiveCfg = Debug|Win32
		{AAF59EBC-8F55-446F-AEC4-53F616FAE4AA}.Debug|x86.Build.0 = Debug|Win32
		{AAF59EBC-8F55-446F-AEC4-53F616FAE4AA}.Release|x64.ActiveCfg = Release|x64
		{AAF59EBC-8F55-446F-AEC4-53F616FAE4AA}.Release|x64.Build.0 = Release|x64
		{AAF59EBC-8F55-446F-AEC4-53F616FAE4AA}.Release|x86.ActiveCfg = Release|Win32
		{AAF59EBC-8F55-446F-AEC4-53F616FAE4AA}.Release|x86.Build.0 = Release|Win32
		{AA094E59-FA78-461B-9CE5-74AA0757D2D7}.Debug|x64.ActiveCfg = Debug|x64
		{AA094E59-FA78-461B-9CE5-74AA0757D2D7}.Debug|x64.Build.0 = Debug|x64
		{AA094E59-FA78-461B-9CE5-74AA0757D2D7}.Debug|x86.ActiveCfg = Debug|Win32
		{AA094E59-FA78-461B-9CE5-74AA0757D2D7}.Debug|x86.Build.0 = Debug|Win32
		{AA094E59-FA78-461B-9CE5-74AA0757D2D7}.Release|x64.ActiveCfg = Release|x64
		{AA094E59-FA78-461B-9CE5-74AA0757D2D7}.Release|x64.Build.0 = Release|x64
		{AA094E59-FA78-461B-9CE5-74AA0757D2D7}.Release|x86.ActiveCfg = Release|Win32
		{AA094E59-FA78-461B-9CE5-74AA0757D2D7}.Release|x86.Build.0 = Release|Win32
		{E8EEFAF2-5627-4F82-9AD3-A94A07B0299D}.Debug|x64.ActiveCfg = Debug|x64
		{E8EEFAF2-5627-4F82-9AD3-A94A07B0299D}.Debug|x64.Build.0 = Debug|x64
		{E8EEFAF2-5627-4F82-9AD3-A94A07B0299D}.Debug|x86.ActiveCfg = Debug|Win32
		{E8EEFAF2-5627-4F82-9AD3-A94A07B0299D}.Debug|x86.Build.0 = Debug|Win32
		{E8EEFAF2-5627-4F82-9AD3-A94A07B0299D}.Release|x64.ActiveCfg = Release|x64
		{E8EEFAF2-5627-4F82-9AD3-A94A07B0299D}.Release|x64.Build.0 = Release|x64
		{E8EEFAF2-5627-4F82-9AD3-A94A07B0299D}.Release|x86.ActiveCfg = Release|Win32
		{E8EEFAF2-5627-4F82-9AD3-A94A07B0299D}.Release|x86.Build.0 = Release|Win32
		{0DA6C598-6072-4E42-8D64-FFA8BD453EBE}.Debug|x64.ActiveCfg = Debug|x64
		{0DA6C598-6072-4E42-8D64-FFA8BD453EBE}.Debug|x64.Build.0 = Debug|x64
		{0DA6C598-6072-4E42-8D64-FFA8BD453EBE}.Debug|x86.ActiveCfg = Debug|Win32
		{0DA6C598-6072-4E42-8D64-FFA8BD453EBE}.Debug|x86.Build.0 = Debug|Win32
		{0DA6C598-6072-4E42-8D64-FFA8BD453EBE}.Release|x64.ActiveCfg = Release|x64
		{0DA6C598-6072-4E42-8D64-FFA8BD453EBE}.Release|x64.Build.0 = Release|x64
		{0DA6C598-6072-4E42-8D64-FFA8BD453EBE}.Release|x86.ActiveCfg = Release|Win32
		{0DA6C598-6072-4E42-8D64-FFA8BD453EBE}.Release|x86.Build.0 = Release|Win32
		{4AB699B5-15A5-443F-A468-DDD4A0CEAA0B}.Debug|x64.ActiveCfg = Debug|x64
		{4AB699B5-15A5-443F-A468-DDD4A0CEAA0B}.Debug|x64.Build.0 = Debug|x64
		{4AB699B5-15A5-443F-A468-DDD4A0CEAA0B}.Debug|x86.ActiveCfg = Debug|Win32
		{4AB699B5-15A5-443F-A468-DDD4A0CEAA0B}.Debug|x86.Build.0 = Debug|Win32
		{4AB699B5-15A5-443F-A468-DDD4A0CEAA0B}.Release|x64.ActiveCfg = Release|x64
		{4AB699B5-15A5-443F-A468-DDD4A0CEAA0B}.Release|x64.Build.0 = Release|x64
		{4AB699B5-15A5-443F-A468-DDD4A0CEAA0B}.Release|x86.ActiveCfg = Release|Win32
		{4AB699B5-15A5-443F-A468-DDD4A0CEAA0B}.Release|x86.Build.0 = Release|Win32
		{614BAAE9-6387-4F8B-82B8-14B564FB3DD2}.Debug|x64.ActiveCfg = Debug|x64
		{614BAAE9-6387-4F8B-82B8-14B564FB3DD2}.Debug|x64.Build.0 = Debug|x64
		{614BAAE9-6387-4F8B-82B8-14B564FB3DD2}.Debug|x86.ActiveCfg = Debug|Win32
		{614BAAE9-6387-4F8B-82B8-14B564FB3DD2}.Debug|x86.Build.0 = Debug|Win32
		{614BAAE9-6387-4F8B-82B8-14B564FB3DD2}.Release|x64.ActiveCfg = Release|x64
		{614BAAE9-6387-4F8B-82B8-14B564FB3DD2}.Release|x64.Build.0 = Release|x64
		{614BAAE9-6387-4F8B-82B8-14B564FB3DD2}.Release|x86.ActiveCfg = Release|Win32
		{614BAAE9-6387-4F8B-82B8-14B564FB3DD2}.Release|x86.Build.0 = Release|Win32
		{AFC9248B-D785-4CFE-993C-0B06208BF7CB}.Debug|x64.ActiveCfg = Debug|x64
		{AFC9248B-D785-4CFE-993C-0B06208BF7CB}.Debug|x64.Build.0 = Debug|x64
		{AFC9248B-D785-4CFE-993C-0B06208BF7CB}.Debug|x86.ActiveCfg = Debug|Win32
		{AFC9248B-D785-4CFE-993C-0B06208BF7CB}.Debug|x86.Build.0 = Debug|Win32
		{AFC9248B-D785-4CFE-993C-0B06208BF7CB}.Release|x64.ActiveCfg = Release|x64
		{AFC9248B-D785-4CFE-993C-0B06208BF7CB}.Release|x64.Build.0 = Release|x64
		{AFC9248B-D785-4CFE-993C-0B06208BF7CB}.Release|x86.ActiveCfg = Release|Win32
		{AFC9248B-D785-4CFE-993C-0B06208BF7CB}.Release|x86.Build.0 = Release|Win32
		{BCAC462C-2263-4C2F-92D9-42DB8D636C01}.Debug|x64.ActiveCfg = Debug|x64
		{BCAC462C-2263-4C2F-92D9-42DB8D636C01}.Debug|x64.Build.0 = Debug|x64
		{BCAC462C-2263-4C2F-92D9-42DB8D636C01}.Debug|x86.ActiveCfg = Debug|Win32
		{BCAC462C-2263-4C2F-92D9-42DB8D636C01}.Debug|x86.Build.0 = Debug|Win32
		{BCAC462C-2263-4C2F-92D9-42DB8D636C01}.Release|x64.ActiveCfg = Release|x64
		{BCAC462C-2263-4C2F-92D9-42DB8D636C01}.Release|x64.Build.0 = Release|x64
		{BCAC462C-2263-4C2F-92D9-42DB8D636C01}.Release|x86.ActiveCfg = Release|Win32
		{BCAC462C-2263-4C2F-92D9-42DB8D636C01}.Release|x86.Build.0 = Release|Win32
		{097E85EB-08B5-4778-B0F1-4B9CE1DBEBDE}.Debug|x64.ActiveCfg = Debug|x64
		{097E85EB-08B5-4778-B0F1-4B9CE1DBEBDE}.Debug|x64.Build.0 = Debug|x64
		{097E85EB-08B5-4778-B0F1-4B9CE1DBEBDE}.Debug|x86.ActiveCfg = Debug|Win32
		{097E85EB-08B5-4778-B0F1-4B9CE1DBEBDE}.Debug|x86.Build.0 = Debug|Win32
		{097E85EB-08B5-4778-B0F1-4B9CE1DBEBDE}.Release|x64.ActiveCfg = Release|x64
		{097E85EB-08B5-4778-B0F1-4B9CE1DBEBDE}.Release|x64.Build.0 = Release|x64
		{097E85EB-08B5-4778-B0F1-4B9CE1DBEBDE}.Release|x86.ActiveCfg = Release|Win32
		{097E85EB-08B5-4778-B0F1-4B9CE1DBEBDE}.Release|x86.Build.0 = Release|Win32
		{46E5A7B6-D06A-4134-8AB2-BAECA286174C}.Debug|x64.ActiveCfg = Debug|x64
		{46E5A7B6-D06A-4134-8AB2-BAECA286174C}.Debug|x64.Build.0 = Debug|x64
		{46E5A7B6-D06A-4134-8AB2-BAECA286174C}.Debug|x86.ActiveCfg = Debug|Win32
		{46E5A7B6-D06A-4134-8AB2-BAECA286174C}.Debug|x86.Build.0 = Debug|Win32
		{46E5A7B6-D06A-4134-8AB2-BAECA286174C}.Release|x64.ActiveCfg = Release|x64
		{46E5A7B6-D06A-4134-8AB2-BAECA286174C}.Release|x64.Build.0 = Release|x64
		{46E5A7B6-D06A-4134-8AB2-BAECA286174C}.Release|x86.ActiveCfg = Release|Win32
		{46E5A7B6-D06A-4134-8AB2-BAECA286174C}.Release|x86.Build.0 = Release|Win32
		{D20A2A68-CDDA-49C5-AA16-7A89FE035BBB}.Debug|x64.ActiveCfg = Debug|x64
		{D20A2A68-CDDA-49C5-AA16-7A89FE035BBB}.Debug|x64.Build.0 = Debug|x64
		{D20A2A68-CDDA-49C5-AA16-7A89FE035BBB}.Debug|x86.ActiveCfg = Debug|Win32
		{D20A2A68-CDDA-49C5-AA16-7A89FE035BBB}.Debug|x86.Build.0 = Debug|Win32
		{D20A2A68-CDDA-49C5-AA16-7A89FE035BBB}.Release|x64.ActiveCfg = Release|x64
		{D20A2A68-CDDA-49C5-AA16-7A89FE035BBB}.Release|x64.Build.0 = Release|x64
		{D20A2A68-CDDA-49C5-AA16-7A89FE035BBB}.Release|x86.ActiveCfg = Release|Win32
		{D20A2A68-CDDA-49C5-AA16-7A89FE035BBB}.Release|x86.Build.0 = Release|Win32
		{C928508C-22E8-4604-9F83-6F03C62F4E36}.Debug|x64.ActiveCfg = Debug|x64
		{C928508C-22E8-4604-9F83-6F03C62F4E36}.Debug|x64.Build.0 = Debug|x64
		{C928508C-22E8-4604-9F83-6F03C62F4E36}.Debug|x86.ActiveCfg = Debug|Win32
		{C928508C-22E8-4604-9F83-6F03C62F4E36}.Debug|x86.Build.0 = Debug|Win32
		{C928508C-22E8-4604-9F83-6F03C62F4E36}.Release|x64.ActiveCfg = Release|x64
		{C928508C-22E8-4604-9F83-6F03C62F4E36}.Release|x64.Build.0 = Release|x64
		{C928508C-22E8-4604-9F83-6F03C62F4E36}.Release|x86.ActiveCfg = Release|Win32
		{C928508C-22E8-4604-9F83-6F03C62F4E36}.Release|x86.Build.0 = Release|Win32
		{0F0D2004-151D-4229-A1D0-6070FDC740B2}.Debug|x64.ActiveCfg = Debug|x64
		{0F0D2004-151D-4229-A1D0-6070FDC740B2}.Debug|x64.Build.0 = Debug|x64
		{0F0D2004-151D-4229-A1D0-6070FDC740B2}.Debug|x86.ActiveCfg = Debug|Win32
		{0F0D2004-151D-4229-A1D0-6070FDC740B2}.Debug|x86.Build.0 = Debug|Win32
		{0F0D2004-151D-4229-A1D0-6070FDC740B2}.Release|x64.ActiveCfg = Release|x64
		{0F0D2004-151D-4229-A1D0-6070FDC740B2}.Release|x64.Build.0 = Release|x64
		{0F0D2004-151D-4229-A1D0-6070FDC740B2}.Release|x86.ActiveCfg = Release|Win32
		{0F0D2004-151D-4229-A1D0-6070FDC740B2}.Release|x86.Build.0 = Release|Win32
		{9BD70811-FE31-4284-9024-326837595B58}.Debug|x64.ActiveCfg = Debug|x64
		{9BD70811-FE31-4284-9024-326837595B58}.Debug|x64.Build.0 = Debug|x64
		{9BD70811-FE31-4284-9024-326837595B58}.Debug|x86.ActiveCfg = Debug|Win32
		{9BD70811-FE31-4284-9024-326837595B58}.Debug|x86.Build.0 = Debug|Win32
		{9BD70811-FE31-4284-9024-326837595B58}.Release|x64.ActiveCfg = Release|x64
		{9BD70811-FE31-4284-9024-326837595B58}.Release|x64.Build.0 = Release|x64
		{9BD70811-FE31-4284-9024-326837595B58}.Release|x86.ActiveCfg = Release|Win32
		{9BD70811-FE31-4284-9024-326837595B58}.Release|x86.Build.0 = Release|Win32
		{783F58E3-C04A-4C8D-8103-A16C2D1E435E}.Debug|x64.ActiveCfg = Debug|x64
		{783F58E3-C04A-4C8D-8103-A16C2D1E435E}.Debug|x64.Build.0 = Debug|x64
		{783F58E3-C04A-4C8D-8103-A16C2D1E435E}.Debug|x86.ActiveCfg = Debug|Win32
		{783F58E3-C04A-4C8D-8103-A16C2D1E435E}.Debug|x86.Build.0 = Debug|Win32
		{783F58E3-C04A-4C8D-8103-A16C2D1E435E}.Release|x64.ActiveCfg = Release|x64
		{783F58E3-C04A-4C8D-8103-A16C2D1E435E}.Release|x64.Build.0 = Release|x64
		{783F58E3-C04A-4C8D-8103-A16C2D1E435E}.Release|x86.ActiveCfg = Release|Win32
		{783F58E3-C04A-4C8D-8103-A16C2D1E435E}.Release|x86.Build.0 = Release|Win32
		{6FD1318C-2668-4EDF-9C43-3856FB7B2F97}.Debug|x64.ActiveCfg = Debug|x64
		{6FD1318C-2668-4EDF-9C43-3856FB7B2F97}.Debug|x64.Build.0 = Debug|x64
		{6FD1318C-2668-4EDF-9C43-3856FB7B2F97}.Debug|x86.ActiveCfg = Debug|Win32
		{6FD1318C-2668-4EDF-9C43-3856FB7B2F97}.Debug|x86.Build.0 = Debug|Win32
		{6FD1318C-2668-4EDF-9C43-3856FB7B2F97}.Release|x64.ActiveCfg = Release|x64
		{6FD1318C-2668-4EDF-9C43-3856FB7B2F97}.Release|x64.Build.0 = Release|x64
		{6FD1318C-2668-4EDF-9C43-3856FB7B2F97}.Release|x86.ActiveCfg = Release|Win32
		{6FD1318C-2668-4EDF-9C43-3856FB7B2F97}.Release|x86.Build.0 = Release|Win32
		{0646ADC9-BC15-44DC-BFAD-66EFA0D9A4AF}.Debug|x64.ActiveCfg = Debug|x64
		{0646ADC9-BC15-44DC-BFAD-66EFA0D9A4AF}.Debug|x64.Build.0 = Debug|x64
		{0646ADC9-BC15-44DC-BFAD-66EFA0D9A4AF}.Debug|x86.ActiveCfg = Debug|Win32
		{0646ADC9-BC15-44DC-BFAD-66EFA0D9A4AF}.Debug|x86.Build.0 = Debug|Win32
		{0646ADC9-BC15-44DC-BFAD-66EFA0D9A4AF}.Release|x64.ActiveCfg = Release|x64
		{0646ADC9-BC15-44DC-BFAD-66EFA0D9A4AF}.Release|x64.Build.0 = Release|x64
		{0646ADC9-BC15-44DC-BFAD-66EFA0D9A4AF}.Release|x86.ActiveCfg = Release|Win32
		{0646ADC9-BC15-44DC-BFAD-66EFA0D9A4AF}.Release|x86.Build.0 = Release|Win32
		{A3A9DD11-807F-4899-A49E-B312901F1100}.Debug|x64.ActiveCfg = Debug|x64
		{A3A9DD11-807F-4899-A49E-B312901F1100}.Debug|x64.Build.0 = Debug|x64
		{A3A9DD11-807F-4899-A49E-B312901F1100}.Debug|x86.ActiveCfg = Debug|Win32
		{A3A9DD11-807F-4899-A49E-B312901F1100}.Debug|x86.Build.0 = Debug|Win32
		{A3A9DD11-807F-4899-A49E-B312901F1100}.Release|x64.ActiveCfg = Release|x64
		{A3A9DD11-807F-4899-A49E-B312901F1100}.Release|x64.Build.0 = Release|x64
		{A3A9DD11-807F-4899-A49E-B312901F1100}.Release|x86.ActiveCfg = Release|Win32
		{A3A9DD11-807F-4899-A49E-B312901F1100}.Release|x86.Build.0 = Release|Win32
		{5C25CBF3-2206-490D-B6D8-68E4C3262069}.Debug|x64.ActiveCfg = Debug|x64
		{5C25CBF3-2206-490D-B6D8-68E4C3262069}.Debug|x64.Build.0 = Debug|x64
		{5C25CBF3-2206-490D-B6D8-68E4C3262069}.Debug|x86.ActiveCfg = Debug|Win32
		{5C25CBF3-2206-490D-B6D8-68E4C3262069}.Debug|x86.Build.0 = Debug|Win32
		{5C25CBF3-2206-490D-B6D8-68E4C3262069}.Release|x64.ActiveCfg = Release|x64
		{5C25CBF3-2206-490D-B6D8-68E4C3262069}.Release|x64.Build.0 = Release|x64
		{5C25CBF3-2206-490D-B6D8-68E4C3262069}.Release|x86.ActiveCfg = Release|Win32
		{5C25CBF3-2206-490D-B6D8-68E4C3262069}.Release|x86.Build.0 = Release|Win32
	EndGlobalSection
	GlobalSection(SolutionProperties) = preSolution
		HideSolutionNode = FALSE
	EndGlobalSection
	GlobalSection(ExtensibilityGlobals) = postSolution
		SolutionGuid = {4373EF14-6C02-44A8-AC9F-CCED94D1602F}
	EndGlobalSection
EndGlobal
