
Microsoft Visual Studio Solution File, Format Version 12.00
# Visual Studio Version 17
VisualStudioVersion = 17.7.34031.279
MinimumVisualStudioVersion = 10.0.40219.1
Project("{8BC9CEB8-8B4A-11D0-8D11-00A0C91BC942}") = "Bai001", "Bai001\Bai001.vcxproj", "{C38808F7-A8B1-413D-9BF4-3B660F4806CB}"
EndProject
Project("{8BC9CEB8-8B4A-11D0-8D11-00A0C91BC942}") = "Bai006", "Bai006\Bai006.vcxproj", "{BDF53E12-2113-478D-A92A-486BCA356C4F}"
EndProject
Project("{8BC9CEB8-8B4A-11D0-8D11-00A0C91BC942}") = "Bai011", "Bai011\Bai011.vcxproj", "{7EFE06C4-55D4-452E-B20F-89F8A752CD20}"
EndProject
Project("{8BC9CEB8-8B4A-11D0-8D11-00A0C91BC942}") = "Bai016", "Bai016\Bai016.vcxproj", "{1CCBAA0A-5D7F-4F0A-ACE2-A82B0EBF14E5}"
EndProject
Global
	GlobalSection(SolutionConfigurationPlatforms) = preSolution
		Debug|x64 = Debug|x64
		Debug|x86 = Debug|x86
		Release|x64 = Release|x64
		Release|x86 = Release|x86
	EndGlobalSection
	GlobalSection(ProjectConfigurationPlatforms) = postSolution
		{C38808F7-A8B1-413D-9BF4-3B660F4806CB}.Debug|x64.ActiveCfg = Debug|x64
		{C38808F7-A8B1-413D-9BF4-3B660F4806CB}.Debug|x64.Build.0 = Debug|x64
		{C38808F7-A8B1-413D-9BF4-3B660F4806CB}.Debug|x86.ActiveCfg = Debug|Win32
		{C38808F7-A8B1-413D-9BF4-3B660F4806CB}.Debug|x86.Build.0 = Debug|Win32
		{C38808F7-A8B1-413D-9BF4-3B660F4806CB}.Release|x64.ActiveCfg = Release|x64
		{C38808F7-A8B1-413D-9BF4-3B660F4806CB}.Release|x64.Build.0 = Release|x64
		{C38808F7-A8B1-413D-9BF4-3B660F4806CB}.Release|x86.ActiveCfg = Release|Win32
		{C38808F7-A8B1-413D-9BF4-3B660F4806CB}.Release|x86.Build.0 = Release|Win32
		{BDF53E12-2113-478D-A92A-486BCA356C4F}.Debug|x64.ActiveCfg = Debug|x64
		{BDF53E12-2113-478D-A92A-486BCA356C4F}.Debug|x64.Build.0 = Debug|x64
		{BDF53E12-2113-478D-A92A-486BCA356C4F}.Debug|x86.ActiveCfg = Debug|Win32
		{BDF53E12-2113-478D-A92A-486BCA356C4F}.Debug|x86.Build.0 = Debug|Win32
		{BDF53E12-2113-478D-A92A-486BCA356C4F}.Release|x64.ActiveCfg = Release|x64
		{BDF53E12-2113-478D-A92A-486BCA356C4F}.Release|x64.Build.0 = Release|x64
		{BDF53E12-2113-478D-A92A-486BCA356C4F}.Release|x86.ActiveCfg = Release|Win32
		{BDF53E12-2113-478D-A92A-486BCA356C4F}.Release|x86.Build.0 = Release|Win32
		{7EFE06C4-55D4-452E-B20F-89F8A752CD20}.Debug|x64.ActiveCfg = Debug|x64
		{7EFE06C4-55D4-452E-B20F-89F8A752CD20}.Debug|x64.Build.0 = Debug|x64
		{7EFE06C4-55D4-452E-B20F-89F8A752CD20}.Debug|x86.ActiveCfg = Debug|Win32
		{7EFE06C4-55D4-452E-B20F-89F8A752CD20}.Debug|x86.Build.0 = Debug|Win32
		{7EFE06C4-55D4-452E-B20F-89F8A752CD20}.Release|x64.ActiveCfg = Release|x64
		{7EFE06C4-55D4-452E-B20F-89F8A752CD20}.Release|x64.Build.0 = Release|x64
		{7EFE06C4-55D4-452E-B20F-89F8A752CD20}.Release|x86.ActiveCfg = Release|Win32
		{7EFE06C4-55D4-452E-B20F-89F8A752CD20}.Release|x86.Build.0 = Release|Win32
		{1CCBAA0A-5D7F-4F0A-ACE2-A82B0EBF14E5}.Debug|x64.ActiveCfg = Debug|x64
		{1CCBAA0A-5D7F-4F0A-ACE2-A82B0EBF14E5}.Debug|x64.Build.0 = Debug|x64
		{1CCBAA0A-5D7F-4F0A-ACE2-A82B0EBF14E5}.Debug|x86.ActiveCfg = Debug|Win32
		{1CCBAA0A-5D7F-4F0A-ACE2-A82B0EBF14E5}.Debug|x86.Build.0 = Debug|Win32
		{1CCBAA0A-5D7F-4F0A-ACE2-A82B0EBF14E5}.Release|x64.ActiveCfg = Release|x64
		{1CCBAA0A-5D7F-4F0A-ACE2-A82B0EBF14E5}.Release|x64.Build.0 = Release|x64
		{1CCBAA0A-5D7F-4F0A-ACE2-A82B0EBF14E5}.Release|x86.ActiveCfg = Release|Win32
		{1CCBAA0A-5D7F-4F0A-ACE2-A82B0EBF14E5}.Release|x86.Build.0 = Release|Win32
	EndGlobalSection
	GlobalSection(SolutionProperties) = preSolution
		HideSolutionNode = FALSE
	EndGlobalSection
	GlobalSection(ExtensibilityGlobals) = postSolution
		SolutionGuid = {B4A53FBA-5B3C-41C0-9D65-627E255BD8A1}
	EndGlobalSection
EndGlobal
